// !$*UTF8*$!
{
	archiveVersion = 1;
	classes = {
	};
	objectVersion = 46;
	objects = {

/* Begin PBXBuildFile section */
		4E3D878D1C08239D0005DC36 /* main.swift in Sources */ = {isa = PBXBuildFile; fileRef = 4E3D878C1C08239D0005DC36 /* main.swift */; };
		4E3D87941C0823C90005DC36 /* Boss.swift in Sources */ = {isa = PBXBuildFile; fileRef = 4E3D87931C0823C90005DC36 /* Boss.swift */; };
		4E3D87961C0824280005DC36 /* Worker.swift in Sources */ = {isa = PBXBuildFile; fileRef = 4E3D87951C0824280005DC36 /* Worker.swift */; };
		4E3D87981C0825AF0005DC36 /* Student.swift in Sources */ = {isa = PBXBuildFile; fileRef = 4E3D87971C0825AF0005DC36 /* Student.swift */; };
/* End PBXBuildFile section */

/* Begin PBXCopyFilesBuildPhase section */
		4E3D87871C08239D0005DC36 /* CopyFiles */ = {
			isa = PBXCopyFilesBuildPhase;
			buildActionMask = 2147483647;
			dstPath = /usr/share/man/man1/;
			dstSubfolderSpec = 0;
			files = (
			);
			runOnlyForDeploymentPostprocessing = 1;
		};
/* End PBXCopyFilesBuildPhase section */

/* Begin PBXFileReference section */
		4E3D87891C08239D0005DC36 /* TestProtocol */ = {isa = PBXFileReference; explicitFileType = "compiled.mach-o.executable"; includeInIndex = 0; path = TestProtocol; sourceTree = BUILT_PRODUCTS_DIR; };
		4E3D878C1C08239D0005DC36 /* main.swift */ = {isa = PBXFileReference; lastKnownFileType = sourcecode.swift; path = main.swift; sourceTree = "<group>"; };
		4E3D87931C0823C90005DC36 /* Boss.swift */ = {isa = PBXFileReference; fileEncoding = 4; lastKnownFileType = sourcecode.swift; path = Boss.swift; sourceTree = "<group>"; };
		4E3D87951C0824280005DC36 /* Worker.swift */ = {isa = PBXFileReference; fileEncoding = 4; lastKnownFileType = sourcecode.swift; path = Worker.swift; sourceTree = "<group>"; };
		4E3D87971C0825AF0005DC36 /* Student.swift */ = {isa = PBXFileReference; fileEncoding = 4; lastKnownFileType = sourcecode.swift; path = Student.swift; sourceTree = "<group>"; };
/* End PBXFileReference section */

/* Begin PBXFrameworksBuildPhase section */
		4E3D87861C08239D0005DC36 /* Frameworks */ = {
			isa = PBXFrameworksBuildPhase;
			buildActionMask = 2147483647;
			files = (
			);
			runOnlyForDeploymentPostprocessing = 0;
		};
/* End PBXFrameworksBuildPhase section */

/* Begin PBXGroup section */
		4E3D87801C08239D0005DC36 = {
			isa = PBXGroup;
			children = (
				4E3D878B1C08239D0005DC36 /* TestProtocol */,
				4E3D878A1C08239D0005DC36 /* Products */,
			);
			sourceTree = "<group>";
		};
		4E3D878A1C08239D0005DC36 /* Products */ = {
			isa = PBXGroup;
			children = (
				4E3D87891C08239D0005DC36 /* TestProtocol */,
			);
			name = Products;
			sourceTree = "<group>";
		};
		4E3D878B1C08239D0005DC36 /* TestProtocol */ = {
			isa = PBXGroup;
			children = (
				4E3D878C1C08239D0005DC36 /* main.swift */,
				4E3D87931C0823C90005DC36 /* Boss.swift */,
				4E3D87951C0824280005DC36 /* Worker.swift */,
				4E3D87971C0825AF0005DC36 /* Student.swift */,
			);
			path = TestProtocol;
			sourceTree = "<group>";
		};
/* End PBXGroup section */

/* Begin PBXNativeTarget section */
		4E3D87881C08239D0005DC36 /* TestProtocol */ = {
			isa = PBXNativeTarget;
			buildConfigurationList = 4E3D87901C08239D0005DC36 /* Build configuration list for PBXNativeTarget "TestProtocol" */;
			buildPhases = (
				4E3D87851C08239D0005DC36 /* Sources */,
				4E3D87861C08239D0005DC36 /* Frameworks */,
				4E3D87871C08239D0005DC36 /* CopyFiles */,
			);
			buildRules = (
			);
			dependencies = (
			);
			name = TestProtocol;
			productName = TestProtocol;
			productReference = 4E3D87891C08239D0005DC36 /* TestProtocol */;
			productType = "com.apple.product-type.tool";
		};
/* End PBXNativeTarget section */

/* Begin PBXProject section */
		4E3D87811C08239D0005DC36 /* Project object */ = {
			isa = PBXProject;
			attributes = {
				LastSwiftUpdateCheck = 0710;
				LastUpgradeCheck = 0710;
				ORGANIZATIONNAME = apple;
				TargetAttributes = {
					4E3D87881C08239D0005DC36 = {
						CreatedOnToolsVersion = 7.1.1;
					};
				};
			};
			buildConfigurationList = 4E3D87841C08239D0005DC36 /* Build configuration list for PBXProject "TestProtocol" */;
			compatibilityVersion = "Xcode 3.2";
			developmentRegion = English;
			hasScannedForEncodings = 0;
			knownRegions = (
				en,
			);
			mainGroup = 4E3D87801C08239D0005DC36;
			productRefGroup = 4E3D878A1C08239D0005DC36 /* Products */;
			projectDirPath = "";
			projectRoot = "";
			targets = (
				4E3D87881C08239D0005DC36 /* TestProtocol */,
			);
		};
/* End PBXProject section */

/* Begin PBXSourcesBuildPhase section */
		4E3D87851C08239D0005DC36 /* Sources */ = {
			isa = PBXSourcesBuildPhase;
			buildActionMask = 2147483647;
			files = (
				4E3D87941C0823C90005DC36 /* Boss.swift in Sources */,
				4E3D87961C0824280005DC36 /* Worker.swift in Sources */,
				4E3D878D1C08239D0005DC36 /* main.swift in Sources */,
				4E3D87981C0825AF0005DC36 /* Student.swift in Sources */,
			);
			runOnlyForDeploymentPostprocessing = 0;
		};
/* End PBXSourcesBuildPhase section */

/* Begin XCBuildConfiguration section */
		4E3D878E1C08239D0005DC36 /* Debug */ = {
			isa = XCBuildConfiguration;
			buildSettings = {
				ALWAYS_SEARCH_USER_PATHS = NO;
				CLANG_CXX_LANGUAGE_STANDARD = "gnu++0x";
				CLANG_CXX_LIBRARY = "libc++";
				CLANG_ENABLE_MODULES = YES;
				CLANG_ENABLE_OBJC_ARC = YES;
				CLANG_WARN_BOOL_CONVERSION = YES;
				CLANG_WARN_CONSTANT_CONVERSION = YES;
				CLANG_WARN_DIRECT_OBJC_ISA_USAGE = YES_ERROR;
				CLANG_WARN_EMPTY_BODY = YES;
				CLANG_WARN_ENUM_CONVERSION = YES;
				CLANG_WARN_INT_CONVERSION = YES;
				CLANG_WARN_OBJC_ROOT_CLASS = YES_ERROR;
				CLANG_WARN_UNREACHABLE_CODE = YES;
				CLANG_WARN__DUPLICATE_METHOD_MATCH = YES;
				CODE_SIGN_IDENTITY = "-";
				COPY_PHASE_STRIP = NO;
				DEBUG_INFORMATION_FORMAT = dwarf;
				ENABLE_STRICT_OBJC_MSGSEND = YES;
				ENABLE_TESTABILITY = YES;
				GCC_C_LANGUAGE_STANDARD = gnu99;
				GCC_DYNAMIC_NO_PIC = NO;
				GCC_NO_COMMON_BLOCKS = YES;
				GCC_OPTIMIZATION_LEVEL = 0;
				GCC_PREPROCESSOR_DEFINITIONS = (
					"DEBUG=1",
					"$(inherited)",
				);
				GCC_WARN_64_TO_32_BIT_CONVERSION = YES;
				GCC_WARN_ABOUT_RETURN_TYPE = YES_ERROR;
				GCC_WARN_UNDECLARED_SELECTOR = YES;
				GCC_WARN_UNINITIALIZED_AUTOS = YES_AGGRESSIVE;
				GCC_WARN_UNUSED_FUNCTION = YES;
				GCC_WARN_UNUSED_VARIABLE = YES;
				MACOSX_DEPLOYMENT_TARGET = 10.11;
				MTL_ENABLE_DEBUG_INFO = YES;
				ONLY_ACTIVE_ARCH = YES;
				SDKROOT = macosx;
				SWIFT_OPTIMIZATION_LEVEL = "-Onone";
			};
			name = Debug;
		};
		4E3D878F1C08239D0005DC36 /* Release */ = {
			isa = XCBuildConfiguration;
			buildSettings = {
				ALWAYS_SEARCH_USER_PATHS = NO;
				CLANG_CXX_LANGUAGE_STANDARD = "gnu++0x";
				CLANG_CXX_LIBRARY = "libc++";
				CLANG_ENABLE_MODULES = YES;
				CLANG_ENABLE_OBJC_ARC = YES;
				CLANG_WARN_BOOL_CONVERSION = YES;
				CLANG_WARN_CONSTANT_CONVERSION = YES;
				CLANG_WARN_DIRECT_OBJC_ISA_USAGE = YES_ERROR;
				CLANG_WARN_EMPTY_BODY = YES;
				CLANG_WARN_ENUM_CONVERSION = YES;
				CLANG_WARN_INT_CONVERSION = YES;
				CLANG_WARN_OBJC_ROOT_CLASS = YES_ERROR;
				CLANG_WARN_UNREACHABLE_CODE = YES;
				CLANG_WARN__DUPLICATE_METHOD_MATCH = YES;
				CODE_SIGN_IDENTITY = "-";
				COPY_PHASE_STRIP = NO;
				DEBUG_INFORMATION_FORMAT = "dwarf-with-dsym";
				ENABLE_NS_ASSERTIONS = NO;
				ENABLE_STRICT_OBJC_MSGSEND = YES;
				GCC_C_LANGUAGE_STANDARD = gnu99;
				GCC_NO_COMMON_BLOCKS = YES;
				GCC_WARN_64_TO_32_BIT_CONVERSION = YES;
				GCC_WARN_ABOUT_RETURN_TYPE = YES_ERROR;
				GCC_WARN_UNDECLARED_SELECTOR = YES;
				GCC_WARN_UNINITIALIZED_AUTOS = YES_AGGRESSIVE;
				GCC_WARN_UNUSED_FUNCTION = YES;
				GCC_WARN_UNUSED_VARIABLE = YES;
				MACOSX_DEPLOYMENT_TARGET = 10.11;
				MTL_ENABLE_DEBUG_INFO = NO;
				SDKROOT = macosx;
			};
			name = Release;
		};
		4E3D87911C08239D0005DC36 /* Debug */ = {
			isa = XCBuildConfiguration;
			buildSettings = {
				PRODUCT_NAME = "$(TARGET_NAME)";
			};
			name = Debug;
		};
		4E3D87921C08239D0005DC36 /* Release */ = {
			isa = XCBuildConfiguration;
			buildSettings = {
				PRODUCT_NAME = "$(TARGET_NAME)";
			};
			name = Release;
		};
/* End XCBuildConfiguration section */

/* Begin XCConfigurationList section */
		4E3D87841C08239D0005DC36 /* Build configuration list for PBXProject "TestProtocol" */ = {
			isa = XCConfigurationList;
			buildConfigurations = (
				4E3D878E1C08239D0005DC36 /* Debug */,
				4E3D878F1C08239D0005DC36 /* Release */,
			);
			defaultConfigurationIsVisible = 0;
			defaultConfigurationName = Release;
		};
		4E3D87901C08239D0005DC36 /* Build configuration list for PBXNativeTarget "TestProtocol" */ = {
			isa = XCConfigurationList;
			buildConfigurations = (
				4E3D87911C08239D0005DC36 /* Debug */,
				4E3D87921C08239D0005DC36 /* Release */,
			);
			defaultConfigurationIsVisible = 0;
		};
/* End XCConfigurationList section */
	};
	rootObject = 4E3D87811C08239D0005DC36 /* Project object */;
}
