// !$*UTF8*$!
{
	archiveVersion = 1;
	classes = {
	};
	objectVersion = 46;
	objects = {

/* Begin PBXBuildFile section */
		4E18EC8E1C2D215E0079A1EA /* AppDelegate.swift in Sources */ = {isa = PBXBuildFile; fileRef = 4E18EC8D1C2D215E0079A1EA /* AppDelegate.swift */; };
		4E18EC901C2D215E0079A1EA /* ViewController.swift in Sources */ = {isa = PBXBuildFile; fileRef = 4E18EC8F1C2D215E0079A1EA /* ViewController.swift */; };
		4E18EC931C2D215E0079A1EA /* Main.storyboard in Resources */ = {isa = PBXBuildFile; fileRef = 4E18EC911C2D215E0079A1EA /* Main.storyboard */; };
		4E18EC951C2D215E0079A1EA /* Assets.xcassets in Resources */ = {isa = PBXBuildFile; fileRef = 4E18EC941C2D215E0079A1EA /* Assets.xcassets */; };
		4E18EC981C2D215E0079A1EA /* LaunchScreen.storyboard in Resources */ = {isa = PBXBuildFile; fileRef = 4E18EC961C2D215E0079A1EA /* LaunchScreen.storyboard */; };
		4E18ECA31C2D215F0079A1EA /* TestTableViewDeleteTests.swift in Sources */ = {isa = PBXBuildFile; fileRef = 4E18ECA21C2D215F0079A1EA /* TestTableViewDeleteTests.swift */; };
		4E18ECAE1C2D215F0079A1EA /* TestTableViewDeleteUITests.swift in Sources */ = {isa = PBXBuildFile; fileRef = 4E18ECAD1C2D215F0079A1EA /* TestTableViewDeleteUITests.swift */; };
/* End PBXBuildFile section */

/* Begin PBXContainerItemProxy section */
		4E18EC9F1C2D215F0079A1EA /* PBXContainerItemProxy */ = {
			isa = PBXContainerItemProxy;
			containerPortal = 4E18EC821C2D215E0079A1EA /* Project object */;
			proxyType = 1;
			remoteGlobalIDString = 4E18EC891C2D215E0079A1EA;
			remoteInfo = TestTableViewDelete;
		};
		4E18ECAA1C2D215F0079A1EA /* PBXContainerItemProxy */ = {
			isa = PBXContainerItemProxy;
			containerPortal = 4E18EC821C2D215E0079A1EA /* Project object */;
			proxyType = 1;
			remoteGlobalIDString = 4E18EC891C2D215E0079A1EA;
			remoteInfo = TestTableViewDelete;
		};
/* End PBXContainerItemProxy section */

/* Begin PBXFileReference section */
		4E18EC8A1C2D215E0079A1EA /* TestTableViewDelete.app */ = {isa = PBXFileReference; explicitFileType = wrapper.application; includeInIndex = 0; path = TestTableViewDelete.app; sourceTree = BUILT_PRODUCTS_DIR; };
		4E18EC8D1C2D215E0079A1EA /* AppDelegate.swift */ = {isa = PBXFileReference; lastKnownFileType = sourcecode.swift; path = AppDelegate.swift; sourceTree = "<group>"; };
		4E18EC8F1C2D215E0079A1EA /* ViewController.swift */ = {isa = PBXFileReference; lastKnownFileType = sourcecode.swift; path = ViewController.swift; sourceTree = "<group>"; };
		4E18EC921C2D215E0079A1EA /* Base */ = {isa = PBXFileReference; lastKnownFileType = file.storyboard; name = Base; path = Base.lproj/Main.storyboard; sourceTree = "<group>"; };
		4E18EC941C2D215E0079A1EA /* Assets.xcassets */ = {isa = PBXFileReference; lastKnownFileType = folder.assetcatalog; path = Assets.xcassets; sourceTree = "<group>"; };
		4E18EC971C2D215E0079A1EA /* Base */ = {isa = PBXFileReference; lastKnownFileType = file.storyboard; name = Base; path = Base.lproj/LaunchScreen.storyboard; sourceTree = "<group>"; };
		4E18EC991C2D215E0079A1EA /* Info.plist */ = {isa = PBXFileReference; lastKnownFileType = text.plist.xml; path = Info.plist; sourceTree = "<group>"; };
		4E18EC9E1C2D215F0079A1EA /* TestTableViewDeleteTests.xctest */ = {isa = PBXFileReference; explicitFileType = wrapper.cfbundle; includeInIndex = 0; path = TestTableViewDeleteTests.xctest; sourceTree = BUILT_PRODUCTS_DIR; };
		4E18ECA21C2D215F0079A1EA /* TestTableViewDeleteTests.swift */ = {isa = PBXFileReference; lastKnownFileType = sourcecode.swift; path = TestTableViewDeleteTests.swift; sourceTree = "<group>"; };
		4E18ECA41C2D215F0079A1EA /* Info.plist */ = {isa = PBXFileReference; lastKnownFileType = text.plist.xml; path = Info.plist; sourceTree = "<group>"; };
		4E18ECA91C2D215F0079A1EA /* TestTableViewDeleteUITests.xctest */ = {isa = PBXFileReference; explicitFileType = wrapper.cfbundle; includeInIndex = 0; path = TestTableViewDeleteUITests.xctest; sourceTree = BUILT_PRODUCTS_DIR; };
		4E18ECAD1C2D215F0079A1EA /* TestTableViewDeleteUITests.swift */ = {isa = PBXFileReference; lastKnownFileType = sourcecode.swift; path = TestTableViewDeleteUITests.swift; sourceTree = "<group>"; };
		4E18ECAF1C2D215F0079A1EA /* Info.plist */ = {isa = PBXFileReference; lastKnownFileType = text.plist.xml; path = Info.plist; sourceTree = "<group>"; };
/* End PBXFileReference section */

/* Begin PBXFrameworksBuildPhase section */
		4E18EC871C2D215E0079A1EA /* Frameworks */ = {
			isa = PBXFrameworksBuildPhase;
			buildActionMask = 2147483647;
			files = (
			);
			runOnlyForDeploymentPostprocessing = 0;
		};
		4E18EC9B1C2D215F0079A1EA /* Frameworks */ = {
			isa = PBXFrameworksBuildPhase;
			buildActionMask = 2147483647;
			files = (
			);
			runOnlyForDeploymentPostprocessing = 0;
		};
		4E18ECA61C2D215F0079A1EA /* Frameworks */ = {
			isa = PBXFrameworksBuildPhase;
			buildActionMask = 2147483647;
			files = (
			);
			runOnlyForDeploymentPostprocessing = 0;
		};
/* End PBXFrameworksBuildPhase section */

/* Begin PBXGroup section */
		4E18EC811C2D215E0079A1EA = {
			isa = PBXGroup;
			children = (
				4E18EC8C1C2D215E0079A1EA /* TestTableViewDelete */,
				4E18ECA11C2D215F0079A1EA /* TestTableViewDeleteTests */,
				4E18ECAC1C2D215F0079A1EA /* TestTableViewDeleteUITests */,
				4E18EC8B1C2D215E0079A1EA /* Products */,
			);
			sourceTree = "<group>";
		};
		4E18EC8B1C2D215E0079A1EA /* Products */ = {
			isa = PBXGroup;
			children = (
				4E18EC8A1C2D215E0079A1EA /* TestTableViewDelete.app */,
				4E18EC9E1C2D215F0079A1EA /* TestTableViewDeleteTests.xctest */,
				4E18ECA91C2D215F0079A1EA /* TestTableViewDeleteUITests.xctest */,
			);
			name = Products;
			sourceTree = "<group>";
		};
		4E18EC8C1C2D215E0079A1EA /* TestTableViewDelete */ = {
			isa = PBXGroup;
			children = (
				4E18EC8D1C2D215E0079A1EA /* AppDelegate.swift */,
				4E18EC8F1C2D215E0079A1EA /* ViewController.swift */,
				4E18EC911C2D215E0079A1EA /* Main.storyboard */,
				4E18EC941C2D215E0079A1EA /* Assets.xcassets */,
				4E18EC961C2D215E0079A1EA /* LaunchScreen.storyboard */,
				4E18EC991C2D215E0079A1EA /* Info.plist */,
			);
			path = TestTableViewDelete;
			sourceTree = "<group>";
		};
		4E18ECA11C2D215F0079A1EA /* TestTableViewDeleteTests */ = {
			isa = PBXGroup;
			children = (
				4E18ECA21C2D215F0079A1EA /* TestTableViewDeleteTests.swift */,
				4E18ECA41C2D215F0079A1EA /* Info.plist */,
			);
			path = TestTableViewDeleteTests;
			sourceTree = "<group>";
		};
		4E18ECAC1C2D215F0079A1EA /* TestTableViewDeleteUITests */ = {
			isa = PBXGroup;
			children = (
				4E18ECAD1C2D215F0079A1EA /* TestTableViewDeleteUITests.swift */,
				4E18ECAF1C2D215F0079A1EA /* Info.plist */,
			);
			path = TestTableViewDeleteUITests;
			sourceTree = "<group>";
		};
/* End PBXGroup section */

/* Begin PBXNativeTarget section */
		4E18EC891C2D215E0079A1EA /* TestTableViewDelete */ = {
			isa = PBXNativeTarget;
			buildConfigurationList = 4E18ECB21C2D215F0079A1EA /* Build configuration list for PBXNativeTarget "TestTableViewDelete" */;
			buildPhases = (
				4E18EC861C2D215E0079A1EA /* Sources */,
				4E18EC871C2D215E0079A1EA /* Frameworks */,
				4E18EC881C2D215E0079A1EA /* Resources */,
			);
			buildRules = (
			);
			dependencies = (
			);
			name = TestTableViewDelete;
			productName = TestTableViewDelete;
			productReference = 4E18EC8A1C2D215E0079A1EA /* TestTableViewDelete.app */;
			productType = "com.apple.product-type.application";
		};
		4E18EC9D1C2D215F0079A1EA /* TestTableViewDeleteTests */ = {
			isa = PBXNativeTarget;
			buildConfigurationList = 4E18ECB51C2D215F0079A1EA /* Build configuration list for PBXNativeTarget "TestTableViewDeleteTests" */;
			buildPhases = (
				4E18EC9A1C2D215F0079A1EA /* Sources */,
				4E18EC9B1C2D215F0079A1EA /* Frameworks */,
				4E18EC9C1C2D215F0079A1EA /* Resources */,
			);
			buildRules = (
			);
			dependencies = (
				4E18ECA01C2D215F0079A1EA /* PBXTargetDependency */,
			);
			name = TestTableViewDeleteTests;
			productName = TestTableViewDeleteTests;
			productReference = 4E18EC9E1C2D215F0079A1EA /* TestTableViewDeleteTests.xctest */;
			productType = "com.apple.product-type.bundle.unit-test";
		};
		4E18ECA81C2D215F0079A1EA /* TestTableViewDeleteUITests */ = {
			isa = PBXNativeTarget;
			buildConfigurationList = 4E18ECB81C2D215F0079A1EA /* Build configuration list for PBXNativeTarget "TestTableViewDeleteUITests" */;
			buildPhases = (
				4E18ECA51C2D215F0079A1EA /* Sources */,
				4E18ECA61C2D215F0079A1EA /* Frameworks */,
				4E18ECA71C2D215F0079A1EA /* Resources */,
			);
			buildRules = (
			);
			dependencies = (
				4E18ECAB1C2D215F0079A1EA /* PBXTargetDependency */,
			);
			name = TestTableViewDeleteUITests;
			productName = TestTableViewDeleteUITests;
			productReference = 4E18ECA91C2D215F0079A1EA /* TestTableViewDeleteUITests.xctest */;
			productType = "com.apple.product-type.bundle.ui-testing";
		};
/* End PBXNativeTarget section */

/* Begin PBXProject section */
		4E18EC821C2D215E0079A1EA /* Project object */ = {
			isa = PBXProject;
			attributes = {
				LastSwiftUpdateCheck = 0720;
				LastUpgradeCheck = 0720;
				ORGANIZATIONNAME = apple;
				TargetAttributes = {
					4E18EC891C2D215E0079A1EA = {
						CreatedOnToolsVersion = 7.2;
					};
					4E18EC9D1C2D215F0079A1EA = {
						CreatedOnToolsVersion = 7.2;
						TestTargetID = 4E18EC891C2D215E0079A1EA;
					};
					4E18ECA81C2D215F0079A1EA = {
						CreatedOnToolsVersion = 7.2;
						TestTargetID = 4E18EC891C2D215E0079A1EA;
					};
				};
			};
			buildConfigurationList = 4E18EC851C2D215E0079A1EA /* Build configuration list for PBXProject "TestTableViewDelete" */;
			compatibilityVersion = "Xcode 3.2";
			developmentRegion = English;
			hasScannedForEncodings = 0;
			knownRegions = (
				en,
				Base,
			);
			mainGroup = 4E18EC811C2D215E0079A1EA;
			productRefGroup = 4E18EC8B1C2D215E0079A1EA /* Products */;
			projectDirPath = "";
			projectRoot = "";
			targets = (
				4E18EC891C2D215E0079A1EA /* TestTableViewDelete */,
				4E18EC9D1C2D215F0079A1EA /* TestTableViewDeleteTests */,
				4E18ECA81C2D215F0079A1EA /* TestTableViewDeleteUITests */,
			);
		};
/* End PBXProject section */

/* Begin PBXResourcesBuildPhase section */
		4E18EC881C2D215E0079A1EA /* Resources */ = {
			isa = PBXResourcesBuildPhase;
			buildActionMask = 2147483647;
			files = (
				4E18EC981C2D215E0079A1EA /* LaunchScreen.storyboard in Resources */,
				4E18EC951C2D215E0079A1EA /* Assets.xcassets in Resources */,
				4E18EC931C2D215E0079A1EA /* Main.storyboard in Resources */,
			);
			runOnlyForDeploymentPostprocessing = 0;
		};
		4E18EC9C1C2D215F0079A1EA /* Resources */ = {
			isa = PBXResourcesBuildPhase;
			buildActionMask = 2147483647;
			files = (
			);
			runOnlyForDeploymentPostprocessing = 0;
		};
		4E18ECA71C2D215F0079A1EA /* Resources */ = {
			isa = PBXResourcesBuildPhase;
			buildActionMask = 2147483647;
			files = (
			);
			runOnlyForDeploymentPostprocessing = 0;
		};
/* End PBXResourcesBuildPhase section */

/* Begin PBXSourcesBuildPhase section */
		4E18EC861C2D215E0079A1EA /* Sources */ = {
			isa = PBXSourcesBuildPhase;
			buildActionMask = 2147483647;
			files = (
				4E18EC901C2D215E0079A1EA /* ViewController.swift in Sources */,
				4E18EC8E1C2D215E0079A1EA /* AppDelegate.swift in Sources */,
			);
			runOnlyForDeploymentPostprocessing = 0;
		};
		4E18EC9A1C2D215F0079A1EA /* Sources */ = {
			isa = PBXSourcesBuildPhase;
			buildActionMask = 2147483647;
			files = (
				4E18ECA31C2D215F0079A1EA /* TestTableViewDeleteTests.swift in Sources */,
			);
			runOnlyForDeploymentPostprocessing = 0;
		};
		4E18ECA51C2D215F0079A1EA /* Sources */ = {
			isa = PBXSourcesBuildPhase;
			buildActionMask = 2147483647;
			files = (
				4E18ECAE1C2D215F0079A1EA /* TestTableViewDeleteUITests.swift in Sources */,
			);
			runOnlyForDeploymentPostprocessing = 0;
		};
/* End PBXSourcesBuildPhase section */

/* Begin PBXTargetDependency section */
		4E18ECA01C2D215F0079A1EA /* PBXTargetDependency */ = {
			isa = PBXTargetDependency;
			target = 4E18EC891C2D215E0079A1EA /* TestTableViewDelete */;
			targetProxy = 4E18EC9F1C2D215F0079A1EA /* PBXContainerItemProxy */;
		};
		4E18ECAB1C2D215F0079A1EA /* PBXTargetDependency */ = {
			isa = PBXTargetDependency;
			target = 4E18EC891C2D215E0079A1EA /* TestTableViewDelete */;
			targetProxy = 4E18ECAA1C2D215F0079A1EA /* PBXContainerItemProxy */;
		};
/* End PBXTargetDependency section */

/* Begin PBXVariantGroup section */
		4E18EC911C2D215E0079A1EA /* Main.storyboard */ = {
			isa = PBXVariantGroup;
			children = (
				4E18EC921C2D215E0079A1EA /* Base */,
			);
			name = Main.storyboard;
			sourceTree = "<group>";
		};
		4E18EC961C2D215E0079A1EA /* LaunchScreen.storyboard */ = {
			isa = PBXVariantGroup;
			children = (
				4E18EC971C2D215E0079A1EA /* Base */,
			);
			name = LaunchScreen.storyboard;
			sourceTree = "<group>";
		};
/* End PBXVariantGroup section */

/* Begin XCBuildConfiguration section */
		4E18ECB01C2D215F0079A1EA /* Debug */ = {
			isa = XCBuildConfiguration;
			buildSettings = {
				ALWAYS_SEARCH_USER_PATHS = NO;
				CLANG_CXX_LANGUAGE_STANDARD = "gnu++0x";
				CLANG_CXX_LIBRARY = "libc++";
				CLANG_ENABLE_MODULES = YES;
				CLANG_ENABLE_OBJC_ARC = YES;
				CLANG_WARN_BOOL_CONVERSION = YES;
				CLANG_WARN_CONSTANT_CONVERSION = YES;
				CLANG_WARN_DIRECT_OBJC_ISA_USAGE = YES_ERROR;
				CLANG_WARN_EMPTY_BODY = YES;
				CLANG_WARN_ENUM_CONVERSION = YES;
				CLANG_WARN_INT_CONVERSION = YES;
				CLANG_WARN_OBJC_ROOT_CLASS = YES_ERROR;
				CLANG_WARN_UNREACHABLE_CODE = YES;
				CLANG_WARN__DUPLICATE_METHOD_MATCH = YES;
				"CODE_SIGN_IDENTITY[sdk=iphoneos*]" = "iPhone Developer";
				COPY_PHASE_STRIP = NO;
				DEBUG_INFORMATION_FORMAT = dwarf;
				ENABLE_STRICT_OBJC_MSGSEND = YES;
				ENABLE_TESTABILITY = YES;
				GCC_C_LANGUAGE_STANDARD = gnu99;
				GCC_DYNAMIC_NO_PIC = NO;
				GCC_NO_COMMON_BLOCKS = YES;
				GCC_OPTIMIZATION_LEVEL = 0;
				GCC_PREPROCESSOR_DEFINITIONS = (
					"DEBUG=1",
					"$(inherited)",
				);
				GCC_WARN_64_TO_32_BIT_CONVERSION = YES;
				GCC_WARN_ABOUT_RETURN_TYPE = YES_ERROR;
				GCC_WARN_UNDECLARED_SELECTOR = YES;
				GCC_WARN_UNINITIALIZED_AUTOS = YES_AGGRESSIVE;
				GCC_WARN_UNUSED_FUNCTION = YES;
				GCC_WARN_UNUSED_VARIABLE = YES;
				IPHONEOS_DEPLOYMENT_TARGET = 9.2;
				MTL_ENABLE_DEBUG_INFO = YES;
				ONLY_ACTIVE_ARCH = YES;
				SDKROOT = iphoneos;
				SWIFT_OPTIMIZATION_LEVEL = "-Onone";
			};
			name = Debug;
		};
		4E18ECB11C2D215F0079A1EA /* Release */ = {
			isa = XCBuildConfiguration;
			buildSettings = {
				ALWAYS_SEARCH_USER_PATHS = NO;
				CLANG_CXX_LANGUAGE_STANDARD = "gnu++0x";
				CLANG_CXX_LIBRARY = "libc++";
				CLANG_ENABLE_MODULES = YES;
				CLANG_ENABLE_OBJC_ARC = YES;
				CLANG_WARN_BOOL_CONVERSION = YES;
				CLANG_WARN_CONSTANT_CONVERSION = YES;
				CLANG_WARN_DIRECT_OBJC_ISA_USAGE = YES_ERROR;
				CLANG_WARN_EMPTY_BODY = YES;
				CLANG_WARN_ENUM_CONVERSION = YES;
				CLANG_WARN_INT_CONVERSION = YES;
				CLANG_WARN_OBJC_ROOT_CLASS = YES_ERROR;
				CLANG_WARN_UNREACHABLE_CODE = YES;
				CLANG_WARN__DUPLICATE_METHOD_MATCH = YES;
				"CODE_SIGN_IDENTITY[sdk=iphoneos*]" = "iPhone Developer";
				COPY_PHASE_STRIP = NO;
				DEBUG_INFORMATION_FORMAT = "dwarf-with-dsym";
				ENABLE_NS_ASSERTIONS = NO;
				ENABLE_STRICT_OBJC_MSGSEND = YES;
				GCC_C_LANGUAGE_STANDARD = gnu99;
				GCC_NO_COMMON_BLOCKS = YES;
				GCC_WARN_64_TO_32_BIT_CONVERSION = YES;
				GCC_WARN_ABOUT_RETURN_TYPE = YES_ERROR;
				GCC_WARN_UNDECLARED_SELECTOR = YES;
				GCC_WARN_UNINITIALIZED_AUTOS = YES_AGGRESSIVE;
				GCC_WARN_UNUSED_FUNCTION = YES;
				GCC_WARN_UNUSED_VARIABLE = YES;
				IPHONEOS_DEPLOYMENT_TARGET = 9.2;
				MTL_ENABLE_DEBUG_INFO = NO;
				SDKROOT = iphoneos;
				VALIDATE_PRODUCT = YES;
			};
			name = Release;
		};
		4E18ECB31C2D215F0079A1EA /* Debug */ = {
			isa = XCBuildConfiguration;
			buildSettings = {
				ASSETCATALOG_COMPILER_APPICON_NAME = AppIcon;
				INFOPLIST_FILE = TestTableViewDelete/Info.plist;
				LD_RUNPATH_SEARCH_PATHS = "$(inherited) @executable_path/Frameworks";
				PRODUCT_BUNDLE_IDENTIFIER = com.apple.TestTableViewDelete;
				PRODUCT_NAME = "$(TARGET_NAME)";
			};
			name = Debug;
		};
		4E18ECB41C2D215F0079A1EA /* Release */ = {
			isa = XCBuildConfiguration;
			buildSettings = {
				ASSETCATALOG_COMPILER_APPICON_NAME = AppIcon;
				INFOPLIST_FILE = TestTableViewDelete/Info.plist;
				LD_RUNPATH_SEARCH_PATHS = "$(inherited) @executable_path/Frameworks";
				PRODUCT_BUNDLE_IDENTIFIER = com.apple.TestTableViewDelete;
				PRODUCT_NAME = "$(TARGET_NAME)";
			};
			name = Release;
		};
		4E18ECB61C2D215F0079A1EA /* Debug */ = {
			isa = XCBuildConfiguration;
			buildSettings = {
				BUNDLE_LOADER = "$(TEST_HOST)";
				INFOPLIST_FILE = TestTableViewDeleteTests/Info.plist;
				LD_RUNPATH_SEARCH_PATHS = "$(inherited) @executable_path/Frameworks @loader_path/Frameworks";
				PRODUCT_BUNDLE_IDENTIFIER = com.apple.TestTableViewDeleteTests;
				PRODUCT_NAME = "$(TARGET_NAME)";
				TEST_HOST = "$(BUILT_PRODUCTS_DIR)/TestTableViewDelete.app/TestTableViewDelete";
			};
			name = Debug;
		};
		4E18ECB71C2D215F0079A1EA /* Release */ = {
			isa = XCBuildConfiguration;
			buildSettings = {
				BUNDLE_LOADER = "$(TEST_HOST)";
				INFOPLIST_FILE = TestTableViewDeleteTests/Info.plist;
				LD_RUNPATH_SEARCH_PATHS = "$(inherited) @executable_path/Frameworks @loader_path/Frameworks";
				PRODUCT_BUNDLE_IDENTIFIER = com.apple.TestTableViewDeleteTests;
				PRODUCT_NAME = "$(TARGET_NAME)";
				TEST_HOST = "$(BUILT_PRODUCTS_DIR)/TestTableViewDelete.app/TestTableViewDelete";
			};
			name = Release;
		};
		4E18ECB91C2D215F0079A1EA /* Debug */ = {
			isa = XCBuildConfiguration;
			buildSettings = {
				INFOPLIST_FILE = TestTableViewDeleteUITests/Info.plist;
				LD_RUNPATH_SEARCH_PATHS = "$(inherited) @executable_path/Frameworks @loader_path/Frameworks";
				PRODUCT_BUNDLE_IDENTIFIER = com.apple.TestTableViewDeleteUITests;
				PRODUCT_NAME = "$(TARGET_NAME)";
				TEST_TARGET_NAME = TestTableViewDelete;
				USES_XCTRUNNER = YES;
			};
			name = Debug;
		};
		4E18ECBA1C2D215F0079A1EA /* Release */ = {
			isa = XCBuildConfiguration;
			buildSettings = {
				INFOPLIST_FILE = TestTableViewDeleteUITests/Info.plist;
				LD_RUNPATH_SEARCH_PATHS = "$(inherited) @executable_path/Frameworks @loader_path/Frameworks";
				PRODUCT_BUNDLE_IDENTIFIER = com.apple.TestTableViewDeleteUITests;
				PRODUCT_NAME = "$(TARGET_NAME)";
				TEST_TARGET_NAME = TestTableViewDelete;
				USES_XCTRUNNER = YES;
			};
			name = Release;
		};
/* End XCBuildConfiguration section */

/* Begin XCConfigurationList section */
		4E18EC851C2D215E0079A1EA /* Build configuration list for PBXProject "TestTableViewDelete" */ = {
			isa = XCConfigurationList;
			buildConfigurations = (
				4E18ECB01C2D215F0079A1EA /* Debug */,
				4E18ECB11C2D215F0079A1EA /* Release */,
			);
			defaultConfigurationIsVisible = 0;
			defaultConfigurationName = Release;
		};
		4E18ECB21C2D215F0079A1EA /* Build configuration list for PBXNativeTarget "TestTableViewDelete" */ = {
			isa = XCConfigurationList;
			buildConfigurations = (
				4E18ECB31C2D215F0079A1EA /* Debug */,
				4E18ECB41C2D215F0079A1EA /* Release */,
			);
			defaultConfigurationIsVisible = 0;
		};
		4E18ECB51C2D215F0079A1EA /* Build configuration list for PBXNativeTarget "TestTableViewDeleteTests" */ = {
			isa = XCConfigurationList;
			buildConfigurations = (
				4E18ECB61C2D215F0079A1EA /* Debug */,
				4E18ECB71C2D215F0079A1EA /* Release */,
			);
			defaultConfigurationIsVisible = 0;
		};
		4E18ECB81C2D215F0079A1EA /* Build configuration list for PBXNativeTarget "TestTableViewDeleteUITests" */ = {
			isa = XCConfigurationList;
			buildConfigurations = (
				4E18ECB91C2D215F0079A1EA /* Debug */,
				4E18ECBA1C2D215F0079A1EA /* Release */,
			);
			defaultConfigurationIsVisible = 0;
		};
/* End XCConfigurationList section */
	};
	rootObject = 4E18EC821C2D215E0079A1EA /* Project object */;
}
