// !$*UTF8*$!
{
	archiveVersion = 1;
	classes = {
	};
	objectVersion = 46;
	objects = {

/* Begin PBXBuildFile section */
		4E410AE01C11721400334190 /* AppDelegate.swift in Sources */ = {isa = PBXBuildFile; fileRef = 4E410ADF1C11721400334190 /* AppDelegate.swift */; };
		4E410AE21C11721400334190 /* ViewController.swift in Sources */ = {isa = PBXBuildFile; fileRef = 4E410AE11C11721400334190 /* ViewController.swift */; };
		4E410AE51C11721400334190 /* Main.storyboard in Resources */ = {isa = PBXBuildFile; fileRef = 4E410AE31C11721400334190 /* Main.storyboard */; };
		4E410AE71C11721400334190 /* Assets.xcassets in Resources */ = {isa = PBXBuildFile; fileRef = 4E410AE61C11721400334190 /* Assets.xcassets */; };
		4E410AEA1C11721400334190 /* LaunchScreen.storyboard in Resources */ = {isa = PBXBuildFile; fileRef = 4E410AE81C11721400334190 /* LaunchScreen.storyboard */; };
		4E410AF51C11721400334190 /* TestPositiveTransferTests.swift in Sources */ = {isa = PBXBuildFile; fileRef = 4E410AF41C11721400334190 /* TestPositiveTransferTests.swift */; };
		4E410B001C11721400334190 /* TestPositiveTransferUITests.swift in Sources */ = {isa = PBXBuildFile; fileRef = 4E410AFF1C11721400334190 /* TestPositiveTransferUITests.swift */; };
		4E410B0E1C11723E00334190 /* NextViewController.swift in Sources */ = {isa = PBXBuildFile; fileRef = 4E410B0D1C11723E00334190 /* NextViewController.swift */; };
/* End PBXBuildFile section */

/* Begin PBXContainerItemProxy section */
		4E410AF11C11721400334190 /* PBXContainerItemProxy */ = {
			isa = PBXContainerItemProxy;
			containerPortal = 4E410AD41C11721400334190 /* Project object */;
			proxyType = 1;
			remoteGlobalIDString = 4E410ADB1C11721400334190;
			remoteInfo = TestPositiveTransfer;
		};
		4E410AFC1C11721400334190 /* PBXContainerItemProxy */ = {
			isa = PBXContainerItemProxy;
			containerPortal = 4E410AD41C11721400334190 /* Project object */;
			proxyType = 1;
			remoteGlobalIDString = 4E410ADB1C11721400334190;
			remoteInfo = TestPositiveTransfer;
		};
/* End PBXContainerItemProxy section */

/* Begin PBXFileReference section */
		4E410ADC1C11721400334190 /* TestPositiveTransfer.app */ = {isa = PBXFileReference; explicitFileType = wrapper.application; includeInIndex = 0; path = TestPositiveTransfer.app; sourceTree = BUILT_PRODUCTS_DIR; };
		4E410ADF1C11721400334190 /* AppDelegate.swift */ = {isa = PBXFileReference; lastKnownFileType = sourcecode.swift; path = AppDelegate.swift; sourceTree = "<group>"; };
		4E410AE11C11721400334190 /* ViewController.swift */ = {isa = PBXFileReference; lastKnownFileType = sourcecode.swift; path = ViewController.swift; sourceTree = "<group>"; };
		4E410AE41C11721400334190 /* Base */ = {isa = PBXFileReference; lastKnownFileType = file.storyboard; name = Base; path = Base.lproj/Main.storyboard; sourceTree = "<group>"; };
		4E410AE61C11721400334190 /* Assets.xcassets */ = {isa = PBXFileReference; lastKnownFileType = folder.assetcatalog; path = Assets.xcassets; sourceTree = "<group>"; };
		4E410AE91C11721400334190 /* Base */ = {isa = PBXFileReference; lastKnownFileType = file.storyboard; name = Base; path = Base.lproj/LaunchScreen.storyboard; sourceTree = "<group>"; };
		4E410AEB1C11721400334190 /* Info.plist */ = {isa = PBXFileReference; lastKnownFileType = text.plist.xml; path = Info.plist; sourceTree = "<group>"; };
		4E410AF01C11721400334190 /* TestPositiveTransferTests.xctest */ = {isa = PBXFileReference; explicitFileType = wrapper.cfbundle; includeInIndex = 0; path = TestPositiveTransferTests.xctest; sourceTree = BUILT_PRODUCTS_DIR; };
		4E410AF41C11721400334190 /* TestPositiveTransferTests.swift */ = {isa = PBXFileReference; lastKnownFileType = sourcecode.swift; path = TestPositiveTransferTests.swift; sourceTree = "<group>"; };
		4E410AF61C11721400334190 /* Info.plist */ = {isa = PBXFileReference; lastKnownFileType = text.plist.xml; path = Info.plist; sourceTree = "<group>"; };
		4E410AFB1C11721400334190 /* TestPositiveTransferUITests.xctest */ = {isa = PBXFileReference; explicitFileType = wrapper.cfbundle; includeInIndex = 0; path = TestPositiveTransferUITests.xctest; sourceTree = BUILT_PRODUCTS_DIR; };
		4E410AFF1C11721400334190 /* TestPositiveTransferUITests.swift */ = {isa = PBXFileReference; lastKnownFileType = sourcecode.swift; path = TestPositiveTransferUITests.swift; sourceTree = "<group>"; };
		4E410B011C11721400334190 /* Info.plist */ = {isa = PBXFileReference; lastKnownFileType = text.plist.xml; path = Info.plist; sourceTree = "<group>"; };
		4E410B0D1C11723E00334190 /* NextViewController.swift */ = {isa = PBXFileReference; fileEncoding = 4; lastKnownFileType = sourcecode.swift; path = NextViewController.swift; sourceTree = "<group>"; };
/* End PBXFileReference section */

/* Begin PBXFrameworksBuildPhase section */
		4E410AD91C11721400334190 /* Frameworks */ = {
			isa = PBXFrameworksBuildPhase;
			buildActionMask = 2147483647;
			files = (
			);
			runOnlyForDeploymentPostprocessing = 0;
		};
		4E410AED1C11721400334190 /* Frameworks */ = {
			isa = PBXFrameworksBuildPhase;
			buildActionMask = 2147483647;
			files = (
			);
			runOnlyForDeploymentPostprocessing = 0;
		};
		4E410AF81C11721400334190 /* Frameworks */ = {
			isa = PBXFrameworksBuildPhase;
			buildActionMask = 2147483647;
			files = (
			);
			runOnlyForDeploymentPostprocessing = 0;
		};
/* End PBXFrameworksBuildPhase section */

/* Begin PBXGroup section */
		4E410AD31C11721400334190 = {
			isa = PBXGroup;
			children = (
				4E410ADE1C11721400334190 /* TestPositiveTransfer */,
				4E410AF31C11721400334190 /* TestPositiveTransferTests */,
				4E410AFE1C11721400334190 /* TestPositiveTransferUITests */,
				4E410ADD1C11721400334190 /* Products */,
			);
			sourceTree = "<group>";
		};
		4E410ADD1C11721400334190 /* Products */ = {
			isa = PBXGroup;
			children = (
				4E410ADC1C11721400334190 /* TestPositiveTransfer.app */,
				4E410AF01C11721400334190 /* TestPositiveTransferTests.xctest */,
				4E410AFB1C11721400334190 /* TestPositiveTransferUITests.xctest */,
			);
			name = Products;
			sourceTree = "<group>";
		};
		4E410ADE1C11721400334190 /* TestPositiveTransfer */ = {
			isa = PBXGroup;
			children = (
				4E410ADF1C11721400334190 /* AppDelegate.swift */,
				4E410AE11C11721400334190 /* ViewController.swift */,
				4E410AE31C11721400334190 /* Main.storyboard */,
				4E410AE61C11721400334190 /* Assets.xcassets */,
				4E410AE81C11721400334190 /* LaunchScreen.storyboard */,
				4E410AEB1C11721400334190 /* Info.plist */,
				4E410B0D1C11723E00334190 /* NextViewController.swift */,
			);
			path = TestPositiveTransfer;
			sourceTree = "<group>";
		};
		4E410AF31C11721400334190 /* TestPositiveTransferTests */ = {
			isa = PBXGroup;
			children = (
				4E410AF41C11721400334190 /* TestPositiveTransferTests.swift */,
				4E410AF61C11721400334190 /* Info.plist */,
			);
			path = TestPositiveTransferTests;
			sourceTree = "<group>";
		};
		4E410AFE1C11721400334190 /* TestPositiveTransferUITests */ = {
			isa = PBXGroup;
			children = (
				4E410AFF1C11721400334190 /* TestPositiveTransferUITests.swift */,
				4E410B011C11721400334190 /* Info.plist */,
			);
			path = TestPositiveTransferUITests;
			sourceTree = "<group>";
		};
/* End PBXGroup section */

/* Begin PBXNativeTarget section */
		4E410ADB1C11721400334190 /* TestPositiveTransfer */ = {
			isa = PBXNativeTarget;
			buildConfigurationList = 4E410B041C11721400334190 /* Build configuration list for PBXNativeTarget "TestPositiveTransfer" */;
			buildPhases = (
				4E410AD81C11721400334190 /* Sources */,
				4E410AD91C11721400334190 /* Frameworks */,
				4E410ADA1C11721400334190 /* Resources */,
			);
			buildRules = (
			);
			dependencies = (
			);
			name = TestPositiveTransfer;
			productName = TestPositiveTransfer;
			productReference = 4E410ADC1C11721400334190 /* TestPositiveTransfer.app */;
			productType = "com.apple.product-type.application";
		};
		4E410AEF1C11721400334190 /* TestPositiveTransferTests */ = {
			isa = PBXNativeTarget;
			buildConfigurationList = 4E410B071C11721400334190 /* Build configuration list for PBXNativeTarget "TestPositiveTransferTests" */;
			buildPhases = (
				4E410AEC1C11721400334190 /* Sources */,
				4E410AED1C11721400334190 /* Frameworks */,
				4E410AEE1C11721400334190 /* Resources */,
			);
			buildRules = (
			);
			dependencies = (
				4E410AF21C11721400334190 /* PBXTargetDependency */,
			);
			name = TestPositiveTransferTests;
			productName = TestPositiveTransferTests;
			productReference = 4E410AF01C11721400334190 /* TestPositiveTransferTests.xctest */;
			productType = "com.apple.product-type.bundle.unit-test";
		};
		4E410AFA1C11721400334190 /* TestPositiveTransferUITests */ = {
			isa = PBXNativeTarget;
			buildConfigurationList = 4E410B0A1C11721400334190 /* Build configuration list for PBXNativeTarget "TestPositiveTransferUITests" */;
			buildPhases = (
				4E410AF71C11721400334190 /* Sources */,
				4E410AF81C11721400334190 /* Frameworks */,
				4E410AF91C11721400334190 /* Resources */,
			);
			buildRules = (
			);
			dependencies = (
				4E410AFD1C11721400334190 /* PBXTargetDependency */,
			);
			name = TestPositiveTransferUITests;
			productName = TestPositiveTransferUITests;
			productReference = 4E410AFB1C11721400334190 /* TestPositiveTransferUITests.xctest */;
			productType = "com.apple.product-type.bundle.ui-testing";
		};
/* End PBXNativeTarget section */

/* Begin PBXProject section */
		4E410AD41C11721400334190 /* Project object */ = {
			isa = PBXProject;
			attributes = {
				LastSwiftUpdateCheck = 0710;
				LastUpgradeCheck = 0710;
				ORGANIZATIONNAME = apple;
				TargetAttributes = {
					4E410ADB1C11721400334190 = {
						CreatedOnToolsVersion = 7.1.1;
					};
					4E410AEF1C11721400334190 = {
						CreatedOnToolsVersion = 7.1.1;
						TestTargetID = 4E410ADB1C11721400334190;
					};
					4E410AFA1C11721400334190 = {
						CreatedOnToolsVersion = 7.1.1;
						TestTargetID = 4E410ADB1C11721400334190;
					};
				};
			};
			buildConfigurationList = 4E410AD71C11721400334190 /* Build configuration list for PBXProject "TestPositiveTransfer" */;
			compatibilityVersion = "Xcode 3.2";
			developmentRegion = English;
			hasScannedForEncodings = 0;
			knownRegions = (
				en,
				Base,
			);
			mainGroup = 4E410AD31C11721400334190;
			productRefGroup = 4E410ADD1C11721400334190 /* Products */;
			projectDirPath = "";
			projectRoot = "";
			targets = (
				4E410ADB1C11721400334190 /* TestPositiveTransfer */,
				4E410AEF1C11721400334190 /* TestPositiveTransferTests */,
				4E410AFA1C11721400334190 /* TestPositiveTransferUITests */,
			);
		};
/* End PBXProject section */

/* Begin PBXResourcesBuildPhase section */
		4E410ADA1C11721400334190 /* Resources */ = {
			isa = PBXResourcesBuildPhase;
			buildActionMask = 2147483647;
			files = (
				4E410AEA1C11721400334190 /* LaunchScreen.storyboard in Resources */,
				4E410AE71C11721400334190 /* Assets.xcassets in Resources */,
				4E410AE51C11721400334190 /* Main.storyboard in Resources */,
			);
			runOnlyForDeploymentPostprocessing = 0;
		};
		4E410AEE1C11721400334190 /* Resources */ = {
			isa = PBXResourcesBuildPhase;
			buildActionMask = 2147483647;
			files = (
			);
			runOnlyForDeploymentPostprocessing = 0;
		};
		4E410AF91C11721400334190 /* Resources */ = {
			isa = PBXResourcesBuildPhase;
			buildActionMask = 2147483647;
			files = (
			);
			runOnlyForDeploymentPostprocessing = 0;
		};
/* End PBXResourcesBuildPhase section */

/* Begin PBXSourcesBuildPhase section */
		4E410AD81C11721400334190 /* Sources */ = {
			isa = PBXSourcesBuildPhase;
			buildActionMask = 2147483647;
			files = (
				4E410AE21C11721400334190 /* ViewController.swift in Sources */,
				4E410B0E1C11723E00334190 /* NextViewController.swift in Sources */,
				4E410AE01C11721400334190 /* AppDelegate.swift in Sources */,
			);
			runOnlyForDeploymentPostprocessing = 0;
		};
		4E410AEC1C11721400334190 /* Sources */ = {
			isa = PBXSourcesBuildPhase;
			buildActionMask = 2147483647;
			files = (
				4E410AF51C11721400334190 /* TestPositiveTransferTests.swift in Sources */,
			);
			runOnlyForDeploymentPostprocessing = 0;
		};
		4E410AF71C11721400334190 /* Sources */ = {
			isa = PBXSourcesBuildPhase;
			buildActionMask = 2147483647;
			files = (
				4E410B001C11721400334190 /* TestPositiveTransferUITests.swift in Sources */,
			);
			runOnlyForDeploymentPostprocessing = 0;
		};
/* End PBXSourcesBuildPhase section */

/* Begin PBXTargetDependency section */
		4E410AF21C11721400334190 /* PBXTargetDependency */ = {
			isa = PBXTargetDependency;
			target = 4E410ADB1C11721400334190 /* TestPositiveTransfer */;
			targetProxy = 4E410AF11C11721400334190 /* PBXContainerItemProxy */;
		};
		4E410AFD1C11721400334190 /* PBXTargetDependency */ = {
			isa = PBXTargetDependency;
			target = 4E410ADB1C11721400334190 /* TestPositiveTransfer */;
			targetProxy = 4E410AFC1C11721400334190 /* PBXContainerItemProxy */;
		};
/* End PBXTargetDependency section */

/* Begin PBXVariantGroup section */
		4E410AE31C11721400334190 /* Main.storyboard */ = {
			isa = PBXVariantGroup;
			children = (
				4E410AE41C11721400334190 /* Base */,
			);
			name = Main.storyboard;
			sourceTree = "<group>";
		};
		4E410AE81C11721400334190 /* LaunchScreen.storyboard */ = {
			isa = PBXVariantGroup;
			children = (
				4E410AE91C11721400334190 /* Base */,
			);
			name = LaunchScreen.storyboard;
			sourceTree = "<group>";
		};
/* End PBXVariantGroup section */

/* Begin XCBuildConfiguration section */
		4E410B021C11721400334190 /* Debug */ = {
			isa = XCBuildConfiguration;
			buildSettings = {
				ALWAYS_SEARCH_USER_PATHS = NO;
				CLANG_CXX_LANGUAGE_STANDARD = "gnu++0x";
				CLANG_CXX_LIBRARY = "libc++";
				CLANG_ENABLE_MODULES = YES;
				CLANG_ENABLE_OBJC_ARC = YES;
				CLANG_WARN_BOOL_CONVERSION = YES;
				CLANG_WARN_CONSTANT_CONVERSION = YES;
				CLANG_WARN_DIRECT_OBJC_ISA_USAGE = YES_ERROR;
				CLANG_WARN_EMPTY_BODY = YES;
				CLANG_WARN_ENUM_CONVERSION = YES;
				CLANG_WARN_INT_CONVERSION = YES;
				CLANG_WARN_OBJC_ROOT_CLASS = YES_ERROR;
				CLANG_WARN_UNREACHABLE_CODE = YES;
				CLANG_WARN__DUPLICATE_METHOD_MATCH = YES;
				"CODE_SIGN_IDENTITY[sdk=iphoneos*]" = "iPhone Developer";
				COPY_PHASE_STRIP = NO;
				DEBUG_INFORMATION_FORMAT = dwarf;
				ENABLE_STRICT_OBJC_MSGSEND = YES;
				ENABLE_TESTABILITY = YES;
				GCC_C_LANGUAGE_STANDARD = gnu99;
				GCC_DYNAMIC_NO_PIC = NO;
				GCC_NO_COMMON_BLOCKS = YES;
				GCC_OPTIMIZATION_LEVEL = 0;
				GCC_PREPROCESSOR_DEFINITIONS = (
					"DEBUG=1",
					"$(inherited)",
				);
				GCC_WARN_64_TO_32_BIT_CONVERSION = YES;
				GCC_WARN_ABOUT_RETURN_TYPE = YES_ERROR;
				GCC_WARN_UNDECLARED_SELECTOR = YES;
				GCC_WARN_UNINITIALIZED_AUTOS = YES_AGGRESSIVE;
				GCC_WARN_UNUSED_FUNCTION = YES;
				GCC_WARN_UNUSED_VARIABLE = YES;
				IPHONEOS_DEPLOYMENT_TARGET = 9.1;
				MTL_ENABLE_DEBUG_INFO = YES;
				ONLY_ACTIVE_ARCH = YES;
				SDKROOT = iphoneos;
				SWIFT_OPTIMIZATION_LEVEL = "-Onone";
			};
			name = Debug;
		};
		4E410B031C11721400334190 /* Release */ = {
			isa = XCBuildConfiguration;
			buildSettings = {
				ALWAYS_SEARCH_USER_PATHS = NO;
				CLANG_CXX_LANGUAGE_STANDARD = "gnu++0x";
				CLANG_CXX_LIBRARY = "libc++";
				CLANG_ENABLE_MODULES = YES;
				CLANG_ENABLE_OBJC_ARC = YES;
				CLANG_WARN_BOOL_CONVERSION = YES;
				CLANG_WARN_CONSTANT_CONVERSION = YES;
				CLANG_WARN_DIRECT_OBJC_ISA_USAGE = YES_ERROR;
				CLANG_WARN_EMPTY_BODY = YES;
				CLANG_WARN_ENUM_CONVERSION = YES;
				CLANG_WARN_INT_CONVERSION = YES;
				CLANG_WARN_OBJC_ROOT_CLASS = YES_ERROR;
				CLANG_WARN_UNREACHABLE_CODE = YES;
				CLANG_WARN__DUPLICATE_METHOD_MATCH = YES;
				"CODE_SIGN_IDENTITY[sdk=iphoneos*]" = "iPhone Developer";
				COPY_PHASE_STRIP = NO;
				DEBUG_INFORMATION_FORMAT = "dwarf-with-dsym";
				ENABLE_NS_ASSERTIONS = NO;
				ENABLE_STRICT_OBJC_MSGSEND = YES;
				GCC_C_LANGUAGE_STANDARD = gnu99;
				GCC_NO_COMMON_BLOCKS = YES;
				GCC_WARN_64_TO_32_BIT_CONVERSION = YES;
				GCC_WARN_ABOUT_RETURN_TYPE = YES_ERROR;
				GCC_WARN_UNDECLARED_SELECTOR = YES;
				GCC_WARN_UNINITIALIZED_AUTOS = YES_AGGRESSIVE;
				GCC_WARN_UNUSED_FUNCTION = YES;
				GCC_WARN_UNUSED_VARIABLE = YES;
				IPHONEOS_DEPLOYMENT_TARGET = 9.1;
				MTL_ENABLE_DEBUG_INFO = NO;
				SDKROOT = iphoneos;
				VALIDATE_PRODUCT = YES;
			};
			name = Release;
		};
		4E410B051C11721400334190 /* Debug */ = {
			isa = XCBuildConfiguration;
			buildSettings = {
				ASSETCATALOG_COMPILER_APPICON_NAME = AppIcon;
				INFOPLIST_FILE = TestPositiveTransfer/Info.plist;
				LD_RUNPATH_SEARCH_PATHS = "$(inherited) @executable_path/Frameworks";
				PRODUCT_BUNDLE_IDENTIFIER = com.apple.TestPositiveTransfer;
				PRODUCT_NAME = "$(TARGET_NAME)";
			};
			name = Debug;
		};
		4E410B061C11721400334190 /* Release */ = {
			isa = XCBuildConfiguration;
			buildSettings = {
				ASSETCATALOG_COMPILER_APPICON_NAME = AppIcon;
				INFOPLIST_FILE = TestPositiveTransfer/Info.plist;
				LD_RUNPATH_SEARCH_PATHS = "$(inherited) @executable_path/Frameworks";
				PRODUCT_BUNDLE_IDENTIFIER = com.apple.TestPositiveTransfer;
				PRODUCT_NAME = "$(TARGET_NAME)";
			};
			name = Release;
		};
		4E410B081C11721400334190 /* Debug */ = {
			isa = XCBuildConfiguration;
			buildSettings = {
				BUNDLE_LOADER = "$(TEST_HOST)";
				INFOPLIST_FILE = TestPositiveTransferTests/Info.plist;
				LD_RUNPATH_SEARCH_PATHS = "$(inherited) @executable_path/Frameworks @loader_path/Frameworks";
				PRODUCT_BUNDLE_IDENTIFIER = com.apple.TestPositiveTransferTests;
				PRODUCT_NAME = "$(TARGET_NAME)";
				TEST_HOST = "$(BUILT_PRODUCTS_DIR)/TestPositiveTransfer.app/TestPositiveTransfer";
			};
			name = Debug;
		};
		4E410B091C11721400334190 /* Release */ = {
			isa = XCBuildConfiguration;
			buildSettings = {
				BUNDLE_LOADER = "$(TEST_HOST)";
				INFOPLIST_FILE = TestPositiveTransferTests/Info.plist;
				LD_RUNPATH_SEARCH_PATHS = "$(inherited) @executable_path/Frameworks @loader_path/Frameworks";
				PRODUCT_BUNDLE_IDENTIFIER = com.apple.TestPositiveTransferTests;
				PRODUCT_NAME = "$(TARGET_NAME)";
				TEST_HOST = "$(BUILT_PRODUCTS_DIR)/TestPositiveTransfer.app/TestPositiveTransfer";
			};
			name = Release;
		};
		4E410B0B1C11721400334190 /* Debug */ = {
			isa = XCBuildConfiguration;
			buildSettings = {
				INFOPLIST_FILE = TestPositiveTransferUITests/Info.plist;
				LD_RUNPATH_SEARCH_PATHS = "$(inherited) @executable_path/Frameworks @loader_path/Frameworks";
				PRODUCT_BUNDLE_IDENTIFIER = com.apple.TestPositiveTransferUITests;
				PRODUCT_NAME = "$(TARGET_NAME)";
				TEST_TARGET_NAME = TestPositiveTransfer;
				USES_XCTRUNNER = YES;
			};
			name = Debug;
		};
		4E410B0C1C11721400334190 /* Release */ = {
			isa = XCBuildConfiguration;
			buildSettings = {
				INFOPLIST_FILE = TestPositiveTransferUITests/Info.plist;
				LD_RUNPATH_SEARCH_PATHS = "$(inherited) @executable_path/Frameworks @loader_path/Frameworks";
				PRODUCT_BUNDLE_IDENTIFIER = com.apple.TestPositiveTransferUITests;
				PRODUCT_NAME = "$(TARGET_NAME)";
				TEST_TARGET_NAME = TestPositiveTransfer;
				USES_XCTRUNNER = YES;
			};
			name = Release;
		};
/* End XCBuildConfiguration section */

/* Begin XCConfigurationList section */
		4E410AD71C11721400334190 /* Build configuration list for PBXProject "TestPositiveTransfer" */ = {
			isa = XCConfigurationList;
			buildConfigurations = (
				4E410B021C11721400334190 /* Debug */,
				4E410B031C11721400334190 /* Release */,
			);
			defaultConfigurationIsVisible = 0;
			defaultConfigurationName = Release;
		};
		4E410B041C11721400334190 /* Build configuration list for PBXNativeTarget "TestPositiveTransfer" */ = {
			isa = XCConfigurationList;
			buildConfigurations = (
				4E410B051C11721400334190 /* Debug */,
				4E410B061C11721400334190 /* Release */,
			);
			defaultConfigurationIsVisible = 0;
		};
		4E410B071C11721400334190 /* Build configuration list for PBXNativeTarget "TestPositiveTransferTests" */ = {
			isa = XCConfigurationList;
			buildConfigurations = (
				4E410B081C11721400334190 /* Debug */,
				4E410B091C11721400334190 /* Release */,
			);
			defaultConfigurationIsVisible = 0;
		};
		4E410B0A1C11721400334190 /* Build configuration list for PBXNativeTarget "TestPositiveTransferUITests" */ = {
			isa = XCConfigurationList;
			buildConfigurations = (
				4E410B0B1C11721400334190 /* Debug */,
				4E410B0C1C11721400334190 /* Release */,
			);
			defaultConfigurationIsVisible = 0;
		};
/* End XCConfigurationList section */
	};
	rootObject = 4E410AD41C11721400334190 /* Project object */;
}
