// !$*UTF8*$!
{
	archiveVersion = 1;
	classes = {
	};
	objectVersion = 46;
	objects = {

/* Begin PBXBuildFile section */
		4E4109AC1C11580A00334190 /* AppDelegate.swift in Sources */ = {isa = PBXBuildFile; fileRef = 4E4109AB1C11580A00334190 /* AppDelegate.swift */; };
		4E4109AE1C11580A00334190 /* ViewController.swift in Sources */ = {isa = PBXBuildFile; fileRef = 4E4109AD1C11580A00334190 /* ViewController.swift */; };
		4E4109B11C11580A00334190 /* Main.storyboard in Resources */ = {isa = PBXBuildFile; fileRef = 4E4109AF1C11580A00334190 /* Main.storyboard */; };
		4E4109B31C11580A00334190 /* Assets.xcassets in Resources */ = {isa = PBXBuildFile; fileRef = 4E4109B21C11580A00334190 /* Assets.xcassets */; };
		4E4109B61C11580A00334190 /* LaunchScreen.storyboard in Resources */ = {isa = PBXBuildFile; fileRef = 4E4109B41C11580A00334190 /* LaunchScreen.storyboard */; };
		4E4109C11C11580A00334190 /* TestUIViewControllerTests.swift in Sources */ = {isa = PBXBuildFile; fileRef = 4E4109C01C11580A00334190 /* TestUIViewControllerTests.swift */; };
		4E4109CC1C11580A00334190 /* TestUIViewControllerUITests.swift in Sources */ = {isa = PBXBuildFile; fileRef = 4E4109CB1C11580A00334190 /* TestUIViewControllerUITests.swift */; };
		4E4109DA1C1158DF00334190 /* MyViewController.swift in Sources */ = {isa = PBXBuildFile; fileRef = 4E4109D91C1158DF00334190 /* MyViewController.swift */; };
/* End PBXBuildFile section */

/* Begin PBXContainerItemProxy section */
		4E4109BD1C11580A00334190 /* PBXContainerItemProxy */ = {
			isa = PBXContainerItemProxy;
			containerPortal = 4E4109A01C11580A00334190 /* Project object */;
			proxyType = 1;
			remoteGlobalIDString = 4E4109A71C11580A00334190;
			remoteInfo = TestUIViewController;
		};
		4E4109C81C11580A00334190 /* PBXContainerItemProxy */ = {
			isa = PBXContainerItemProxy;
			containerPortal = 4E4109A01C11580A00334190 /* Project object */;
			proxyType = 1;
			remoteGlobalIDString = 4E4109A71C11580A00334190;
			remoteInfo = TestUIViewController;
		};
/* End PBXContainerItemProxy section */

/* Begin PBXFileReference section */
		4E4109A81C11580A00334190 /* TestUIViewController.app */ = {isa = PBXFileReference; explicitFileType = wrapper.application; includeInIndex = 0; path = TestUIViewController.app; sourceTree = BUILT_PRODUCTS_DIR; };
		4E4109AB1C11580A00334190 /* AppDelegate.swift */ = {isa = PBXFileReference; lastKnownFileType = sourcecode.swift; path = AppDelegate.swift; sourceTree = "<group>"; };
		4E4109AD1C11580A00334190 /* ViewController.swift */ = {isa = PBXFileReference; lastKnownFileType = sourcecode.swift; path = ViewController.swift; sourceTree = "<group>"; };
		4E4109B01C11580A00334190 /* Base */ = {isa = PBXFileReference; lastKnownFileType = file.storyboard; name = Base; path = Base.lproj/Main.storyboard; sourceTree = "<group>"; };
		4E4109B21C11580A00334190 /* Assets.xcassets */ = {isa = PBXFileReference; lastKnownFileType = folder.assetcatalog; path = Assets.xcassets; sourceTree = "<group>"; };
		4E4109B51C11580A00334190 /* Base */ = {isa = PBXFileReference; lastKnownFileType = file.storyboard; name = Base; path = Base.lproj/LaunchScreen.storyboard; sourceTree = "<group>"; };
		4E4109B71C11580A00334190 /* Info.plist */ = {isa = PBXFileReference; lastKnownFileType = text.plist.xml; path = Info.plist; sourceTree = "<group>"; };
		4E4109BC1C11580A00334190 /* TestUIViewControllerTests.xctest */ = {isa = PBXFileReference; explicitFileType = wrapper.cfbundle; includeInIndex = 0; path = TestUIViewControllerTests.xctest; sourceTree = BUILT_PRODUCTS_DIR; };
		4E4109C01C11580A00334190 /* TestUIViewControllerTests.swift */ = {isa = PBXFileReference; lastKnownFileType = sourcecode.swift; path = TestUIViewControllerTests.swift; sourceTree = "<group>"; };
		4E4109C21C11580A00334190 /* Info.plist */ = {isa = PBXFileReference; lastKnownFileType = text.plist.xml; path = Info.plist; sourceTree = "<group>"; };
		4E4109C71C11580A00334190 /* TestUIViewControllerUITests.xctest */ = {isa = PBXFileReference; explicitFileType = wrapper.cfbundle; includeInIndex = 0; path = TestUIViewControllerUITests.xctest; sourceTree = BUILT_PRODUCTS_DIR; };
		4E4109CB1C11580A00334190 /* TestUIViewControllerUITests.swift */ = {isa = PBXFileReference; lastKnownFileType = sourcecode.swift; path = TestUIViewControllerUITests.swift; sourceTree = "<group>"; };
		4E4109CD1C11580A00334190 /* Info.plist */ = {isa = PBXFileReference; lastKnownFileType = text.plist.xml; path = Info.plist; sourceTree = "<group>"; };
		4E4109D91C1158DF00334190 /* MyViewController.swift */ = {isa = PBXFileReference; fileEncoding = 4; lastKnownFileType = sourcecode.swift; path = MyViewController.swift; sourceTree = "<group>"; };
/* End PBXFileReference section */

/* Begin PBXFrameworksBuildPhase section */
		4E4109A51C11580A00334190 /* Frameworks */ = {
			isa = PBXFrameworksBuildPhase;
			buildActionMask = 2147483647;
			files = (
			);
			runOnlyForDeploymentPostprocessing = 0;
		};
		4E4109B91C11580A00334190 /* Frameworks */ = {
			isa = PBXFrameworksBuildPhase;
			buildActionMask = 2147483647;
			files = (
			);
			runOnlyForDeploymentPostprocessing = 0;
		};
		4E4109C41C11580A00334190 /* Frameworks */ = {
			isa = PBXFrameworksBuildPhase;
			buildActionMask = 2147483647;
			files = (
			);
			runOnlyForDeploymentPostprocessing = 0;
		};
/* End PBXFrameworksBuildPhase section */

/* Begin PBXGroup section */
		4E41099F1C11580A00334190 = {
			isa = PBXGroup;
			children = (
				4E4109AA1C11580A00334190 /* TestUIViewController */,
				4E4109BF1C11580A00334190 /* TestUIViewControllerTests */,
				4E4109CA1C11580A00334190 /* TestUIViewControllerUITests */,
				4E4109A91C11580A00334190 /* Products */,
			);
			sourceTree = "<group>";
		};
		4E4109A91C11580A00334190 /* Products */ = {
			isa = PBXGroup;
			children = (
				4E4109A81C11580A00334190 /* TestUIViewController.app */,
				4E4109BC1C11580A00334190 /* TestUIViewControllerTests.xctest */,
				4E4109C71C11580A00334190 /* TestUIViewControllerUITests.xctest */,
			);
			name = Products;
			sourceTree = "<group>";
		};
		4E4109AA1C11580A00334190 /* TestUIViewController */ = {
			isa = PBXGroup;
			children = (
				4E4109AB1C11580A00334190 /* AppDelegate.swift */,
				4E4109AD1C11580A00334190 /* ViewController.swift */,
				4E4109AF1C11580A00334190 /* Main.storyboard */,
				4E4109B21C11580A00334190 /* Assets.xcassets */,
				4E4109B41C11580A00334190 /* LaunchScreen.storyboard */,
				4E4109B71C11580A00334190 /* Info.plist */,
				4E4109D91C1158DF00334190 /* MyViewController.swift */,
			);
			path = TestUIViewController;
			sourceTree = "<group>";
		};
		4E4109BF1C11580A00334190 /* TestUIViewControllerTests */ = {
			isa = PBXGroup;
			children = (
				4E4109C01C11580A00334190 /* TestUIViewControllerTests.swift */,
				4E4109C21C11580A00334190 /* Info.plist */,
			);
			path = TestUIViewControllerTests;
			sourceTree = "<group>";
		};
		4E4109CA1C11580A00334190 /* TestUIViewControllerUITests */ = {
			isa = PBXGroup;
			children = (
				4E4109CB1C11580A00334190 /* TestUIViewControllerUITests.swift */,
				4E4109CD1C11580A00334190 /* Info.plist */,
			);
			path = TestUIViewControllerUITests;
			sourceTree = "<group>";
		};
/* End PBXGroup section */

/* Begin PBXNativeTarget section */
		4E4109A71C11580A00334190 /* TestUIViewController */ = {
			isa = PBXNativeTarget;
			buildConfigurationList = 4E4109D01C11580A00334190 /* Build configuration list for PBXNativeTarget "TestUIViewController" */;
			buildPhases = (
				4E4109A41C11580A00334190 /* Sources */,
				4E4109A51C11580A00334190 /* Frameworks */,
				4E4109A61C11580A00334190 /* Resources */,
			);
			buildRules = (
			);
			dependencies = (
			);
			name = TestUIViewController;
			productName = TestUIViewController;
			productReference = 4E4109A81C11580A00334190 /* TestUIViewController.app */;
			productType = "com.apple.product-type.application";
		};
		4E4109BB1C11580A00334190 /* TestUIViewControllerTests */ = {
			isa = PBXNativeTarget;
			buildConfigurationList = 4E4109D31C11580A00334190 /* Build configuration list for PBXNativeTarget "TestUIViewControllerTests" */;
			buildPhases = (
				4E4109B81C11580A00334190 /* Sources */,
				4E4109B91C11580A00334190 /* Frameworks */,
				4E4109BA1C11580A00334190 /* Resources */,
			);
			buildRules = (
			);
			dependencies = (
				4E4109BE1C11580A00334190 /* PBXTargetDependency */,
			);
			name = TestUIViewControllerTests;
			productName = TestUIViewControllerTests;
			productReference = 4E4109BC1C11580A00334190 /* TestUIViewControllerTests.xctest */;
			productType = "com.apple.product-type.bundle.unit-test";
		};
		4E4109C61C11580A00334190 /* TestUIViewControllerUITests */ = {
			isa = PBXNativeTarget;
			buildConfigurationList = 4E4109D61C11580A00334190 /* Build configuration list for PBXNativeTarget "TestUIViewControllerUITests" */;
			buildPhases = (
				4E4109C31C11580A00334190 /* Sources */,
				4E4109C41C11580A00334190 /* Frameworks */,
				4E4109C51C11580A00334190 /* Resources */,
			);
			buildRules = (
			);
			dependencies = (
				4E4109C91C11580A00334190 /* PBXTargetDependency */,
			);
			name = TestUIViewControllerUITests;
			productName = TestUIViewControllerUITests;
			productReference = 4E4109C71C11580A00334190 /* TestUIViewControllerUITests.xctest */;
			productType = "com.apple.product-type.bundle.ui-testing";
		};
/* End PBXNativeTarget section */

/* Begin PBXProject section */
		4E4109A01C11580A00334190 /* Project object */ = {
			isa = PBXProject;
			attributes = {
				LastSwiftUpdateCheck = 0710;
				LastUpgradeCheck = 0710;
				ORGANIZATIONNAME = apple;
				TargetAttributes = {
					4E4109A71C11580A00334190 = {
						CreatedOnToolsVersion = 7.1.1;
					};
					4E4109BB1C11580A00334190 = {
						CreatedOnToolsVersion = 7.1.1;
						TestTargetID = 4E4109A71C11580A00334190;
					};
					4E4109C61C11580A00334190 = {
						CreatedOnToolsVersion = 7.1.1;
						TestTargetID = 4E4109A71C11580A00334190;
					};
				};
			};
			buildConfigurationList = 4E4109A31C11580A00334190 /* Build configuration list for PBXProject "TestUIViewController" */;
			compatibilityVersion = "Xcode 3.2";
			developmentRegion = English;
			hasScannedForEncodings = 0;
			knownRegions = (
				en,
				Base,
			);
			mainGroup = 4E41099F1C11580A00334190;
			productRefGroup = 4E4109A91C11580A00334190 /* Products */;
			projectDirPath = "";
			projectRoot = "";
			targets = (
				4E4109A71C11580A00334190 /* TestUIViewController */,
				4E4109BB1C11580A00334190 /* TestUIViewControllerTests */,
				4E4109C61C11580A00334190 /* TestUIViewControllerUITests */,
			);
		};
/* End PBXProject section */

/* Begin PBXResourcesBuildPhase section */
		4E4109A61C11580A00334190 /* Resources */ = {
			isa = PBXResourcesBuildPhase;
			buildActionMask = 2147483647;
			files = (
				4E4109B61C11580A00334190 /* LaunchScreen.storyboard in Resources */,
				4E4109B31C11580A00334190 /* Assets.xcassets in Resources */,
				4E4109B11C11580A00334190 /* Main.storyboard in Resources */,
			);
			runOnlyForDeploymentPostprocessing = 0;
		};
		4E4109BA1C11580A00334190 /* Resources */ = {
			isa = PBXResourcesBuildPhase;
			buildActionMask = 2147483647;
			files = (
			);
			runOnlyForDeploymentPostprocessing = 0;
		};
		4E4109C51C11580A00334190 /* Resources */ = {
			isa = PBXResourcesBuildPhase;
			buildActionMask = 2147483647;
			files = (
			);
			runOnlyForDeploymentPostprocessing = 0;
		};
/* End PBXResourcesBuildPhase section */

/* Begin PBXSourcesBuildPhase section */
		4E4109A41C11580A00334190 /* Sources */ = {
			isa = PBXSourcesBuildPhase;
			buildActionMask = 2147483647;
			files = (
				4E4109AE1C11580A00334190 /* ViewController.swift in Sources */,
				4E4109DA1C1158DF00334190 /* MyViewController.swift in Sources */,
				4E4109AC1C11580A00334190 /* AppDelegate.swift in Sources */,
			);
			runOnlyForDeploymentPostprocessing = 0;
		};
		4E4109B81C11580A00334190 /* Sources */ = {
			isa = PBXSourcesBuildPhase;
			buildActionMask = 2147483647;
			files = (
				4E4109C11C11580A00334190 /* TestUIViewControllerTests.swift in Sources */,
			);
			runOnlyForDeploymentPostprocessing = 0;
		};
		4E4109C31C11580A00334190 /* Sources */ = {
			isa = PBXSourcesBuildPhase;
			buildActionMask = 2147483647;
			files = (
				4E4109CC1C11580A00334190 /* TestUIViewControllerUITests.swift in Sources */,
			);
			runOnlyForDeploymentPostprocessing = 0;
		};
/* End PBXSourcesBuildPhase section */

/* Begin PBXTargetDependency section */
		4E4109BE1C11580A00334190 /* PBXTargetDependency */ = {
			isa = PBXTargetDependency;
			target = 4E4109A71C11580A00334190 /* TestUIViewController */;
			targetProxy = 4E4109BD1C11580A00334190 /* PBXContainerItemProxy */;
		};
		4E4109C91C11580A00334190 /* PBXTargetDependency */ = {
			isa = PBXTargetDependency;
			target = 4E4109A71C11580A00334190 /* TestUIViewController */;
			targetProxy = 4E4109C81C11580A00334190 /* PBXContainerItemProxy */;
		};
/* End PBXTargetDependency section */

/* Begin PBXVariantGroup section */
		4E4109AF1C11580A00334190 /* Main.storyboard */ = {
			isa = PBXVariantGroup;
			children = (
				4E4109B01C11580A00334190 /* Base */,
			);
			name = Main.storyboard;
			sourceTree = "<group>";
		};
		4E4109B41C11580A00334190 /* LaunchScreen.storyboard */ = {
			isa = PBXVariantGroup;
			children = (
				4E4109B51C11580A00334190 /* Base */,
			);
			name = LaunchScreen.storyboard;
			sourceTree = "<group>";
		};
/* End PBXVariantGroup section */

/* Begin XCBuildConfiguration section */
		4E4109CE1C11580A00334190 /* Debug */ = {
			isa = XCBuildConfiguration;
			buildSettings = {
				ALWAYS_SEARCH_USER_PATHS = NO;
				CLANG_CXX_LANGUAGE_STANDARD = "gnu++0x";
				CLANG_CXX_LIBRARY = "libc++";
				CLANG_ENABLE_MODULES = YES;
				CLANG_ENABLE_OBJC_ARC = YES;
				CLANG_WARN_BOOL_CONVERSION = YES;
				CLANG_WARN_CONSTANT_CONVERSION = YES;
				CLANG_WARN_DIRECT_OBJC_ISA_USAGE = YES_ERROR;
				CLANG_WARN_EMPTY_BODY = YES;
				CLANG_WARN_ENUM_CONVERSION = YES;
				CLANG_WARN_INT_CONVERSION = YES;
				CLANG_WARN_OBJC_ROOT_CLASS = YES_ERROR;
				CLANG_WARN_UNREACHABLE_CODE = YES;
				CLANG_WARN__DUPLICATE_METHOD_MATCH = YES;
				"CODE_SIGN_IDENTITY[sdk=iphoneos*]" = "iPhone Developer";
				COPY_PHASE_STRIP = NO;
				DEBUG_INFORMATION_FORMAT = dwarf;
				ENABLE_STRICT_OBJC_MSGSEND = YES;
				ENABLE_TESTABILITY = YES;
				GCC_C_LANGUAGE_STANDARD = gnu99;
				GCC_DYNAMIC_NO_PIC = NO;
				GCC_NO_COMMON_BLOCKS = YES;
				GCC_OPTIMIZATION_LEVEL = 0;
				GCC_PREPROCESSOR_DEFINITIONS = (
					"DEBUG=1",
					"$(inherited)",
				);
				GCC_WARN_64_TO_32_BIT_CONVERSION = YES;
				GCC_WARN_ABOUT_RETURN_TYPE = YES_ERROR;
				GCC_WARN_UNDECLARED_SELECTOR = YES;
				GCC_WARN_UNINITIALIZED_AUTOS = YES_AGGRESSIVE;
				GCC_WARN_UNUSED_FUNCTION = YES;
				GCC_WARN_UNUSED_VARIABLE = YES;
				IPHONEOS_DEPLOYMENT_TARGET = 9.1;
				MTL_ENABLE_DEBUG_INFO = YES;
				ONLY_ACTIVE_ARCH = YES;
				SDKROOT = iphoneos;
				SWIFT_OPTIMIZATION_LEVEL = "-Onone";
			};
			name = Debug;
		};
		4E4109CF1C11580A00334190 /* Release */ = {
			isa = XCBuildConfiguration;
			buildSettings = {
				ALWAYS_SEARCH_USER_PATHS = NO;
				CLANG_CXX_LANGUAGE_STANDARD = "gnu++0x";
				CLANG_CXX_LIBRARY = "libc++";
				CLANG_ENABLE_MODULES = YES;
				CLANG_ENABLE_OBJC_ARC = YES;
				CLANG_WARN_BOOL_CONVERSION = YES;
				CLANG_WARN_CONSTANT_CONVERSION = YES;
				CLANG_WARN_DIRECT_OBJC_ISA_USAGE = YES_ERROR;
				CLANG_WARN_EMPTY_BODY = YES;
				CLANG_WARN_ENUM_CONVERSION = YES;
				CLANG_WARN_INT_CONVERSION = YES;
				CLANG_WARN_OBJC_ROOT_CLASS = YES_ERROR;
				CLANG_WARN_UNREACHABLE_CODE = YES;
				CLANG_WARN__DUPLICATE_METHOD_MATCH = YES;
				"CODE_SIGN_IDENTITY[sdk=iphoneos*]" = "iPhone Developer";
				COPY_PHASE_STRIP = NO;
				DEBUG_INFORMATION_FORMAT = "dwarf-with-dsym";
				ENABLE_NS_ASSERTIONS = NO;
				ENABLE_STRICT_OBJC_MSGSEND = YES;
				GCC_C_LANGUAGE_STANDARD = gnu99;
				GCC_NO_COMMON_BLOCKS = YES;
				GCC_WARN_64_TO_32_BIT_CONVERSION = YES;
				GCC_WARN_ABOUT_RETURN_TYPE = YES_ERROR;
				GCC_WARN_UNDECLARED_SELECTOR = YES;
				GCC_WARN_UNINITIALIZED_AUTOS = YES_AGGRESSIVE;
				GCC_WARN_UNUSED_FUNCTION = YES;
				GCC_WARN_UNUSED_VARIABLE = YES;
				IPHONEOS_DEPLOYMENT_TARGET = 9.1;
				MTL_ENABLE_DEBUG_INFO = NO;
				SDKROOT = iphoneos;
				VALIDATE_PRODUCT = YES;
			};
			name = Release;
		};
		4E4109D11C11580A00334190 /* Debug */ = {
			isa = XCBuildConfiguration;
			buildSettings = {
				ASSETCATALOG_COMPILER_APPICON_NAME = AppIcon;
				INFOPLIST_FILE = TestUIViewController/Info.plist;
				LD_RUNPATH_SEARCH_PATHS = "$(inherited) @executable_path/Frameworks";
				PRODUCT_BUNDLE_IDENTIFIER = com.apple.TestUIViewController;
				PRODUCT_NAME = "$(TARGET_NAME)";
			};
			name = Debug;
		};
		4E4109D21C11580A00334190 /* Release */ = {
			isa = XCBuildConfiguration;
			buildSettings = {
				ASSETCATALOG_COMPILER_APPICON_NAME = AppIcon;
				INFOPLIST_FILE = TestUIViewController/Info.plist;
				LD_RUNPATH_SEARCH_PATHS = "$(inherited) @executable_path/Frameworks";
				PRODUCT_BUNDLE_IDENTIFIER = com.apple.TestUIViewController;
				PRODUCT_NAME = "$(TARGET_NAME)";
			};
			name = Release;
		};
		4E4109D41C11580A00334190 /* Debug */ = {
			isa = XCBuildConfiguration;
			buildSettings = {
				BUNDLE_LOADER = "$(TEST_HOST)";
				INFOPLIST_FILE = TestUIViewControllerTests/Info.plist;
				LD_RUNPATH_SEARCH_PATHS = "$(inherited) @executable_path/Frameworks @loader_path/Frameworks";
				PRODUCT_BUNDLE_IDENTIFIER = com.apple.TestUIViewControllerTests;
				PRODUCT_NAME = "$(TARGET_NAME)";
				TEST_HOST = "$(BUILT_PRODUCTS_DIR)/TestUIViewController.app/TestUIViewController";
			};
			name = Debug;
		};
		4E4109D51C11580A00334190 /* Release */ = {
			isa = XCBuildConfiguration;
			buildSettings = {
				BUNDLE_LOADER = "$(TEST_HOST)";
				INFOPLIST_FILE = TestUIViewControllerTests/Info.plist;
				LD_RUNPATH_SEARCH_PATHS = "$(inherited) @executable_path/Frameworks @loader_path/Frameworks";
				PRODUCT_BUNDLE_IDENTIFIER = com.apple.TestUIViewControllerTests;
				PRODUCT_NAME = "$(TARGET_NAME)";
				TEST_HOST = "$(BUILT_PRODUCTS_DIR)/TestUIViewController.app/TestUIViewController";
			};
			name = Release;
		};
		4E4109D71C11580A00334190 /* Debug */ = {
			isa = XCBuildConfiguration;
			buildSettings = {
				INFOPLIST_FILE = TestUIViewControllerUITests/Info.plist;
				LD_RUNPATH_SEARCH_PATHS = "$(inherited) @executable_path/Frameworks @loader_path/Frameworks";
				PRODUCT_BUNDLE_IDENTIFIER = com.apple.TestUIViewControllerUITests;
				PRODUCT_NAME = "$(TARGET_NAME)";
				TEST_TARGET_NAME = TestUIViewController;
				USES_XCTRUNNER = YES;
			};
			name = Debug;
		};
		4E4109D81C11580A00334190 /* Release */ = {
			isa = XCBuildConfiguration;
			buildSettings = {
				INFOPLIST_FILE = TestUIViewControllerUITests/Info.plist;
				LD_RUNPATH_SEARCH_PATHS = "$(inherited) @executable_path/Frameworks @loader_path/Frameworks";
				PRODUCT_BUNDLE_IDENTIFIER = com.apple.TestUIViewControllerUITests;
				PRODUCT_NAME = "$(TARGET_NAME)";
				TEST_TARGET_NAME = TestUIViewController;
				USES_XCTRUNNER = YES;
			};
			name = Release;
		};
/* End XCBuildConfiguration section */

/* Begin XCConfigurationList section */
		4E4109A31C11580A00334190 /* Build configuration list for PBXProject "TestUIViewController" */ = {
			isa = XCConfigurationList;
			buildConfigurations = (
				4E4109CE1C11580A00334190 /* Debug */,
				4E4109CF1C11580A00334190 /* Release */,
			);
			defaultConfigurationIsVisible = 0;
			defaultConfigurationName = Release;
		};
		4E4109D01C11580A00334190 /* Build configuration list for PBXNativeTarget "TestUIViewController" */ = {
			isa = XCConfigurationList;
			buildConfigurations = (
				4E4109D11C11580A00334190 /* Debug */,
				4E4109D21C11580A00334190 /* Release */,
			);
			defaultConfigurationIsVisible = 0;
		};
		4E4109D31C11580A00334190 /* Build configuration list for PBXNativeTarget "TestUIViewControllerTests" */ = {
			isa = XCConfigurationList;
			buildConfigurations = (
				4E4109D41C11580A00334190 /* Debug */,
				4E4109D51C11580A00334190 /* Release */,
			);
			defaultConfigurationIsVisible = 0;
		};
		4E4109D61C11580A00334190 /* Build configuration list for PBXNativeTarget "TestUIViewControllerUITests" */ = {
			isa = XCConfigurationList;
			buildConfigurations = (
				4E4109D71C11580A00334190 /* Debug */,
				4E4109D81C11580A00334190 /* Release */,
			);
			defaultConfigurationIsVisible = 0;
		};
/* End XCConfigurationList section */
	};
	rootObject = 4E4109A01C11580A00334190 /* Project object */;
}
