// !$*UTF8*$!
{
	archiveVersion = 1;
	classes = {
	};
	objectVersion = 46;
	objects = {

/* Begin PBXBuildFile section */
		4E8256BF1C23DA3D006EDFF9 /* AppDelegate.swift in Sources */ = {isa = PBXBuildFile; fileRef = 4E8256BE1C23DA3D006EDFF9 /* AppDelegate.swift */; };
		4E8256C11C23DA3D006EDFF9 /* ViewController.swift in Sources */ = {isa = PBXBuildFile; fileRef = 4E8256C01C23DA3D006EDFF9 /* ViewController.swift */; };
		4E8256C41C23DA3D006EDFF9 /* Main.storyboard in Resources */ = {isa = PBXBuildFile; fileRef = 4E8256C21C23DA3D006EDFF9 /* Main.storyboard */; };
		4E8256C61C23DA3D006EDFF9 /* Assets.xcassets in Resources */ = {isa = PBXBuildFile; fileRef = 4E8256C51C23DA3D006EDFF9 /* Assets.xcassets */; };
		4E8256C91C23DA3D006EDFF9 /* LaunchScreen.storyboard in Resources */ = {isa = PBXBuildFile; fileRef = 4E8256C71C23DA3D006EDFF9 /* LaunchScreen.storyboard */; };
		4E8256D41C23DA3D006EDFF9 /* TestLongPressGestureTests.swift in Sources */ = {isa = PBXBuildFile; fileRef = 4E8256D31C23DA3D006EDFF9 /* TestLongPressGestureTests.swift */; };
		4E8256DF1C23DA3E006EDFF9 /* TestLongPressGestureUITests.swift in Sources */ = {isa = PBXBuildFile; fileRef = 4E8256DE1C23DA3E006EDFF9 /* TestLongPressGestureUITests.swift */; };
/* End PBXBuildFile section */

/* Begin PBXContainerItemProxy section */
		4E8256D01C23DA3D006EDFF9 /* PBXContainerItemProxy */ = {
			isa = PBXContainerItemProxy;
			containerPortal = 4E8256B31C23DA3D006EDFF9 /* Project object */;
			proxyType = 1;
			remoteGlobalIDString = 4E8256BA1C23DA3D006EDFF9;
			remoteInfo = TestLongPressGesture;
		};
		4E8256DB1C23DA3D006EDFF9 /* PBXContainerItemProxy */ = {
			isa = PBXContainerItemProxy;
			containerPortal = 4E8256B31C23DA3D006EDFF9 /* Project object */;
			proxyType = 1;
			remoteGlobalIDString = 4E8256BA1C23DA3D006EDFF9;
			remoteInfo = TestLongPressGesture;
		};
/* End PBXContainerItemProxy section */

/* Begin PBXFileReference section */
		4E8256BB1C23DA3D006EDFF9 /* TestLongPressGesture.app */ = {isa = PBXFileReference; explicitFileType = wrapper.application; includeInIndex = 0; path = TestLongPressGesture.app; sourceTree = BUILT_PRODUCTS_DIR; };
		4E8256BE1C23DA3D006EDFF9 /* AppDelegate.swift */ = {isa = PBXFileReference; lastKnownFileType = sourcecode.swift; path = AppDelegate.swift; sourceTree = "<group>"; };
		4E8256C01C23DA3D006EDFF9 /* ViewController.swift */ = {isa = PBXFileReference; lastKnownFileType = sourcecode.swift; path = ViewController.swift; sourceTree = "<group>"; };
		4E8256C31C23DA3D006EDFF9 /* Base */ = {isa = PBXFileReference; lastKnownFileType = file.storyboard; name = Base; path = Base.lproj/Main.storyboard; sourceTree = "<group>"; };
		4E8256C51C23DA3D006EDFF9 /* Assets.xcassets */ = {isa = PBXFileReference; lastKnownFileType = folder.assetcatalog; path = Assets.xcassets; sourceTree = "<group>"; };
		4E8256C81C23DA3D006EDFF9 /* Base */ = {isa = PBXFileReference; lastKnownFileType = file.storyboard; name = Base; path = Base.lproj/LaunchScreen.storyboard; sourceTree = "<group>"; };
		4E8256CA1C23DA3D006EDFF9 /* Info.plist */ = {isa = PBXFileReference; lastKnownFileType = text.plist.xml; path = Info.plist; sourceTree = "<group>"; };
		4E8256CF1C23DA3D006EDFF9 /* TestLongPressGestureTests.xctest */ = {isa = PBXFileReference; explicitFileType = wrapper.cfbundle; includeInIndex = 0; path = TestLongPressGestureTests.xctest; sourceTree = BUILT_PRODUCTS_DIR; };
		4E8256D31C23DA3D006EDFF9 /* TestLongPressGestureTests.swift */ = {isa = PBXFileReference; lastKnownFileType = sourcecode.swift; path = TestLongPressGestureTests.swift; sourceTree = "<group>"; };
		4E8256D51C23DA3D006EDFF9 /* Info.plist */ = {isa = PBXFileReference; lastKnownFileType = text.plist.xml; path = Info.plist; sourceTree = "<group>"; };
		4E8256DA1C23DA3D006EDFF9 /* TestLongPressGestureUITests.xctest */ = {isa = PBXFileReference; explicitFileType = wrapper.cfbundle; includeInIndex = 0; path = TestLongPressGestureUITests.xctest; sourceTree = BUILT_PRODUCTS_DIR; };
		4E8256DE1C23DA3E006EDFF9 /* TestLongPressGestureUITests.swift */ = {isa = PBXFileReference; lastKnownFileType = sourcecode.swift; path = TestLongPressGestureUITests.swift; sourceTree = "<group>"; };
		4E8256E01C23DA3E006EDFF9 /* Info.plist */ = {isa = PBXFileReference; lastKnownFileType = text.plist.xml; path = Info.plist; sourceTree = "<group>"; };
/* End PBXFileReference section */

/* Begin PBXFrameworksBuildPhase section */
		4E8256B81C23DA3D006EDFF9 /* Frameworks */ = {
			isa = PBXFrameworksBuildPhase;
			buildActionMask = 2147483647;
			files = (
			);
			runOnlyForDeploymentPostprocessing = 0;
		};
		4E8256CC1C23DA3D006EDFF9 /* Frameworks */ = {
			isa = PBXFrameworksBuildPhase;
			buildActionMask = 2147483647;
			files = (
			);
			runOnlyForDeploymentPostprocessing = 0;
		};
		4E8256D71C23DA3D006EDFF9 /* Frameworks */ = {
			isa = PBXFrameworksBuildPhase;
			buildActionMask = 2147483647;
			files = (
			);
			runOnlyForDeploymentPostprocessing = 0;
		};
/* End PBXFrameworksBuildPhase section */

/* Begin PBXGroup section */
		4E8256B21C23DA3D006EDFF9 = {
			isa = PBXGroup;
			children = (
				4E8256BD1C23DA3D006EDFF9 /* TestLongPressGesture */,
				4E8256D21C23DA3D006EDFF9 /* TestLongPressGestureTests */,
				4E8256DD1C23DA3D006EDFF9 /* TestLongPressGestureUITests */,
				4E8256BC1C23DA3D006EDFF9 /* Products */,
			);
			sourceTree = "<group>";
		};
		4E8256BC1C23DA3D006EDFF9 /* Products */ = {
			isa = PBXGroup;
			children = (
				4E8256BB1C23DA3D006EDFF9 /* TestLongPressGesture.app */,
				4E8256CF1C23DA3D006EDFF9 /* TestLongPressGestureTests.xctest */,
				4E8256DA1C23DA3D006EDFF9 /* TestLongPressGestureUITests.xctest */,
			);
			name = Products;
			sourceTree = "<group>";
		};
		4E8256BD1C23DA3D006EDFF9 /* TestLongPressGesture */ = {
			isa = PBXGroup;
			children = (
				4E8256BE1C23DA3D006EDFF9 /* AppDelegate.swift */,
				4E8256C01C23DA3D006EDFF9 /* ViewController.swift */,
				4E8256C21C23DA3D006EDFF9 /* Main.storyboard */,
				4E8256C51C23DA3D006EDFF9 /* Assets.xcassets */,
				4E8256C71C23DA3D006EDFF9 /* LaunchScreen.storyboard */,
				4E8256CA1C23DA3D006EDFF9 /* Info.plist */,
			);
			path = TestLongPressGesture;
			sourceTree = "<group>";
		};
		4E8256D21C23DA3D006EDFF9 /* TestLongPressGestureTests */ = {
			isa = PBXGroup;
			children = (
				4E8256D31C23DA3D006EDFF9 /* TestLongPressGestureTests.swift */,
				4E8256D51C23DA3D006EDFF9 /* Info.plist */,
			);
			path = TestLongPressGestureTests;
			sourceTree = "<group>";
		};
		4E8256DD1C23DA3D006EDFF9 /* TestLongPressGestureUITests */ = {
			isa = PBXGroup;
			children = (
				4E8256DE1C23DA3E006EDFF9 /* TestLongPressGestureUITests.swift */,
				4E8256E01C23DA3E006EDFF9 /* Info.plist */,
			);
			path = TestLongPressGestureUITests;
			sourceTree = "<group>";
		};
/* End PBXGroup section */

/* Begin PBXNativeTarget section */
		4E8256BA1C23DA3D006EDFF9 /* TestLongPressGesture */ = {
			isa = PBXNativeTarget;
			buildConfigurationList = 4E8256E31C23DA3E006EDFF9 /* Build configuration list for PBXNativeTarget "TestLongPressGesture" */;
			buildPhases = (
				4E8256B71C23DA3D006EDFF9 /* Sources */,
				4E8256B81C23DA3D006EDFF9 /* Frameworks */,
				4E8256B91C23DA3D006EDFF9 /* Resources */,
			);
			buildRules = (
			);
			dependencies = (
			);
			name = TestLongPressGesture;
			productName = TestLongPressGesture;
			productReference = 4E8256BB1C23DA3D006EDFF9 /* TestLongPressGesture.app */;
			productType = "com.apple.product-type.application";
		};
		4E8256CE1C23DA3D006EDFF9 /* TestLongPressGestureTests */ = {
			isa = PBXNativeTarget;
			buildConfigurationList = 4E8256E61C23DA3E006EDFF9 /* Build configuration list for PBXNativeTarget "TestLongPressGestureTests" */;
			buildPhases = (
				4E8256CB1C23DA3D006EDFF9 /* Sources */,
				4E8256CC1C23DA3D006EDFF9 /* Frameworks */,
				4E8256CD1C23DA3D006EDFF9 /* Resources */,
			);
			buildRules = (
			);
			dependencies = (
				4E8256D11C23DA3D006EDFF9 /* PBXTargetDependency */,
			);
			name = TestLongPressGestureTests;
			productName = TestLongPressGestureTests;
			productReference = 4E8256CF1C23DA3D006EDFF9 /* TestLongPressGestureTests.xctest */;
			productType = "com.apple.product-type.bundle.unit-test";
		};
		4E8256D91C23DA3D006EDFF9 /* TestLongPressGestureUITests */ = {
			isa = PBXNativeTarget;
			buildConfigurationList = 4E8256E91C23DA3E006EDFF9 /* Build configuration list for PBXNativeTarget "TestLongPressGestureUITests" */;
			buildPhases = (
				4E8256D61C23DA3D006EDFF9 /* Sources */,
				4E8256D71C23DA3D006EDFF9 /* Frameworks */,
				4E8256D81C23DA3D006EDFF9 /* Resources */,
			);
			buildRules = (
			);
			dependencies = (
				4E8256DC1C23DA3D006EDFF9 /* PBXTargetDependency */,
			);
			name = TestLongPressGestureUITests;
			productName = TestLongPressGestureUITests;
			productReference = 4E8256DA1C23DA3D006EDFF9 /* TestLongPressGestureUITests.xctest */;
			productType = "com.apple.product-type.bundle.ui-testing";
		};
/* End PBXNativeTarget section */

/* Begin PBXProject section */
		4E8256B31C23DA3D006EDFF9 /* Project object */ = {
			isa = PBXProject;
			attributes = {
				LastSwiftUpdateCheck = 0720;
				LastUpgradeCheck = 0720;
				ORGANIZATIONNAME = apple;
				TargetAttributes = {
					4E8256BA1C23DA3D006EDFF9 = {
						CreatedOnToolsVersion = 7.2;
					};
					4E8256CE1C23DA3D006EDFF9 = {
						CreatedOnToolsVersion = 7.2;
						TestTargetID = 4E8256BA1C23DA3D006EDFF9;
					};
					4E8256D91C23DA3D006EDFF9 = {
						CreatedOnToolsVersion = 7.2;
						TestTargetID = 4E8256BA1C23DA3D006EDFF9;
					};
				};
			};
			buildConfigurationList = 4E8256B61C23DA3D006EDFF9 /* Build configuration list for PBXProject "TestLongPressGesture" */;
			compatibilityVersion = "Xcode 3.2";
			developmentRegion = English;
			hasScannedForEncodings = 0;
			knownRegions = (
				en,
				Base,
			);
			mainGroup = 4E8256B21C23DA3D006EDFF9;
			productRefGroup = 4E8256BC1C23DA3D006EDFF9 /* Products */;
			projectDirPath = "";
			projectRoot = "";
			targets = (
				4E8256BA1C23DA3D006EDFF9 /* TestLongPressGesture */,
				4E8256CE1C23DA3D006EDFF9 /* TestLongPressGestureTests */,
				4E8256D91C23DA3D006EDFF9 /* TestLongPressGestureUITests */,
			);
		};
/* End PBXProject section */

/* Begin PBXResourcesBuildPhase section */
		4E8256B91C23DA3D006EDFF9 /* Resources */ = {
			isa = PBXResourcesBuildPhase;
			buildActionMask = 2147483647;
			files = (
				4E8256C91C23DA3D006EDFF9 /* LaunchScreen.storyboard in Resources */,
				4E8256C61C23DA3D006EDFF9 /* Assets.xcassets in Resources */,
				4E8256C41C23DA3D006EDFF9 /* Main.storyboard in Resources */,
			);
			runOnlyForDeploymentPostprocessing = 0;
		};
		4E8256CD1C23DA3D006EDFF9 /* Resources */ = {
			isa = PBXResourcesBuildPhase;
			buildActionMask = 2147483647;
			files = (
			);
			runOnlyForDeploymentPostprocessing = 0;
		};
		4E8256D81C23DA3D006EDFF9 /* Resources */ = {
			isa = PBXResourcesBuildPhase;
			buildActionMask = 2147483647;
			files = (
			);
			runOnlyForDeploymentPostprocessing = 0;
		};
/* End PBXResourcesBuildPhase section */

/* Begin PBXSourcesBuildPhase section */
		4E8256B71C23DA3D006EDFF9 /* Sources */ = {
			isa = PBXSourcesBuildPhase;
			buildActionMask = 2147483647;
			files = (
				4E8256C11C23DA3D006EDFF9 /* ViewController.swift in Sources */,
				4E8256BF1C23DA3D006EDFF9 /* AppDelegate.swift in Sources */,
			);
			runOnlyForDeploymentPostprocessing = 0;
		};
		4E8256CB1C23DA3D006EDFF9 /* Sources */ = {
			isa = PBXSourcesBuildPhase;
			buildActionMask = 2147483647;
			files = (
				4E8256D41C23DA3D006EDFF9 /* TestLongPressGestureTests.swift in Sources */,
			);
			runOnlyForDeploymentPostprocessing = 0;
		};
		4E8256D61C23DA3D006EDFF9 /* Sources */ = {
			isa = PBXSourcesBuildPhase;
			buildActionMask = 2147483647;
			files = (
				4E8256DF1C23DA3E006EDFF9 /* TestLongPressGestureUITests.swift in Sources */,
			);
			runOnlyForDeploymentPostprocessing = 0;
		};
/* End PBXSourcesBuildPhase section */

/* Begin PBXTargetDependency section */
		4E8256D11C23DA3D006EDFF9 /* PBXTargetDependency */ = {
			isa = PBXTargetDependency;
			target = 4E8256BA1C23DA3D006EDFF9 /* TestLongPressGesture */;
			targetProxy = 4E8256D01C23DA3D006EDFF9 /* PBXContainerItemProxy */;
		};
		4E8256DC1C23DA3D006EDFF9 /* PBXTargetDependency */ = {
			isa = PBXTargetDependency;
			target = 4E8256BA1C23DA3D006EDFF9 /* TestLongPressGesture */;
			targetProxy = 4E8256DB1C23DA3D006EDFF9 /* PBXContainerItemProxy */;
		};
/* End PBXTargetDependency section */

/* Begin PBXVariantGroup section */
		4E8256C21C23DA3D006EDFF9 /* Main.storyboard */ = {
			isa = PBXVariantGroup;
			children = (
				4E8256C31C23DA3D006EDFF9 /* Base */,
			);
			name = Main.storyboard;
			sourceTree = "<group>";
		};
		4E8256C71C23DA3D006EDFF9 /* LaunchScreen.storyboard */ = {
			isa = PBXVariantGroup;
			children = (
				4E8256C81C23DA3D006EDFF9 /* Base */,
			);
			name = LaunchScreen.storyboard;
			sourceTree = "<group>";
		};
/* End PBXVariantGroup section */

/* Begin XCBuildConfiguration section */
		4E8256E11C23DA3E006EDFF9 /* Debug */ = {
			isa = XCBuildConfiguration;
			buildSettings = {
				ALWAYS_SEARCH_USER_PATHS = NO;
				CLANG_CXX_LANGUAGE_STANDARD = "gnu++0x";
				CLANG_CXX_LIBRARY = "libc++";
				CLANG_ENABLE_MODULES = YES;
				CLANG_ENABLE_OBJC_ARC = YES;
				CLANG_WARN_BOOL_CONVERSION = YES;
				CLANG_WARN_CONSTANT_CONVERSION = YES;
				CLANG_WARN_DIRECT_OBJC_ISA_USAGE = YES_ERROR;
				CLANG_WARN_EMPTY_BODY = YES;
				CLANG_WARN_ENUM_CONVERSION = YES;
				CLANG_WARN_INT_CONVERSION = YES;
				CLANG_WARN_OBJC_ROOT_CLASS = YES_ERROR;
				CLANG_WARN_UNREACHABLE_CODE = YES;
				CLANG_WARN__DUPLICATE_METHOD_MATCH = YES;
				"CODE_SIGN_IDENTITY[sdk=iphoneos*]" = "iPhone Developer";
				COPY_PHASE_STRIP = NO;
				DEBUG_INFORMATION_FORMAT = dwarf;
				ENABLE_STRICT_OBJC_MSGSEND = YES;
				ENABLE_TESTABILITY = YES;
				GCC_C_LANGUAGE_STANDARD = gnu99;
				GCC_DYNAMIC_NO_PIC = NO;
				GCC_NO_COMMON_BLOCKS = YES;
				GCC_OPTIMIZATION_LEVEL = 0;
				GCC_PREPROCESSOR_DEFINITIONS = (
					"DEBUG=1",
					"$(inherited)",
				);
				GCC_WARN_64_TO_32_BIT_CONVERSION = YES;
				GCC_WARN_ABOUT_RETURN_TYPE = YES_ERROR;
				GCC_WARN_UNDECLARED_SELECTOR = YES;
				GCC_WARN_UNINITIALIZED_AUTOS = YES_AGGRESSIVE;
				GCC_WARN_UNUSED_FUNCTION = YES;
				GCC_WARN_UNUSED_VARIABLE = YES;
				IPHONEOS_DEPLOYMENT_TARGET = 9.2;
				MTL_ENABLE_DEBUG_INFO = YES;
				ONLY_ACTIVE_ARCH = YES;
				SDKROOT = iphoneos;
				SWIFT_OPTIMIZATION_LEVEL = "-Onone";
			};
			name = Debug;
		};
		4E8256E21C23DA3E006EDFF9 /* Release */ = {
			isa = XCBuildConfiguration;
			buildSettings = {
				ALWAYS_SEARCH_USER_PATHS = NO;
				CLANG_CXX_LANGUAGE_STANDARD = "gnu++0x";
				CLANG_CXX_LIBRARY = "libc++";
				CLANG_ENABLE_MODULES = YES;
				CLANG_ENABLE_OBJC_ARC = YES;
				CLANG_WARN_BOOL_CONVERSION = YES;
				CLANG_WARN_CONSTANT_CONVERSION = YES;
				CLANG_WARN_DIRECT_OBJC_ISA_USAGE = YES_ERROR;
				CLANG_WARN_EMPTY_BODY = YES;
				CLANG_WARN_ENUM_CONVERSION = YES;
				CLANG_WARN_INT_CONVERSION = YES;
				CLANG_WARN_OBJC_ROOT_CLASS = YES_ERROR;
				CLANG_WARN_UNREACHABLE_CODE = YES;
				CLANG_WARN__DUPLICATE_METHOD_MATCH = YES;
				"CODE_SIGN_IDENTITY[sdk=iphoneos*]" = "iPhone Developer";
				COPY_PHASE_STRIP = NO;
				DEBUG_INFORMATION_FORMAT = "dwarf-with-dsym";
				ENABLE_NS_ASSERTIONS = NO;
				ENABLE_STRICT_OBJC_MSGSEND = YES;
				GCC_C_LANGUAGE_STANDARD = gnu99;
				GCC_NO_COMMON_BLOCKS = YES;
				GCC_WARN_64_TO_32_BIT_CONVERSION = YES;
				GCC_WARN_ABOUT_RETURN_TYPE = YES_ERROR;
				GCC_WARN_UNDECLARED_SELECTOR = YES;
				GCC_WARN_UNINITIALIZED_AUTOS = YES_AGGRESSIVE;
				GCC_WARN_UNUSED_FUNCTION = YES;
				GCC_WARN_UNUSED_VARIABLE = YES;
				IPHONEOS_DEPLOYMENT_TARGET = 9.2;
				MTL_ENABLE_DEBUG_INFO = NO;
				SDKROOT = iphoneos;
				VALIDATE_PRODUCT = YES;
			};
			name = Release;
		};
		4E8256E41C23DA3E006EDFF9 /* Debug */ = {
			isa = XCBuildConfiguration;
			buildSettings = {
				ASSETCATALOG_COMPILER_APPICON_NAME = AppIcon;
				INFOPLIST_FILE = TestLongPressGesture/Info.plist;
				LD_RUNPATH_SEARCH_PATHS = "$(inherited) @executable_path/Frameworks";
				PRODUCT_BUNDLE_IDENTIFIER = com.apple.TestLongPressGesture;
				PRODUCT_NAME = "$(TARGET_NAME)";
			};
			name = Debug;
		};
		4E8256E51C23DA3E006EDFF9 /* Release */ = {
			isa = XCBuildConfiguration;
			buildSettings = {
				ASSETCATALOG_COMPILER_APPICON_NAME = AppIcon;
				INFOPLIST_FILE = TestLongPressGesture/Info.plist;
				LD_RUNPATH_SEARCH_PATHS = "$(inherited) @executable_path/Frameworks";
				PRODUCT_BUNDLE_IDENTIFIER = com.apple.TestLongPressGesture;
				PRODUCT_NAME = "$(TARGET_NAME)";
			};
			name = Release;
		};
		4E8256E71C23DA3E006EDFF9 /* Debug */ = {
			isa = XCBuildConfiguration;
			buildSettings = {
				BUNDLE_LOADER = "$(TEST_HOST)";
				INFOPLIST_FILE = TestLongPressGestureTests/Info.plist;
				LD_RUNPATH_SEARCH_PATHS = "$(inherited) @executable_path/Frameworks @loader_path/Frameworks";
				PRODUCT_BUNDLE_IDENTIFIER = com.apple.TestLongPressGestureTests;
				PRODUCT_NAME = "$(TARGET_NAME)";
				TEST_HOST = "$(BUILT_PRODUCTS_DIR)/TestLongPressGesture.app/TestLongPressGesture";
			};
			name = Debug;
		};
		4E8256E81C23DA3E006EDFF9 /* Release */ = {
			isa = XCBuildConfiguration;
			buildSettings = {
				BUNDLE_LOADER = "$(TEST_HOST)";
				INFOPLIST_FILE = TestLongPressGestureTests/Info.plist;
				LD_RUNPATH_SEARCH_PATHS = "$(inherited) @executable_path/Frameworks @loader_path/Frameworks";
				PRODUCT_BUNDLE_IDENTIFIER = com.apple.TestLongPressGestureTests;
				PRODUCT_NAME = "$(TARGET_NAME)";
				TEST_HOST = "$(BUILT_PRODUCTS_DIR)/TestLongPressGesture.app/TestLongPressGesture";
			};
			name = Release;
		};
		4E8256EA1C23DA3E006EDFF9 /* Debug */ = {
			isa = XCBuildConfiguration;
			buildSettings = {
				INFOPLIST_FILE = TestLongPressGestureUITests/Info.plist;
				LD_RUNPATH_SEARCH_PATHS = "$(inherited) @executable_path/Frameworks @loader_path/Frameworks";
				PRODUCT_BUNDLE_IDENTIFIER = com.apple.TestLongPressGestureUITests;
				PRODUCT_NAME = "$(TARGET_NAME)";
				TEST_TARGET_NAME = TestLongPressGesture;
				USES_XCTRUNNER = YES;
			};
			name = Debug;
		};
		4E8256EB1C23DA3E006EDFF9 /* Release */ = {
			isa = XCBuildConfiguration;
			buildSettings = {
				INFOPLIST_FILE = TestLongPressGestureUITests/Info.plist;
				LD_RUNPATH_SEARCH_PATHS = "$(inherited) @executable_path/Frameworks @loader_path/Frameworks";
				PRODUCT_BUNDLE_IDENTIFIER = com.apple.TestLongPressGestureUITests;
				PRODUCT_NAME = "$(TARGET_NAME)";
				TEST_TARGET_NAME = TestLongPressGesture;
				USES_XCTRUNNER = YES;
			};
			name = Release;
		};
/* End XCBuildConfiguration section */

/* Begin XCConfigurationList section */
		4E8256B61C23DA3D006EDFF9 /* Build configuration list for PBXProject "TestLongPressGesture" */ = {
			isa = XCConfigurationList;
			buildConfigurations = (
				4E8256E11C23DA3E006EDFF9 /* Debug */,
				4E8256E21C23DA3E006EDFF9 /* Release */,
			);
			defaultConfigurationIsVisible = 0;
			defaultConfigurationName = Release;
		};
		4E8256E31C23DA3E006EDFF9 /* Build configuration list for PBXNativeTarget "TestLongPressGesture" */ = {
			isa = XCConfigurationList;
			buildConfigurations = (
				4E8256E41C23DA3E006EDFF9 /* Debug */,
				4E8256E51C23DA3E006EDFF9 /* Release */,
			);
			defaultConfigurationIsVisible = 0;
		};
		4E8256E61C23DA3E006EDFF9 /* Build configuration list for PBXNativeTarget "TestLongPressGestureTests" */ = {
			isa = XCConfigurationList;
			buildConfigurations = (
				4E8256E71C23DA3E006EDFF9 /* Debug */,
				4E8256E81C23DA3E006EDFF9 /* Release */,
			);
			defaultConfigurationIsVisible = 0;
		};
		4E8256E91C23DA3E006EDFF9 /* Build configuration list for PBXNativeTarget "TestLongPressGestureUITests" */ = {
			isa = XCConfigurationList;
			buildConfigurations = (
				4E8256EA1C23DA3E006EDFF9 /* Debug */,
				4E8256EB1C23DA3E006EDFF9 /* Release */,
			);
			defaultConfigurationIsVisible = 0;
		};
/* End XCConfigurationList section */
	};
	rootObject = 4E8256B31C23DA3D006EDFF9 /* Project object */;
}
