// !$*UTF8*$!
{
	archiveVersion = 1;
	classes = {
	};
	objectVersion = 46;
	objects = {

/* Begin PBXBuildFile section */
		4E8257A71C23E903006EDFF9 /* AppDelegate.swift in Sources */ = {isa = PBXBuildFile; fileRef = 4E8257A61C23E903006EDFF9 /* AppDelegate.swift */; };
		4E8257A91C23E903006EDFF9 /* ViewController.swift in Sources */ = {isa = PBXBuildFile; fileRef = 4E8257A81C23E903006EDFF9 /* ViewController.swift */; };
		4E8257AC1C23E903006EDFF9 /* Main.storyboard in Resources */ = {isa = PBXBuildFile; fileRef = 4E8257AA1C23E903006EDFF9 /* Main.storyboard */; };
		4E8257AE1C23E903006EDFF9 /* Assets.xcassets in Resources */ = {isa = PBXBuildFile; fileRef = 4E8257AD1C23E903006EDFF9 /* Assets.xcassets */; };
		4E8257B11C23E903006EDFF9 /* LaunchScreen.storyboard in Resources */ = {isa = PBXBuildFile; fileRef = 4E8257AF1C23E903006EDFF9 /* LaunchScreen.storyboard */; };
		4E8257BC1C23E903006EDFF9 /* TestPinchGestureTests.swift in Sources */ = {isa = PBXBuildFile; fileRef = 4E8257BB1C23E903006EDFF9 /* TestPinchGestureTests.swift */; };
		4E8257C71C23E903006EDFF9 /* TestPinchGestureUITests.swift in Sources */ = {isa = PBXBuildFile; fileRef = 4E8257C61C23E903006EDFF9 /* TestPinchGestureUITests.swift */; };
/* End PBXBuildFile section */

/* Begin PBXContainerItemProxy section */
		4E8257B81C23E903006EDFF9 /* PBXContainerItemProxy */ = {
			isa = PBXContainerItemProxy;
			containerPortal = 4E82579B1C23E903006EDFF9 /* Project object */;
			proxyType = 1;
			remoteGlobalIDString = 4E8257A21C23E903006EDFF9;
			remoteInfo = TestPinchGesture;
		};
		4E8257C31C23E903006EDFF9 /* PBXContainerItemProxy */ = {
			isa = PBXContainerItemProxy;
			containerPortal = 4E82579B1C23E903006EDFF9 /* Project object */;
			proxyType = 1;
			remoteGlobalIDString = 4E8257A21C23E903006EDFF9;
			remoteInfo = TestPinchGesture;
		};
/* End PBXContainerItemProxy section */

/* Begin PBXFileReference section */
		4E8257A31C23E903006EDFF9 /* TestPinchGesture.app */ = {isa = PBXFileReference; explicitFileType = wrapper.application; includeInIndex = 0; path = TestPinchGesture.app; sourceTree = BUILT_PRODUCTS_DIR; };
		4E8257A61C23E903006EDFF9 /* AppDelegate.swift */ = {isa = PBXFileReference; lastKnownFileType = sourcecode.swift; path = AppDelegate.swift; sourceTree = "<group>"; };
		4E8257A81C23E903006EDFF9 /* ViewController.swift */ = {isa = PBXFileReference; lastKnownFileType = sourcecode.swift; path = ViewController.swift; sourceTree = "<group>"; };
		4E8257AB1C23E903006EDFF9 /* Base */ = {isa = PBXFileReference; lastKnownFileType = file.storyboard; name = Base; path = Base.lproj/Main.storyboard; sourceTree = "<group>"; };
		4E8257AD1C23E903006EDFF9 /* Assets.xcassets */ = {isa = PBXFileReference; lastKnownFileType = folder.assetcatalog; path = Assets.xcassets; sourceTree = "<group>"; };
		4E8257B01C23E903006EDFF9 /* Base */ = {isa = PBXFileReference; lastKnownFileType = file.storyboard; name = Base; path = Base.lproj/LaunchScreen.storyboard; sourceTree = "<group>"; };
		4E8257B21C23E903006EDFF9 /* Info.plist */ = {isa = PBXFileReference; lastKnownFileType = text.plist.xml; path = Info.plist; sourceTree = "<group>"; };
		4E8257B71C23E903006EDFF9 /* TestPinchGestureTests.xctest */ = {isa = PBXFileReference; explicitFileType = wrapper.cfbundle; includeInIndex = 0; path = TestPinchGestureTests.xctest; sourceTree = BUILT_PRODUCTS_DIR; };
		4E8257BB1C23E903006EDFF9 /* TestPinchGestureTests.swift */ = {isa = PBXFileReference; lastKnownFileType = sourcecode.swift; path = TestPinchGestureTests.swift; sourceTree = "<group>"; };
		4E8257BD1C23E903006EDFF9 /* Info.plist */ = {isa = PBXFileReference; lastKnownFileType = text.plist.xml; path = Info.plist; sourceTree = "<group>"; };
		4E8257C21C23E903006EDFF9 /* TestPinchGestureUITests.xctest */ = {isa = PBXFileReference; explicitFileType = wrapper.cfbundle; includeInIndex = 0; path = TestPinchGestureUITests.xctest; sourceTree = BUILT_PRODUCTS_DIR; };
		4E8257C61C23E903006EDFF9 /* TestPinchGestureUITests.swift */ = {isa = PBXFileReference; lastKnownFileType = sourcecode.swift; path = TestPinchGestureUITests.swift; sourceTree = "<group>"; };
		4E8257C81C23E903006EDFF9 /* Info.plist */ = {isa = PBXFileReference; lastKnownFileType = text.plist.xml; path = Info.plist; sourceTree = "<group>"; };
/* End PBXFileReference section */

/* Begin PBXFrameworksBuildPhase section */
		4E8257A01C23E903006EDFF9 /* Frameworks */ = {
			isa = PBXFrameworksBuildPhase;
			buildActionMask = 2147483647;
			files = (
			);
			runOnlyForDeploymentPostprocessing = 0;
		};
		4E8257B41C23E903006EDFF9 /* Frameworks */ = {
			isa = PBXFrameworksBuildPhase;
			buildActionMask = 2147483647;
			files = (
			);
			runOnlyForDeploymentPostprocessing = 0;
		};
		4E8257BF1C23E903006EDFF9 /* Frameworks */ = {
			isa = PBXFrameworksBuildPhase;
			buildActionMask = 2147483647;
			files = (
			);
			runOnlyForDeploymentPostprocessing = 0;
		};
/* End PBXFrameworksBuildPhase section */

/* Begin PBXGroup section */
		4E82579A1C23E903006EDFF9 = {
			isa = PBXGroup;
			children = (
				4E8257A51C23E903006EDFF9 /* TestPinchGesture */,
				4E8257BA1C23E903006EDFF9 /* TestPinchGestureTests */,
				4E8257C51C23E903006EDFF9 /* TestPinchGestureUITests */,
				4E8257A41C23E903006EDFF9 /* Products */,
			);
			sourceTree = "<group>";
		};
		4E8257A41C23E903006EDFF9 /* Products */ = {
			isa = PBXGroup;
			children = (
				4E8257A31C23E903006EDFF9 /* TestPinchGesture.app */,
				4E8257B71C23E903006EDFF9 /* TestPinchGestureTests.xctest */,
				4E8257C21C23E903006EDFF9 /* TestPinchGestureUITests.xctest */,
			);
			name = Products;
			sourceTree = "<group>";
		};
		4E8257A51C23E903006EDFF9 /* TestPinchGesture */ = {
			isa = PBXGroup;
			children = (
				4E8257A61C23E903006EDFF9 /* AppDelegate.swift */,
				4E8257A81C23E903006EDFF9 /* ViewController.swift */,
				4E8257AA1C23E903006EDFF9 /* Main.storyboard */,
				4E8257AD1C23E903006EDFF9 /* Assets.xcassets */,
				4E8257AF1C23E903006EDFF9 /* LaunchScreen.storyboard */,
				4E8257B21C23E903006EDFF9 /* Info.plist */,
			);
			path = TestPinchGesture;
			sourceTree = "<group>";
		};
		4E8257BA1C23E903006EDFF9 /* TestPinchGestureTests */ = {
			isa = PBXGroup;
			children = (
				4E8257BB1C23E903006EDFF9 /* TestPinchGestureTests.swift */,
				4E8257BD1C23E903006EDFF9 /* Info.plist */,
			);
			path = TestPinchGestureTests;
			sourceTree = "<group>";
		};
		4E8257C51C23E903006EDFF9 /* TestPinchGestureUITests */ = {
			isa = PBXGroup;
			children = (
				4E8257C61C23E903006EDFF9 /* TestPinchGestureUITests.swift */,
				4E8257C81C23E903006EDFF9 /* Info.plist */,
			);
			path = TestPinchGestureUITests;
			sourceTree = "<group>";
		};
/* End PBXGroup section */

/* Begin PBXNativeTarget section */
		4E8257A21C23E903006EDFF9 /* TestPinchGesture */ = {
			isa = PBXNativeTarget;
			buildConfigurationList = 4E8257CB1C23E903006EDFF9 /* Build configuration list for PBXNativeTarget "TestPinchGesture" */;
			buildPhases = (
				4E82579F1C23E903006EDFF9 /* Sources */,
				4E8257A01C23E903006EDFF9 /* Frameworks */,
				4E8257A11C23E903006EDFF9 /* Resources */,
			);
			buildRules = (
			);
			dependencies = (
			);
			name = TestPinchGesture;
			productName = TestPinchGesture;
			productReference = 4E8257A31C23E903006EDFF9 /* TestPinchGesture.app */;
			productType = "com.apple.product-type.application";
		};
		4E8257B61C23E903006EDFF9 /* TestPinchGestureTests */ = {
			isa = PBXNativeTarget;
			buildConfigurationList = 4E8257CE1C23E903006EDFF9 /* Build configuration list for PBXNativeTarget "TestPinchGestureTests" */;
			buildPhases = (
				4E8257B31C23E903006EDFF9 /* Sources */,
				4E8257B41C23E903006EDFF9 /* Frameworks */,
				4E8257B51C23E903006EDFF9 /* Resources */,
			);
			buildRules = (
			);
			dependencies = (
				4E8257B91C23E903006EDFF9 /* PBXTargetDependency */,
			);
			name = TestPinchGestureTests;
			productName = TestPinchGestureTests;
			productReference = 4E8257B71C23E903006EDFF9 /* TestPinchGestureTests.xctest */;
			productType = "com.apple.product-type.bundle.unit-test";
		};
		4E8257C11C23E903006EDFF9 /* TestPinchGestureUITests */ = {
			isa = PBXNativeTarget;
			buildConfigurationList = 4E8257D11C23E903006EDFF9 /* Build configuration list for PBXNativeTarget "TestPinchGestureUITests" */;
			buildPhases = (
				4E8257BE1C23E903006EDFF9 /* Sources */,
				4E8257BF1C23E903006EDFF9 /* Frameworks */,
				4E8257C01C23E903006EDFF9 /* Resources */,
			);
			buildRules = (
			);
			dependencies = (
				4E8257C41C23E903006EDFF9 /* PBXTargetDependency */,
			);
			name = TestPinchGestureUITests;
			productName = TestPinchGestureUITests;
			productReference = 4E8257C21C23E903006EDFF9 /* TestPinchGestureUITests.xctest */;
			productType = "com.apple.product-type.bundle.ui-testing";
		};
/* End PBXNativeTarget section */

/* Begin PBXProject section */
		4E82579B1C23E903006EDFF9 /* Project object */ = {
			isa = PBXProject;
			attributes = {
				LastSwiftUpdateCheck = 0720;
				LastUpgradeCheck = 0720;
				ORGANIZATIONNAME = apple;
				TargetAttributes = {
					4E8257A21C23E903006EDFF9 = {
						CreatedOnToolsVersion = 7.2;
					};
					4E8257B61C23E903006EDFF9 = {
						CreatedOnToolsVersion = 7.2;
						TestTargetID = 4E8257A21C23E903006EDFF9;
					};
					4E8257C11C23E903006EDFF9 = {
						CreatedOnToolsVersion = 7.2;
						TestTargetID = 4E8257A21C23E903006EDFF9;
					};
				};
			};
			buildConfigurationList = 4E82579E1C23E903006EDFF9 /* Build configuration list for PBXProject "TestPinchGesture" */;
			compatibilityVersion = "Xcode 3.2";
			developmentRegion = English;
			hasScannedForEncodings = 0;
			knownRegions = (
				en,
				Base,
			);
			mainGroup = 4E82579A1C23E903006EDFF9;
			productRefGroup = 4E8257A41C23E903006EDFF9 /* Products */;
			projectDirPath = "";
			projectRoot = "";
			targets = (
				4E8257A21C23E903006EDFF9 /* TestPinchGesture */,
				4E8257B61C23E903006EDFF9 /* TestPinchGestureTests */,
				4E8257C11C23E903006EDFF9 /* TestPinchGestureUITests */,
			);
		};
/* End PBXProject section */

/* Begin PBXResourcesBuildPhase section */
		4E8257A11C23E903006EDFF9 /* Resources */ = {
			isa = PBXResourcesBuildPhase;
			buildActionMask = 2147483647;
			files = (
				4E8257B11C23E903006EDFF9 /* LaunchScreen.storyboard in Resources */,
				4E8257AE1C23E903006EDFF9 /* Assets.xcassets in Resources */,
				4E8257AC1C23E903006EDFF9 /* Main.storyboard in Resources */,
			);
			runOnlyForDeploymentPostprocessing = 0;
		};
		4E8257B51C23E903006EDFF9 /* Resources */ = {
			isa = PBXResourcesBuildPhase;
			buildActionMask = 2147483647;
			files = (
			);
			runOnlyForDeploymentPostprocessing = 0;
		};
		4E8257C01C23E903006EDFF9 /* Resources */ = {
			isa = PBXResourcesBuildPhase;
			buildActionMask = 2147483647;
			files = (
			);
			runOnlyForDeploymentPostprocessing = 0;
		};
/* End PBXResourcesBuildPhase section */

/* Begin PBXSourcesBuildPhase section */
		4E82579F1C23E903006EDFF9 /* Sources */ = {
			isa = PBXSourcesBuildPhase;
			buildActionMask = 2147483647;
			files = (
				4E8257A91C23E903006EDFF9 /* ViewController.swift in Sources */,
				4E8257A71C23E903006EDFF9 /* AppDelegate.swift in Sources */,
			);
			runOnlyForDeploymentPostprocessing = 0;
		};
		4E8257B31C23E903006EDFF9 /* Sources */ = {
			isa = PBXSourcesBuildPhase;
			buildActionMask = 2147483647;
			files = (
				4E8257BC1C23E903006EDFF9 /* TestPinchGestureTests.swift in Sources */,
			);
			runOnlyForDeploymentPostprocessing = 0;
		};
		4E8257BE1C23E903006EDFF9 /* Sources */ = {
			isa = PBXSourcesBuildPhase;
			buildActionMask = 2147483647;
			files = (
				4E8257C71C23E903006EDFF9 /* TestPinchGestureUITests.swift in Sources */,
			);
			runOnlyForDeploymentPostprocessing = 0;
		};
/* End PBXSourcesBuildPhase section */

/* Begin PBXTargetDependency section */
		4E8257B91C23E903006EDFF9 /* PBXTargetDependency */ = {
			isa = PBXTargetDependency;
			target = 4E8257A21C23E903006EDFF9 /* TestPinchGesture */;
			targetProxy = 4E8257B81C23E903006EDFF9 /* PBXContainerItemProxy */;
		};
		4E8257C41C23E903006EDFF9 /* PBXTargetDependency */ = {
			isa = PBXTargetDependency;
			target = 4E8257A21C23E903006EDFF9 /* TestPinchGesture */;
			targetProxy = 4E8257C31C23E903006EDFF9 /* PBXContainerItemProxy */;
		};
/* End PBXTargetDependency section */

/* Begin PBXVariantGroup section */
		4E8257AA1C23E903006EDFF9 /* Main.storyboard */ = {
			isa = PBXVariantGroup;
			children = (
				4E8257AB1C23E903006EDFF9 /* Base */,
			);
			name = Main.storyboard;
			sourceTree = "<group>";
		};
		4E8257AF1C23E903006EDFF9 /* LaunchScreen.storyboard */ = {
			isa = PBXVariantGroup;
			children = (
				4E8257B01C23E903006EDFF9 /* Base */,
			);
			name = LaunchScreen.storyboard;
			sourceTree = "<group>";
		};
/* End PBXVariantGroup section */

/* Begin XCBuildConfiguration section */
		4E8257C91C23E903006EDFF9 /* Debug */ = {
			isa = XCBuildConfiguration;
			buildSettings = {
				ALWAYS_SEARCH_USER_PATHS = NO;
				CLANG_CXX_LANGUAGE_STANDARD = "gnu++0x";
				CLANG_CXX_LIBRARY = "libc++";
				CLANG_ENABLE_MODULES = YES;
				CLANG_ENABLE_OBJC_ARC = YES;
				CLANG_WARN_BOOL_CONVERSION = YES;
				CLANG_WARN_CONSTANT_CONVERSION = YES;
				CLANG_WARN_DIRECT_OBJC_ISA_USAGE = YES_ERROR;
				CLANG_WARN_EMPTY_BODY = YES;
				CLANG_WARN_ENUM_CONVERSION = YES;
				CLANG_WARN_INT_CONVERSION = YES;
				CLANG_WARN_OBJC_ROOT_CLASS = YES_ERROR;
				CLANG_WARN_UNREACHABLE_CODE = YES;
				CLANG_WARN__DUPLICATE_METHOD_MATCH = YES;
				"CODE_SIGN_IDENTITY[sdk=iphoneos*]" = "iPhone Developer";
				COPY_PHASE_STRIP = NO;
				DEBUG_INFORMATION_FORMAT = dwarf;
				ENABLE_STRICT_OBJC_MSGSEND = YES;
				ENABLE_TESTABILITY = YES;
				GCC_C_LANGUAGE_STANDARD = gnu99;
				GCC_DYNAMIC_NO_PIC = NO;
				GCC_NO_COMMON_BLOCKS = YES;
				GCC_OPTIMIZATION_LEVEL = 0;
				GCC_PREPROCESSOR_DEFINITIONS = (
					"DEBUG=1",
					"$(inherited)",
				);
				GCC_WARN_64_TO_32_BIT_CONVERSION = YES;
				GCC_WARN_ABOUT_RETURN_TYPE = YES_ERROR;
				GCC_WARN_UNDECLARED_SELECTOR = YES;
				GCC_WARN_UNINITIALIZED_AUTOS = YES_AGGRESSIVE;
				GCC_WARN_UNUSED_FUNCTION = YES;
				GCC_WARN_UNUSED_VARIABLE = YES;
				IPHONEOS_DEPLOYMENT_TARGET = 9.2;
				MTL_ENABLE_DEBUG_INFO = YES;
				ONLY_ACTIVE_ARCH = YES;
				SDKROOT = iphoneos;
				SWIFT_OPTIMIZATION_LEVEL = "-Onone";
			};
			name = Debug;
		};
		4E8257CA1C23E903006EDFF9 /* Release */ = {
			isa = XCBuildConfiguration;
			buildSettings = {
				ALWAYS_SEARCH_USER_PATHS = NO;
				CLANG_CXX_LANGUAGE_STANDARD = "gnu++0x";
				CLANG_CXX_LIBRARY = "libc++";
				CLANG_ENABLE_MODULES = YES;
				CLANG_ENABLE_OBJC_ARC = YES;
				CLANG_WARN_BOOL_CONVERSION = YES;
				CLANG_WARN_CONSTANT_CONVERSION = YES;
				CLANG_WARN_DIRECT_OBJC_ISA_USAGE = YES_ERROR;
				CLANG_WARN_EMPTY_BODY = YES;
				CLANG_WARN_ENUM_CONVERSION = YES;
				CLANG_WARN_INT_CONVERSION = YES;
				CLANG_WARN_OBJC_ROOT_CLASS = YES_ERROR;
				CLANG_WARN_UNREACHABLE_CODE = YES;
				CLANG_WARN__DUPLICATE_METHOD_MATCH = YES;
				"CODE_SIGN_IDENTITY[sdk=iphoneos*]" = "iPhone Developer";
				COPY_PHASE_STRIP = NO;
				DEBUG_INFORMATION_FORMAT = "dwarf-with-dsym";
				ENABLE_NS_ASSERTIONS = NO;
				ENABLE_STRICT_OBJC_MSGSEND = YES;
				GCC_C_LANGUAGE_STANDARD = gnu99;
				GCC_NO_COMMON_BLOCKS = YES;
				GCC_WARN_64_TO_32_BIT_CONVERSION = YES;
				GCC_WARN_ABOUT_RETURN_TYPE = YES_ERROR;
				GCC_WARN_UNDECLARED_SELECTOR = YES;
				GCC_WARN_UNINITIALIZED_AUTOS = YES_AGGRESSIVE;
				GCC_WARN_UNUSED_FUNCTION = YES;
				GCC_WARN_UNUSED_VARIABLE = YES;
				IPHONEOS_DEPLOYMENT_TARGET = 9.2;
				MTL_ENABLE_DEBUG_INFO = NO;
				SDKROOT = iphoneos;
				VALIDATE_PRODUCT = YES;
			};
			name = Release;
		};
		4E8257CC1C23E903006EDFF9 /* Debug */ = {
			isa = XCBuildConfiguration;
			buildSettings = {
				ASSETCATALOG_COMPILER_APPICON_NAME = AppIcon;
				INFOPLIST_FILE = TestPinchGesture/Info.plist;
				LD_RUNPATH_SEARCH_PATHS = "$(inherited) @executable_path/Frameworks";
				PRODUCT_BUNDLE_IDENTIFIER = com.apple.TestPinchGesture;
				PRODUCT_NAME = "$(TARGET_NAME)";
			};
			name = Debug;
		};
		4E8257CD1C23E903006EDFF9 /* Release */ = {
			isa = XCBuildConfiguration;
			buildSettings = {
				ASSETCATALOG_COMPILER_APPICON_NAME = AppIcon;
				INFOPLIST_FILE = TestPinchGesture/Info.plist;
				LD_RUNPATH_SEARCH_PATHS = "$(inherited) @executable_path/Frameworks";
				PRODUCT_BUNDLE_IDENTIFIER = com.apple.TestPinchGesture;
				PRODUCT_NAME = "$(TARGET_NAME)";
			};
			name = Release;
		};
		4E8257CF1C23E903006EDFF9 /* Debug */ = {
			isa = XCBuildConfiguration;
			buildSettings = {
				BUNDLE_LOADER = "$(TEST_HOST)";
				INFOPLIST_FILE = TestPinchGestureTests/Info.plist;
				LD_RUNPATH_SEARCH_PATHS = "$(inherited) @executable_path/Frameworks @loader_path/Frameworks";
				PRODUCT_BUNDLE_IDENTIFIER = com.apple.TestPinchGestureTests;
				PRODUCT_NAME = "$(TARGET_NAME)";
				TEST_HOST = "$(BUILT_PRODUCTS_DIR)/TestPinchGesture.app/TestPinchGesture";
			};
			name = Debug;
		};
		4E8257D01C23E903006EDFF9 /* Release */ = {
			isa = XCBuildConfiguration;
			buildSettings = {
				BUNDLE_LOADER = "$(TEST_HOST)";
				INFOPLIST_FILE = TestPinchGestureTests/Info.plist;
				LD_RUNPATH_SEARCH_PATHS = "$(inherited) @executable_path/Frameworks @loader_path/Frameworks";
				PRODUCT_BUNDLE_IDENTIFIER = com.apple.TestPinchGestureTests;
				PRODUCT_NAME = "$(TARGET_NAME)";
				TEST_HOST = "$(BUILT_PRODUCTS_DIR)/TestPinchGesture.app/TestPinchGesture";
			};
			name = Release;
		};
		4E8257D21C23E903006EDFF9 /* Debug */ = {
			isa = XCBuildConfiguration;
			buildSettings = {
				INFOPLIST_FILE = TestPinchGestureUITests/Info.plist;
				LD_RUNPATH_SEARCH_PATHS = "$(inherited) @executable_path/Frameworks @loader_path/Frameworks";
				PRODUCT_BUNDLE_IDENTIFIER = com.apple.TestPinchGestureUITests;
				PRODUCT_NAME = "$(TARGET_NAME)";
				TEST_TARGET_NAME = TestPinchGesture;
				USES_XCTRUNNER = YES;
			};
			name = Debug;
		};
		4E8257D31C23E903006EDFF9 /* Release */ = {
			isa = XCBuildConfiguration;
			buildSettings = {
				INFOPLIST_FILE = TestPinchGestureUITests/Info.plist;
				LD_RUNPATH_SEARCH_PATHS = "$(inherited) @executable_path/Frameworks @loader_path/Frameworks";
				PRODUCT_BUNDLE_IDENTIFIER = com.apple.TestPinchGestureUITests;
				PRODUCT_NAME = "$(TARGET_NAME)";
				TEST_TARGET_NAME = TestPinchGesture;
				USES_XCTRUNNER = YES;
			};
			name = Release;
		};
/* End XCBuildConfiguration section */

/* Begin XCConfigurationList section */
		4E82579E1C23E903006EDFF9 /* Build configuration list for PBXProject "TestPinchGesture" */ = {
			isa = XCConfigurationList;
			buildConfigurations = (
				4E8257C91C23E903006EDFF9 /* Debug */,
				4E8257CA1C23E903006EDFF9 /* Release */,
			);
			defaultConfigurationIsVisible = 0;
			defaultConfigurationName = Release;
		};
		4E8257CB1C23E903006EDFF9 /* Build configuration list for PBXNativeTarget "TestPinchGesture" */ = {
			isa = XCConfigurationList;
			buildConfigurations = (
				4E8257CC1C23E903006EDFF9 /* Debug */,
				4E8257CD1C23E903006EDFF9 /* Release */,
			);
			defaultConfigurationIsVisible = 0;
		};
		4E8257CE1C23E903006EDFF9 /* Build configuration list for PBXNativeTarget "TestPinchGestureTests" */ = {
			isa = XCConfigurationList;
			buildConfigurations = (
				4E8257CF1C23E903006EDFF9 /* Debug */,
				4E8257D01C23E903006EDFF9 /* Release */,
			);
			defaultConfigurationIsVisible = 0;
		};
		4E8257D11C23E903006EDFF9 /* Build configuration list for PBXNativeTarget "TestPinchGestureUITests" */ = {
			isa = XCConfigurationList;
			buildConfigurations = (
				4E8257D21C23E903006EDFF9 /* Debug */,
				4E8257D31C23E903006EDFF9 /* Release */,
			);
			defaultConfigurationIsVisible = 0;
		};
/* End XCConfigurationList section */
	};
	rootObject = 4E82579B1C23E903006EDFF9 /* Project object */;
}
