// !$*UTF8*$!
{
	archiveVersion = 1;
	classes = {
	};
	objectVersion = 46;
	objects = {

/* Begin PBXBuildFile section */
		4E95F5A51C1A9D4000706533 /* AppDelegate.swift in Sources */ = {isa = PBXBuildFile; fileRef = 4E95F5A41C1A9D4000706533 /* AppDelegate.swift */; };
		4E95F5A71C1A9D4000706533 /* ViewController.swift in Sources */ = {isa = PBXBuildFile; fileRef = 4E95F5A61C1A9D4000706533 /* ViewController.swift */; };
		4E95F5AA1C1A9D4000706533 /* Main.storyboard in Resources */ = {isa = PBXBuildFile; fileRef = 4E95F5A81C1A9D4000706533 /* Main.storyboard */; };
		4E95F5AC1C1A9D4000706533 /* Assets.xcassets in Resources */ = {isa = PBXBuildFile; fileRef = 4E95F5AB1C1A9D4000706533 /* Assets.xcassets */; };
		4E95F5AF1C1A9D4000706533 /* LaunchScreen.storyboard in Resources */ = {isa = PBXBuildFile; fileRef = 4E95F5AD1C1A9D4000706533 /* LaunchScreen.storyboard */; };
		4E95F5BA1C1A9D4000706533 /* TestNavigationItemTests.swift in Sources */ = {isa = PBXBuildFile; fileRef = 4E95F5B91C1A9D4000706533 /* TestNavigationItemTests.swift */; };
		4E95F5C51C1A9D4100706533 /* TestNavigationItemUITests.swift in Sources */ = {isa = PBXBuildFile; fileRef = 4E95F5C41C1A9D4100706533 /* TestNavigationItemUITests.swift */; };
		4E95F5D31C1A9E8C00706533 /* itemImage.png in Resources */ = {isa = PBXBuildFile; fileRef = 4E95F5D21C1A9E8C00706533 /* itemImage.png */; };
/* End PBXBuildFile section */

/* Begin PBXContainerItemProxy section */
		4E95F5B61C1A9D4000706533 /* PBXContainerItemProxy */ = {
			isa = PBXContainerItemProxy;
			containerPortal = 4E95F5991C1A9D4000706533 /* Project object */;
			proxyType = 1;
			remoteGlobalIDString = 4E95F5A01C1A9D4000706533;
			remoteInfo = TestNavigationItem;
		};
		4E95F5C11C1A9D4100706533 /* PBXContainerItemProxy */ = {
			isa = PBXContainerItemProxy;
			containerPortal = 4E95F5991C1A9D4000706533 /* Project object */;
			proxyType = 1;
			remoteGlobalIDString = 4E95F5A01C1A9D4000706533;
			remoteInfo = TestNavigationItem;
		};
/* End PBXContainerItemProxy section */

/* Begin PBXFileReference section */
		4E95F5A11C1A9D4000706533 /* TestNavigationItem.app */ = {isa = PBXFileReference; explicitFileType = wrapper.application; includeInIndex = 0; path = TestNavigationItem.app; sourceTree = BUILT_PRODUCTS_DIR; };
		4E95F5A41C1A9D4000706533 /* AppDelegate.swift */ = {isa = PBXFileReference; lastKnownFileType = sourcecode.swift; path = AppDelegate.swift; sourceTree = "<group>"; };
		4E95F5A61C1A9D4000706533 /* ViewController.swift */ = {isa = PBXFileReference; lastKnownFileType = sourcecode.swift; path = ViewController.swift; sourceTree = "<group>"; };
		4E95F5A91C1A9D4000706533 /* Base */ = {isa = PBXFileReference; lastKnownFileType = file.storyboard; name = Base; path = Base.lproj/Main.storyboard; sourceTree = "<group>"; };
		4E95F5AB1C1A9D4000706533 /* Assets.xcassets */ = {isa = PBXFileReference; lastKnownFileType = folder.assetcatalog; path = Assets.xcassets; sourceTree = "<group>"; };
		4E95F5AE1C1A9D4000706533 /* Base */ = {isa = PBXFileReference; lastKnownFileType = file.storyboard; name = Base; path = Base.lproj/LaunchScreen.storyboard; sourceTree = "<group>"; };
		4E95F5B01C1A9D4000706533 /* Info.plist */ = {isa = PBXFileReference; lastKnownFileType = text.plist.xml; path = Info.plist; sourceTree = "<group>"; };
		4E95F5B51C1A9D4000706533 /* TestNavigationItemTests.xctest */ = {isa = PBXFileReference; explicitFileType = wrapper.cfbundle; includeInIndex = 0; path = TestNavigationItemTests.xctest; sourceTree = BUILT_PRODUCTS_DIR; };
		4E95F5B91C1A9D4000706533 /* TestNavigationItemTests.swift */ = {isa = PBXFileReference; lastKnownFileType = sourcecode.swift; path = TestNavigationItemTests.swift; sourceTree = "<group>"; };
		4E95F5BB1C1A9D4000706533 /* Info.plist */ = {isa = PBXFileReference; lastKnownFileType = text.plist.xml; path = Info.plist; sourceTree = "<group>"; };
		4E95F5C01C1A9D4100706533 /* TestNavigationItemUITests.xctest */ = {isa = PBXFileReference; explicitFileType = wrapper.cfbundle; includeInIndex = 0; path = TestNavigationItemUITests.xctest; sourceTree = BUILT_PRODUCTS_DIR; };
		4E95F5C41C1A9D4100706533 /* TestNavigationItemUITests.swift */ = {isa = PBXFileReference; lastKnownFileType = sourcecode.swift; path = TestNavigationItemUITests.swift; sourceTree = "<group>"; };
		4E95F5C61C1A9D4100706533 /* Info.plist */ = {isa = PBXFileReference; lastKnownFileType = text.plist.xml; path = Info.plist; sourceTree = "<group>"; };
		4E95F5D21C1A9E8C00706533 /* itemImage.png */ = {isa = PBXFileReference; lastKnownFileType = image.png; path = itemImage.png; sourceTree = "<group>"; };
/* End PBXFileReference section */

/* Begin PBXFrameworksBuildPhase section */
		4E95F59E1C1A9D4000706533 /* Frameworks */ = {
			isa = PBXFrameworksBuildPhase;
			buildActionMask = 2147483647;
			files = (
			);
			runOnlyForDeploymentPostprocessing = 0;
		};
		4E95F5B21C1A9D4000706533 /* Frameworks */ = {
			isa = PBXFrameworksBuildPhase;
			buildActionMask = 2147483647;
			files = (
			);
			runOnlyForDeploymentPostprocessing = 0;
		};
		4E95F5BD1C1A9D4000706533 /* Frameworks */ = {
			isa = PBXFrameworksBuildPhase;
			buildActionMask = 2147483647;
			files = (
			);
			runOnlyForDeploymentPostprocessing = 0;
		};
/* End PBXFrameworksBuildPhase section */

/* Begin PBXGroup section */
		4E95F5981C1A9D4000706533 = {
			isa = PBXGroup;
			children = (
				4E95F5A31C1A9D4000706533 /* TestNavigationItem */,
				4E95F5B81C1A9D4000706533 /* TestNavigationItemTests */,
				4E95F5C31C1A9D4100706533 /* TestNavigationItemUITests */,
				4E95F5A21C1A9D4000706533 /* Products */,
			);
			sourceTree = "<group>";
		};
		4E95F5A21C1A9D4000706533 /* Products */ = {
			isa = PBXGroup;
			children = (
				4E95F5A11C1A9D4000706533 /* TestNavigationItem.app */,
				4E95F5B51C1A9D4000706533 /* TestNavigationItemTests.xctest */,
				4E95F5C01C1A9D4100706533 /* TestNavigationItemUITests.xctest */,
			);
			name = Products;
			sourceTree = "<group>";
		};
		4E95F5A31C1A9D4000706533 /* TestNavigationItem */ = {
			isa = PBXGroup;
			children = (
				4E95F5D21C1A9E8C00706533 /* itemImage.png */,
				4E95F5A41C1A9D4000706533 /* AppDelegate.swift */,
				4E95F5A61C1A9D4000706533 /* ViewController.swift */,
				4E95F5A81C1A9D4000706533 /* Main.storyboard */,
				4E95F5AB1C1A9D4000706533 /* Assets.xcassets */,
				4E95F5AD1C1A9D4000706533 /* LaunchScreen.storyboard */,
				4E95F5B01C1A9D4000706533 /* Info.plist */,
			);
			path = TestNavigationItem;
			sourceTree = "<group>";
		};
		4E95F5B81C1A9D4000706533 /* TestNavigationItemTests */ = {
			isa = PBXGroup;
			children = (
				4E95F5B91C1A9D4000706533 /* TestNavigationItemTests.swift */,
				4E95F5BB1C1A9D4000706533 /* Info.plist */,
			);
			path = TestNavigationItemTests;
			sourceTree = "<group>";
		};
		4E95F5C31C1A9D4100706533 /* TestNavigationItemUITests */ = {
			isa = PBXGroup;
			children = (
				4E95F5C41C1A9D4100706533 /* TestNavigationItemUITests.swift */,
				4E95F5C61C1A9D4100706533 /* Info.plist */,
			);
			path = TestNavigationItemUITests;
			sourceTree = "<group>";
		};
/* End PBXGroup section */

/* Begin PBXNativeTarget section */
		4E95F5A01C1A9D4000706533 /* TestNavigationItem */ = {
			isa = PBXNativeTarget;
			buildConfigurationList = 4E95F5C91C1A9D4100706533 /* Build configuration list for PBXNativeTarget "TestNavigationItem" */;
			buildPhases = (
				4E95F59D1C1A9D4000706533 /* Sources */,
				4E95F59E1C1A9D4000706533 /* Frameworks */,
				4E95F59F1C1A9D4000706533 /* Resources */,
			);
			buildRules = (
			);
			dependencies = (
			);
			name = TestNavigationItem;
			productName = TestNavigationItem;
			productReference = 4E95F5A11C1A9D4000706533 /* TestNavigationItem.app */;
			productType = "com.apple.product-type.application";
		};
		4E95F5B41C1A9D4000706533 /* TestNavigationItemTests */ = {
			isa = PBXNativeTarget;
			buildConfigurationList = 4E95F5CC1C1A9D4100706533 /* Build configuration list for PBXNativeTarget "TestNavigationItemTests" */;
			buildPhases = (
				4E95F5B11C1A9D4000706533 /* Sources */,
				4E95F5B21C1A9D4000706533 /* Frameworks */,
				4E95F5B31C1A9D4000706533 /* Resources */,
			);
			buildRules = (
			);
			dependencies = (
				4E95F5B71C1A9D4000706533 /* PBXTargetDependency */,
			);
			name = TestNavigationItemTests;
			productName = TestNavigationItemTests;
			productReference = 4E95F5B51C1A9D4000706533 /* TestNavigationItemTests.xctest */;
			productType = "com.apple.product-type.bundle.unit-test";
		};
		4E95F5BF1C1A9D4000706533 /* TestNavigationItemUITests */ = {
			isa = PBXNativeTarget;
			buildConfigurationList = 4E95F5CF1C1A9D4100706533 /* Build configuration list for PBXNativeTarget "TestNavigationItemUITests" */;
			buildPhases = (
				4E95F5BC1C1A9D4000706533 /* Sources */,
				4E95F5BD1C1A9D4000706533 /* Frameworks */,
				4E95F5BE1C1A9D4000706533 /* Resources */,
			);
			buildRules = (
			);
			dependencies = (
				4E95F5C21C1A9D4100706533 /* PBXTargetDependency */,
			);
			name = TestNavigationItemUITests;
			productName = TestNavigationItemUITests;
			productReference = 4E95F5C01C1A9D4100706533 /* TestNavigationItemUITests.xctest */;
			productType = "com.apple.product-type.bundle.ui-testing";
		};
/* End PBXNativeTarget section */

/* Begin PBXProject section */
		4E95F5991C1A9D4000706533 /* Project object */ = {
			isa = PBXProject;
			attributes = {
				LastSwiftUpdateCheck = 0710;
				LastUpgradeCheck = 0710;
				ORGANIZATIONNAME = apple;
				TargetAttributes = {
					4E95F5A01C1A9D4000706533 = {
						CreatedOnToolsVersion = 7.1.1;
					};
					4E95F5B41C1A9D4000706533 = {
						CreatedOnToolsVersion = 7.1.1;
						TestTargetID = 4E95F5A01C1A9D4000706533;
					};
					4E95F5BF1C1A9D4000706533 = {
						CreatedOnToolsVersion = 7.1.1;
						TestTargetID = 4E95F5A01C1A9D4000706533;
					};
				};
			};
			buildConfigurationList = 4E95F59C1C1A9D4000706533 /* Build configuration list for PBXProject "TestNavigationItem" */;
			compatibilityVersion = "Xcode 3.2";
			developmentRegion = English;
			hasScannedForEncodings = 0;
			knownRegions = (
				en,
				Base,
			);
			mainGroup = 4E95F5981C1A9D4000706533;
			productRefGroup = 4E95F5A21C1A9D4000706533 /* Products */;
			projectDirPath = "";
			projectRoot = "";
			targets = (
				4E95F5A01C1A9D4000706533 /* TestNavigationItem */,
				4E95F5B41C1A9D4000706533 /* TestNavigationItemTests */,
				4E95F5BF1C1A9D4000706533 /* TestNavigationItemUITests */,
			);
		};
/* End PBXProject section */

/* Begin PBXResourcesBuildPhase section */
		4E95F59F1C1A9D4000706533 /* Resources */ = {
			isa = PBXResourcesBuildPhase;
			buildActionMask = 2147483647;
			files = (
				4E95F5AF1C1A9D4000706533 /* LaunchScreen.storyboard in Resources */,
				4E95F5AC1C1A9D4000706533 /* Assets.xcassets in Resources */,
				4E95F5D31C1A9E8C00706533 /* itemImage.png in Resources */,
				4E95F5AA1C1A9D4000706533 /* Main.storyboard in Resources */,
			);
			runOnlyForDeploymentPostprocessing = 0;
		};
		4E95F5B31C1A9D4000706533 /* Resources */ = {
			isa = PBXResourcesBuildPhase;
			buildActionMask = 2147483647;
			files = (
			);
			runOnlyForDeploymentPostprocessing = 0;
		};
		4E95F5BE1C1A9D4000706533 /* Resources */ = {
			isa = PBXResourcesBuildPhase;
			buildActionMask = 2147483647;
			files = (
			);
			runOnlyForDeploymentPostprocessing = 0;
		};
/* End PBXResourcesBuildPhase section */

/* Begin PBXSourcesBuildPhase section */
		4E95F59D1C1A9D4000706533 /* Sources */ = {
			isa = PBXSourcesBuildPhase;
			buildActionMask = 2147483647;
			files = (
				4E95F5A71C1A9D4000706533 /* ViewController.swift in Sources */,
				4E95F5A51C1A9D4000706533 /* AppDelegate.swift in Sources */,
			);
			runOnlyForDeploymentPostprocessing = 0;
		};
		4E95F5B11C1A9D4000706533 /* Sources */ = {
			isa = PBXSourcesBuildPhase;
			buildActionMask = 2147483647;
			files = (
				4E95F5BA1C1A9D4000706533 /* TestNavigationItemTests.swift in Sources */,
			);
			runOnlyForDeploymentPostprocessing = 0;
		};
		4E95F5BC1C1A9D4000706533 /* Sources */ = {
			isa = PBXSourcesBuildPhase;
			buildActionMask = 2147483647;
			files = (
				4E95F5C51C1A9D4100706533 /* TestNavigationItemUITests.swift in Sources */,
			);
			runOnlyForDeploymentPostprocessing = 0;
		};
/* End PBXSourcesBuildPhase section */

/* Begin PBXTargetDependency section */
		4E95F5B71C1A9D4000706533 /* PBXTargetDependency */ = {
			isa = PBXTargetDependency;
			target = 4E95F5A01C1A9D4000706533 /* TestNavigationItem */;
			targetProxy = 4E95F5B61C1A9D4000706533 /* PBXContainerItemProxy */;
		};
		4E95F5C21C1A9D4100706533 /* PBXTargetDependency */ = {
			isa = PBXTargetDependency;
			target = 4E95F5A01C1A9D4000706533 /* TestNavigationItem */;
			targetProxy = 4E95F5C11C1A9D4100706533 /* PBXContainerItemProxy */;
		};
/* End PBXTargetDependency section */

/* Begin PBXVariantGroup section */
		4E95F5A81C1A9D4000706533 /* Main.storyboard */ = {
			isa = PBXVariantGroup;
			children = (
				4E95F5A91C1A9D4000706533 /* Base */,
			);
			name = Main.storyboard;
			sourceTree = "<group>";
		};
		4E95F5AD1C1A9D4000706533 /* LaunchScreen.storyboard */ = {
			isa = PBXVariantGroup;
			children = (
				4E95F5AE1C1A9D4000706533 /* Base */,
			);
			name = LaunchScreen.storyboard;
			sourceTree = "<group>";
		};
/* End PBXVariantGroup section */

/* Begin XCBuildConfiguration section */
		4E95F5C71C1A9D4100706533 /* Debug */ = {
			isa = XCBuildConfiguration;
			buildSettings = {
				ALWAYS_SEARCH_USER_PATHS = NO;
				CLANG_CXX_LANGUAGE_STANDARD = "gnu++0x";
				CLANG_CXX_LIBRARY = "libc++";
				CLANG_ENABLE_MODULES = YES;
				CLANG_ENABLE_OBJC_ARC = YES;
				CLANG_WARN_BOOL_CONVERSION = YES;
				CLANG_WARN_CONSTANT_CONVERSION = YES;
				CLANG_WARN_DIRECT_OBJC_ISA_USAGE = YES_ERROR;
				CLANG_WARN_EMPTY_BODY = YES;
				CLANG_WARN_ENUM_CONVERSION = YES;
				CLANG_WARN_INT_CONVERSION = YES;
				CLANG_WARN_OBJC_ROOT_CLASS = YES_ERROR;
				CLANG_WARN_UNREACHABLE_CODE = YES;
				CLANG_WARN__DUPLICATE_METHOD_MATCH = YES;
				"CODE_SIGN_IDENTITY[sdk=iphoneos*]" = "iPhone Developer";
				COPY_PHASE_STRIP = NO;
				DEBUG_INFORMATION_FORMAT = dwarf;
				ENABLE_STRICT_OBJC_MSGSEND = YES;
				ENABLE_TESTABILITY = YES;
				GCC_C_LANGUAGE_STANDARD = gnu99;
				GCC_DYNAMIC_NO_PIC = NO;
				GCC_NO_COMMON_BLOCKS = YES;
				GCC_OPTIMIZATION_LEVEL = 0;
				GCC_PREPROCESSOR_DEFINITIONS = (
					"DEBUG=1",
					"$(inherited)",
				);
				GCC_WARN_64_TO_32_BIT_CONVERSION = YES;
				GCC_WARN_ABOUT_RETURN_TYPE = YES_ERROR;
				GCC_WARN_UNDECLARED_SELECTOR = YES;
				GCC_WARN_UNINITIALIZED_AUTOS = YES_AGGRESSIVE;
				GCC_WARN_UNUSED_FUNCTION = YES;
				GCC_WARN_UNUSED_VARIABLE = YES;
				IPHONEOS_DEPLOYMENT_TARGET = 9.1;
				MTL_ENABLE_DEBUG_INFO = YES;
				ONLY_ACTIVE_ARCH = YES;
				SDKROOT = iphoneos;
				SWIFT_OPTIMIZATION_LEVEL = "-Onone";
			};
			name = Debug;
		};
		4E95F5C81C1A9D4100706533 /* Release */ = {
			isa = XCBuildConfiguration;
			buildSettings = {
				ALWAYS_SEARCH_USER_PATHS = NO;
				CLANG_CXX_LANGUAGE_STANDARD = "gnu++0x";
				CLANG_CXX_LIBRARY = "libc++";
				CLANG_ENABLE_MODULES = YES;
				CLANG_ENABLE_OBJC_ARC = YES;
				CLANG_WARN_BOOL_CONVERSION = YES;
				CLANG_WARN_CONSTANT_CONVERSION = YES;
				CLANG_WARN_DIRECT_OBJC_ISA_USAGE = YES_ERROR;
				CLANG_WARN_EMPTY_BODY = YES;
				CLANG_WARN_ENUM_CONVERSION = YES;
				CLANG_WARN_INT_CONVERSION = YES;
				CLANG_WARN_OBJC_ROOT_CLASS = YES_ERROR;
				CLANG_WARN_UNREACHABLE_CODE = YES;
				CLANG_WARN__DUPLICATE_METHOD_MATCH = YES;
				"CODE_SIGN_IDENTITY[sdk=iphoneos*]" = "iPhone Developer";
				COPY_PHASE_STRIP = NO;
				DEBUG_INFORMATION_FORMAT = "dwarf-with-dsym";
				ENABLE_NS_ASSERTIONS = NO;
				ENABLE_STRICT_OBJC_MSGSEND = YES;
				GCC_C_LANGUAGE_STANDARD = gnu99;
				GCC_NO_COMMON_BLOCKS = YES;
				GCC_WARN_64_TO_32_BIT_CONVERSION = YES;
				GCC_WARN_ABOUT_RETURN_TYPE = YES_ERROR;
				GCC_WARN_UNDECLARED_SELECTOR = YES;
				GCC_WARN_UNINITIALIZED_AUTOS = YES_AGGRESSIVE;
				GCC_WARN_UNUSED_FUNCTION = YES;
				GCC_WARN_UNUSED_VARIABLE = YES;
				IPHONEOS_DEPLOYMENT_TARGET = 9.1;
				MTL_ENABLE_DEBUG_INFO = NO;
				SDKROOT = iphoneos;
				VALIDATE_PRODUCT = YES;
			};
			name = Release;
		};
		4E95F5CA1C1A9D4100706533 /* Debug */ = {
			isa = XCBuildConfiguration;
			buildSettings = {
				ASSETCATALOG_COMPILER_APPICON_NAME = AppIcon;
				INFOPLIST_FILE = TestNavigationItem/Info.plist;
				LD_RUNPATH_SEARCH_PATHS = "$(inherited) @executable_path/Frameworks";
				PRODUCT_BUNDLE_IDENTIFIER = com.apple.TestNavigationItem;
				PRODUCT_NAME = "$(TARGET_NAME)";
			};
			name = Debug;
		};
		4E95F5CB1C1A9D4100706533 /* Release */ = {
			isa = XCBuildConfiguration;
			buildSettings = {
				ASSETCATALOG_COMPILER_APPICON_NAME = AppIcon;
				INFOPLIST_FILE = TestNavigationItem/Info.plist;
				LD_RUNPATH_SEARCH_PATHS = "$(inherited) @executable_path/Frameworks";
				PRODUCT_BUNDLE_IDENTIFIER = com.apple.TestNavigationItem;
				PRODUCT_NAME = "$(TARGET_NAME)";
			};
			name = Release;
		};
		4E95F5CD1C1A9D4100706533 /* Debug */ = {
			isa = XCBuildConfiguration;
			buildSettings = {
				BUNDLE_LOADER = "$(TEST_HOST)";
				INFOPLIST_FILE = TestNavigationItemTests/Info.plist;
				LD_RUNPATH_SEARCH_PATHS = "$(inherited) @executable_path/Frameworks @loader_path/Frameworks";
				PRODUCT_BUNDLE_IDENTIFIER = com.apple.TestNavigationItemTests;
				PRODUCT_NAME = "$(TARGET_NAME)";
				TEST_HOST = "$(BUILT_PRODUCTS_DIR)/TestNavigationItem.app/TestNavigationItem";
			};
			name = Debug;
		};
		4E95F5CE1C1A9D4100706533 /* Release */ = {
			isa = XCBuildConfiguration;
			buildSettings = {
				BUNDLE_LOADER = "$(TEST_HOST)";
				INFOPLIST_FILE = TestNavigationItemTests/Info.plist;
				LD_RUNPATH_SEARCH_PATHS = "$(inherited) @executable_path/Frameworks @loader_path/Frameworks";
				PRODUCT_BUNDLE_IDENTIFIER = com.apple.TestNavigationItemTests;
				PRODUCT_NAME = "$(TARGET_NAME)";
				TEST_HOST = "$(BUILT_PRODUCTS_DIR)/TestNavigationItem.app/TestNavigationItem";
			};
			name = Release;
		};
		4E95F5D01C1A9D4100706533 /* Debug */ = {
			isa = XCBuildConfiguration;
			buildSettings = {
				INFOPLIST_FILE = TestNavigationItemUITests/Info.plist;
				LD_RUNPATH_SEARCH_PATHS = "$(inherited) @executable_path/Frameworks @loader_path/Frameworks";
				PRODUCT_BUNDLE_IDENTIFIER = com.apple.TestNavigationItemUITests;
				PRODUCT_NAME = "$(TARGET_NAME)";
				TEST_TARGET_NAME = TestNavigationItem;
				USES_XCTRUNNER = YES;
			};
			name = Debug;
		};
		4E95F5D11C1A9D4100706533 /* Release */ = {
			isa = XCBuildConfiguration;
			buildSettings = {
				INFOPLIST_FILE = TestNavigationItemUITests/Info.plist;
				LD_RUNPATH_SEARCH_PATHS = "$(inherited) @executable_path/Frameworks @loader_path/Frameworks";
				PRODUCT_BUNDLE_IDENTIFIER = com.apple.TestNavigationItemUITests;
				PRODUCT_NAME = "$(TARGET_NAME)";
				TEST_TARGET_NAME = TestNavigationItem;
				USES_XCTRUNNER = YES;
			};
			name = Release;
		};
/* End XCBuildConfiguration section */

/* Begin XCConfigurationList section */
		4E95F59C1C1A9D4000706533 /* Build configuration list for PBXProject "TestNavigationItem" */ = {
			isa = XCConfigurationList;
			buildConfigurations = (
				4E95F5C71C1A9D4100706533 /* Debug */,
				4E95F5C81C1A9D4100706533 /* Release */,
			);
			defaultConfigurationIsVisible = 0;
			defaultConfigurationName = Release;
		};
		4E95F5C91C1A9D4100706533 /* Build configuration list for PBXNativeTarget "TestNavigationItem" */ = {
			isa = XCConfigurationList;
			buildConfigurations = (
				4E95F5CA1C1A9D4100706533 /* Debug */,
				4E95F5CB1C1A9D4100706533 /* Release */,
			);
			defaultConfigurationIsVisible = 0;
		};
		4E95F5CC1C1A9D4100706533 /* Build configuration list for PBXNativeTarget "TestNavigationItemTests" */ = {
			isa = XCConfigurationList;
			buildConfigurations = (
				4E95F5CD1C1A9D4100706533 /* Debug */,
				4E95F5CE1C1A9D4100706533 /* Release */,
			);
			defaultConfigurationIsVisible = 0;
		};
		4E95F5CF1C1A9D4100706533 /* Build configuration list for PBXNativeTarget "TestNavigationItemUITests" */ = {
			isa = XCConfigurationList;
			buildConfigurations = (
				4E95F5D01C1A9D4100706533 /* Debug */,
				4E95F5D11C1A9D4100706533 /* Release */,
			);
			defaultConfigurationIsVisible = 0;
		};
/* End XCConfigurationList section */
	};
	rootObject = 4E95F5991C1A9D4000706533 /* Project object */;
}
