// !$*UTF8*$!
{
	archiveVersion = 1;
	classes = {
	};
	objectVersion = 46;
	objects = {

/* Begin PBXBuildFile section */
		4E3D87E01C0835380005DC36 /* AppDelegate.swift in Sources */ = {isa = PBXBuildFile; fileRef = 4E3D87DF1C0835380005DC36 /* AppDelegate.swift */; };
		4E3D87E21C0835380005DC36 /* ViewController.swift in Sources */ = {isa = PBXBuildFile; fileRef = 4E3D87E11C0835380005DC36 /* ViewController.swift */; };
		4E3D87E51C0835380005DC36 /* Main.storyboard in Resources */ = {isa = PBXBuildFile; fileRef = 4E3D87E31C0835380005DC36 /* Main.storyboard */; };
		4E3D87E71C0835380005DC36 /* Assets.xcassets in Resources */ = {isa = PBXBuildFile; fileRef = 4E3D87E61C0835380005DC36 /* Assets.xcassets */; };
		4E3D87EA1C0835380005DC36 /* LaunchScreen.storyboard in Resources */ = {isa = PBXBuildFile; fileRef = 4E3D87E81C0835380005DC36 /* LaunchScreen.storyboard */; };
		4E3D87F51C0835380005DC36 /* TestUILabelTests.swift in Sources */ = {isa = PBXBuildFile; fileRef = 4E3D87F41C0835380005DC36 /* TestUILabelTests.swift */; };
		4E3D88001C0835380005DC36 /* TestUILabelUITests.swift in Sources */ = {isa = PBXBuildFile; fileRef = 4E3D87FF1C0835380005DC36 /* TestUILabelUITests.swift */; };
/* End PBXBuildFile section */

/* Begin PBXContainerItemProxy section */
		4E3D87F11C0835380005DC36 /* PBXContainerItemProxy */ = {
			isa = PBXContainerItemProxy;
			containerPortal = 4E3D87D41C0835380005DC36 /* Project object */;
			proxyType = 1;
			remoteGlobalIDString = 4E3D87DB1C0835380005DC36;
			remoteInfo = TestUILabel;
		};
		4E3D87FC1C0835380005DC36 /* PBXContainerItemProxy */ = {
			isa = PBXContainerItemProxy;
			containerPortal = 4E3D87D41C0835380005DC36 /* Project object */;
			proxyType = 1;
			remoteGlobalIDString = 4E3D87DB1C0835380005DC36;
			remoteInfo = TestUILabel;
		};
/* End PBXContainerItemProxy section */

/* Begin PBXFileReference section */
		4E3D87DC1C0835380005DC36 /* TestUILabel.app */ = {isa = PBXFileReference; explicitFileType = wrapper.application; includeInIndex = 0; path = TestUILabel.app; sourceTree = BUILT_PRODUCTS_DIR; };
		4E3D87DF1C0835380005DC36 /* AppDelegate.swift */ = {isa = PBXFileReference; lastKnownFileType = sourcecode.swift; path = AppDelegate.swift; sourceTree = "<group>"; };
		4E3D87E11C0835380005DC36 /* ViewController.swift */ = {isa = PBXFileReference; lastKnownFileType = sourcecode.swift; path = ViewController.swift; sourceTree = "<group>"; };
		4E3D87E41C0835380005DC36 /* Base */ = {isa = PBXFileReference; lastKnownFileType = file.storyboard; name = Base; path = Base.lproj/Main.storyboard; sourceTree = "<group>"; };
		4E3D87E61C0835380005DC36 /* Assets.xcassets */ = {isa = PBXFileReference; lastKnownFileType = folder.assetcatalog; path = Assets.xcassets; sourceTree = "<group>"; };
		4E3D87E91C0835380005DC36 /* Base */ = {isa = PBXFileReference; lastKnownFileType = file.storyboard; name = Base; path = Base.lproj/LaunchScreen.storyboard; sourceTree = "<group>"; };
		4E3D87EB1C0835380005DC36 /* Info.plist */ = {isa = PBXFileReference; lastKnownFileType = text.plist.xml; path = Info.plist; sourceTree = "<group>"; };
		4E3D87F01C0835380005DC36 /* TestUILabelTests.xctest */ = {isa = PBXFileReference; explicitFileType = wrapper.cfbundle; includeInIndex = 0; path = TestUILabelTests.xctest; sourceTree = BUILT_PRODUCTS_DIR; };
		4E3D87F41C0835380005DC36 /* TestUILabelTests.swift */ = {isa = PBXFileReference; lastKnownFileType = sourcecode.swift; path = TestUILabelTests.swift; sourceTree = "<group>"; };
		4E3D87F61C0835380005DC36 /* Info.plist */ = {isa = PBXFileReference; lastKnownFileType = text.plist.xml; path = Info.plist; sourceTree = "<group>"; };
		4E3D87FB1C0835380005DC36 /* TestUILabelUITests.xctest */ = {isa = PBXFileReference; explicitFileType = wrapper.cfbundle; includeInIndex = 0; path = TestUILabelUITests.xctest; sourceTree = BUILT_PRODUCTS_DIR; };
		4E3D87FF1C0835380005DC36 /* TestUILabelUITests.swift */ = {isa = PBXFileReference; lastKnownFileType = sourcecode.swift; path = TestUILabelUITests.swift; sourceTree = "<group>"; };
		4E3D88011C0835380005DC36 /* Info.plist */ = {isa = PBXFileReference; lastKnownFileType = text.plist.xml; path = Info.plist; sourceTree = "<group>"; };
/* End PBXFileReference section */

/* Begin PBXFrameworksBuildPhase section */
		4E3D87D91C0835380005DC36 /* Frameworks */ = {
			isa = PBXFrameworksBuildPhase;
			buildActionMask = 2147483647;
			files = (
			);
			runOnlyForDeploymentPostprocessing = 0;
		};
		4E3D87ED1C0835380005DC36 /* Frameworks */ = {
			isa = PBXFrameworksBuildPhase;
			buildActionMask = 2147483647;
			files = (
			);
			runOnlyForDeploymentPostprocessing = 0;
		};
		4E3D87F81C0835380005DC36 /* Frameworks */ = {
			isa = PBXFrameworksBuildPhase;
			buildActionMask = 2147483647;
			files = (
			);
			runOnlyForDeploymentPostprocessing = 0;
		};
/* End PBXFrameworksBuildPhase section */

/* Begin PBXGroup section */
		4E3D87D31C0835380005DC36 = {
			isa = PBXGroup;
			children = (
				4E3D87DE1C0835380005DC36 /* TestUILabel */,
				4E3D87F31C0835380005DC36 /* TestUILabelTests */,
				4E3D87FE1C0835380005DC36 /* TestUILabelUITests */,
				4E3D87DD1C0835380005DC36 /* Products */,
			);
			sourceTree = "<group>";
		};
		4E3D87DD1C0835380005DC36 /* Products */ = {
			isa = PBXGroup;
			children = (
				4E3D87DC1C0835380005DC36 /* TestUILabel.app */,
				4E3D87F01C0835380005DC36 /* TestUILabelTests.xctest */,
				4E3D87FB1C0835380005DC36 /* TestUILabelUITests.xctest */,
			);
			name = Products;
			sourceTree = "<group>";
		};
		4E3D87DE1C0835380005DC36 /* TestUILabel */ = {
			isa = PBXGroup;
			children = (
				4E3D87DF1C0835380005DC36 /* AppDelegate.swift */,
				4E3D87E11C0835380005DC36 /* ViewController.swift */,
				4E3D87E31C0835380005DC36 /* Main.storyboard */,
				4E3D87E61C0835380005DC36 /* Assets.xcassets */,
				4E3D87E81C0835380005DC36 /* LaunchScreen.storyboard */,
				4E3D87EB1C0835380005DC36 /* Info.plist */,
			);
			path = TestUILabel;
			sourceTree = "<group>";
		};
		4E3D87F31C0835380005DC36 /* TestUILabelTests */ = {
			isa = PBXGroup;
			children = (
				4E3D87F41C0835380005DC36 /* TestUILabelTests.swift */,
				4E3D87F61C0835380005DC36 /* Info.plist */,
			);
			path = TestUILabelTests;
			sourceTree = "<group>";
		};
		4E3D87FE1C0835380005DC36 /* TestUILabelUITests */ = {
			isa = PBXGroup;
			children = (
				4E3D87FF1C0835380005DC36 /* TestUILabelUITests.swift */,
				4E3D88011C0835380005DC36 /* Info.plist */,
			);
			path = TestUILabelUITests;
			sourceTree = "<group>";
		};
/* End PBXGroup section */

/* Begin PBXNativeTarget section */
		4E3D87DB1C0835380005DC36 /* TestUILabel */ = {
			isa = PBXNativeTarget;
			buildConfigurationList = 4E3D88041C0835380005DC36 /* Build configuration list for PBXNativeTarget "TestUILabel" */;
			buildPhases = (
				4E3D87D81C0835380005DC36 /* Sources */,
				4E3D87D91C0835380005DC36 /* Frameworks */,
				4E3D87DA1C0835380005DC36 /* Resources */,
			);
			buildRules = (
			);
			dependencies = (
			);
			name = TestUILabel;
			productName = TestUILabel;
			productReference = 4E3D87DC1C0835380005DC36 /* TestUILabel.app */;
			productType = "com.apple.product-type.application";
		};
		4E3D87EF1C0835380005DC36 /* TestUILabelTests */ = {
			isa = PBXNativeTarget;
			buildConfigurationList = 4E3D88071C0835380005DC36 /* Build configuration list for PBXNativeTarget "TestUILabelTests" */;
			buildPhases = (
				4E3D87EC1C0835380005DC36 /* Sources */,
				4E3D87ED1C0835380005DC36 /* Frameworks */,
				4E3D87EE1C0835380005DC36 /* Resources */,
			);
			buildRules = (
			);
			dependencies = (
				4E3D87F21C0835380005DC36 /* PBXTargetDependency */,
			);
			name = TestUILabelTests;
			productName = TestUILabelTests;
			productReference = 4E3D87F01C0835380005DC36 /* TestUILabelTests.xctest */;
			productType = "com.apple.product-type.bundle.unit-test";
		};
		4E3D87FA1C0835380005DC36 /* TestUILabelUITests */ = {
			isa = PBXNativeTarget;
			buildConfigurationList = 4E3D880A1C0835380005DC36 /* Build configuration list for PBXNativeTarget "TestUILabelUITests" */;
			buildPhases = (
				4E3D87F71C0835380005DC36 /* Sources */,
				4E3D87F81C0835380005DC36 /* Frameworks */,
				4E3D87F91C0835380005DC36 /* Resources */,
			);
			buildRules = (
			);
			dependencies = (
				4E3D87FD1C0835380005DC36 /* PBXTargetDependency */,
			);
			name = TestUILabelUITests;
			productName = TestUILabelUITests;
			productReference = 4E3D87FB1C0835380005DC36 /* TestUILabelUITests.xctest */;
			productType = "com.apple.product-type.bundle.ui-testing";
		};
/* End PBXNativeTarget section */

/* Begin PBXProject section */
		4E3D87D41C0835380005DC36 /* Project object */ = {
			isa = PBXProject;
			attributes = {
				LastSwiftUpdateCheck = 0710;
				LastUpgradeCheck = 0710;
				ORGANIZATIONNAME = apple;
				TargetAttributes = {
					4E3D87DB1C0835380005DC36 = {
						CreatedOnToolsVersion = 7.1.1;
					};
					4E3D87EF1C0835380005DC36 = {
						CreatedOnToolsVersion = 7.1.1;
						TestTargetID = 4E3D87DB1C0835380005DC36;
					};
					4E3D87FA1C0835380005DC36 = {
						CreatedOnToolsVersion = 7.1.1;
						TestTargetID = 4E3D87DB1C0835380005DC36;
					};
				};
			};
			buildConfigurationList = 4E3D87D71C0835380005DC36 /* Build configuration list for PBXProject "TestUILabel" */;
			compatibilityVersion = "Xcode 3.2";
			developmentRegion = English;
			hasScannedForEncodings = 0;
			knownRegions = (
				en,
				Base,
			);
			mainGroup = 4E3D87D31C0835380005DC36;
			productRefGroup = 4E3D87DD1C0835380005DC36 /* Products */;
			projectDirPath = "";
			projectRoot = "";
			targets = (
				4E3D87DB1C0835380005DC36 /* TestUILabel */,
				4E3D87EF1C0835380005DC36 /* TestUILabelTests */,
				4E3D87FA1C0835380005DC36 /* TestUILabelUITests */,
			);
		};
/* End PBXProject section */

/* Begin PBXResourcesBuildPhase section */
		4E3D87DA1C0835380005DC36 /* Resources */ = {
			isa = PBXResourcesBuildPhase;
			buildActionMask = 2147483647;
			files = (
				4E3D87EA1C0835380005DC36 /* LaunchScreen.storyboard in Resources */,
				4E3D87E71C0835380005DC36 /* Assets.xcassets in Resources */,
				4E3D87E51C0835380005DC36 /* Main.storyboard in Resources */,
			);
			runOnlyForDeploymentPostprocessing = 0;
		};
		4E3D87EE1C0835380005DC36 /* Resources */ = {
			isa = PBXResourcesBuildPhase;
			buildActionMask = 2147483647;
			files = (
			);
			runOnlyForDeploymentPostprocessing = 0;
		};
		4E3D87F91C0835380005DC36 /* Resources */ = {
			isa = PBXResourcesBuildPhase;
			buildActionMask = 2147483647;
			files = (
			);
			runOnlyForDeploymentPostprocessing = 0;
		};
/* End PBXResourcesBuildPhase section */

/* Begin PBXSourcesBuildPhase section */
		4E3D87D81C0835380005DC36 /* Sources */ = {
			isa = PBXSourcesBuildPhase;
			buildActionMask = 2147483647;
			files = (
				4E3D87E21C0835380005DC36 /* ViewController.swift in Sources */,
				4E3D87E01C0835380005DC36 /* AppDelegate.swift in Sources */,
			);
			runOnlyForDeploymentPostprocessing = 0;
		};
		4E3D87EC1C0835380005DC36 /* Sources */ = {
			isa = PBXSourcesBuildPhase;
			buildActionMask = 2147483647;
			files = (
				4E3D87F51C0835380005DC36 /* TestUILabelTests.swift in Sources */,
			);
			runOnlyForDeploymentPostprocessing = 0;
		};
		4E3D87F71C0835380005DC36 /* Sources */ = {
			isa = PBXSourcesBuildPhase;
			buildActionMask = 2147483647;
			files = (
				4E3D88001C0835380005DC36 /* TestUILabelUITests.swift in Sources */,
			);
			runOnlyForDeploymentPostprocessing = 0;
		};
/* End PBXSourcesBuildPhase section */

/* Begin PBXTargetDependency section */
		4E3D87F21C0835380005DC36 /* PBXTargetDependency */ = {
			isa = PBXTargetDependency;
			target = 4E3D87DB1C0835380005DC36 /* TestUILabel */;
			targetProxy = 4E3D87F11C0835380005DC36 /* PBXContainerItemProxy */;
		};
		4E3D87FD1C0835380005DC36 /* PBXTargetDependency */ = {
			isa = PBXTargetDependency;
			target = 4E3D87DB1C0835380005DC36 /* TestUILabel */;
			targetProxy = 4E3D87FC1C0835380005DC36 /* PBXContainerItemProxy */;
		};
/* End PBXTargetDependency section */

/* Begin PBXVariantGroup section */
		4E3D87E31C0835380005DC36 /* Main.storyboard */ = {
			isa = PBXVariantGroup;
			children = (
				4E3D87E41C0835380005DC36 /* Base */,
			);
			name = Main.storyboard;
			sourceTree = "<group>";
		};
		4E3D87E81C0835380005DC36 /* LaunchScreen.storyboard */ = {
			isa = PBXVariantGroup;
			children = (
				4E3D87E91C0835380005DC36 /* Base */,
			);
			name = LaunchScreen.storyboard;
			sourceTree = "<group>";
		};
/* End PBXVariantGroup section */

/* Begin XCBuildConfiguration section */
		4E3D88021C0835380005DC36 /* Debug */ = {
			isa = XCBuildConfiguration;
			buildSettings = {
				ALWAYS_SEARCH_USER_PATHS = NO;
				CLANG_CXX_LANGUAGE_STANDARD = "gnu++0x";
				CLANG_CXX_LIBRARY = "libc++";
				CLANG_ENABLE_MODULES = YES;
				CLANG_ENABLE_OBJC_ARC = YES;
				CLANG_WARN_BOOL_CONVERSION = YES;
				CLANG_WARN_CONSTANT_CONVERSION = YES;
				CLANG_WARN_DIRECT_OBJC_ISA_USAGE = YES_ERROR;
				CLANG_WARN_EMPTY_BODY = YES;
				CLANG_WARN_ENUM_CONVERSION = YES;
				CLANG_WARN_INT_CONVERSION = YES;
				CLANG_WARN_OBJC_ROOT_CLASS = YES_ERROR;
				CLANG_WARN_UNREACHABLE_CODE = YES;
				CLANG_WARN__DUPLICATE_METHOD_MATCH = YES;
				"CODE_SIGN_IDENTITY[sdk=iphoneos*]" = "iPhone Developer";
				COPY_PHASE_STRIP = NO;
				DEBUG_INFORMATION_FORMAT = dwarf;
				ENABLE_STRICT_OBJC_MSGSEND = YES;
				ENABLE_TESTABILITY = YES;
				GCC_C_LANGUAGE_STANDARD = gnu99;
				GCC_DYNAMIC_NO_PIC = NO;
				GCC_NO_COMMON_BLOCKS = YES;
				GCC_OPTIMIZATION_LEVEL = 0;
				GCC_PREPROCESSOR_DEFINITIONS = (
					"DEBUG=1",
					"$(inherited)",
				);
				GCC_WARN_64_TO_32_BIT_CONVERSION = YES;
				GCC_WARN_ABOUT_RETURN_TYPE = YES_ERROR;
				GCC_WARN_UNDECLARED_SELECTOR = YES;
				GCC_WARN_UNINITIALIZED_AUTOS = YES_AGGRESSIVE;
				GCC_WARN_UNUSED_FUNCTION = YES;
				GCC_WARN_UNUSED_VARIABLE = YES;
				IPHONEOS_DEPLOYMENT_TARGET = 9.1;
				MTL_ENABLE_DEBUG_INFO = YES;
				ONLY_ACTIVE_ARCH = YES;
				SDKROOT = iphoneos;
				SWIFT_OPTIMIZATION_LEVEL = "-Onone";
			};
			name = Debug;
		};
		4E3D88031C0835380005DC36 /* Release */ = {
			isa = XCBuildConfiguration;
			buildSettings = {
				ALWAYS_SEARCH_USER_PATHS = NO;
				CLANG_CXX_LANGUAGE_STANDARD = "gnu++0x";
				CLANG_CXX_LIBRARY = "libc++";
				CLANG_ENABLE_MODULES = YES;
				CLANG_ENABLE_OBJC_ARC = YES;
				CLANG_WARN_BOOL_CONVERSION = YES;
				CLANG_WARN_CONSTANT_CONVERSION = YES;
				CLANG_WARN_DIRECT_OBJC_ISA_USAGE = YES_ERROR;
				CLANG_WARN_EMPTY_BODY = YES;
				CLANG_WARN_ENUM_CONVERSION = YES;
				CLANG_WARN_INT_CONVERSION = YES;
				CLANG_WARN_OBJC_ROOT_CLASS = YES_ERROR;
				CLANG_WARN_UNREACHABLE_CODE = YES;
				CLANG_WARN__DUPLICATE_METHOD_MATCH = YES;
				"CODE_SIGN_IDENTITY[sdk=iphoneos*]" = "iPhone Developer";
				COPY_PHASE_STRIP = NO;
				DEBUG_INFORMATION_FORMAT = "dwarf-with-dsym";
				ENABLE_NS_ASSERTIONS = NO;
				ENABLE_STRICT_OBJC_MSGSEND = YES;
				GCC_C_LANGUAGE_STANDARD = gnu99;
				GCC_NO_COMMON_BLOCKS = YES;
				GCC_WARN_64_TO_32_BIT_CONVERSION = YES;
				GCC_WARN_ABOUT_RETURN_TYPE = YES_ERROR;
				GCC_WARN_UNDECLARED_SELECTOR = YES;
				GCC_WARN_UNINITIALIZED_AUTOS = YES_AGGRESSIVE;
				GCC_WARN_UNUSED_FUNCTION = YES;
				GCC_WARN_UNUSED_VARIABLE = YES;
				IPHONEOS_DEPLOYMENT_TARGET = 9.1;
				MTL_ENABLE_DEBUG_INFO = NO;
				SDKROOT = iphoneos;
				VALIDATE_PRODUCT = YES;
			};
			name = Release;
		};
		4E3D88051C0835380005DC36 /* Debug */ = {
			isa = XCBuildConfiguration;
			buildSettings = {
				ASSETCATALOG_COMPILER_APPICON_NAME = AppIcon;
				INFOPLIST_FILE = TestUILabel/Info.plist;
				LD_RUNPATH_SEARCH_PATHS = "$(inherited) @executable_path/Frameworks";
				PRODUCT_BUNDLE_IDENTIFIER = com.apple.TestUILabel;
				PRODUCT_NAME = "$(TARGET_NAME)";
			};
			name = Debug;
		};
		4E3D88061C0835380005DC36 /* Release */ = {
			isa = XCBuildConfiguration;
			buildSettings = {
				ASSETCATALOG_COMPILER_APPICON_NAME = AppIcon;
				INFOPLIST_FILE = TestUILabel/Info.plist;
				LD_RUNPATH_SEARCH_PATHS = "$(inherited) @executable_path/Frameworks";
				PRODUCT_BUNDLE_IDENTIFIER = com.apple.TestUILabel;
				PRODUCT_NAME = "$(TARGET_NAME)";
			};
			name = Release;
		};
		4E3D88081C0835380005DC36 /* Debug */ = {
			isa = XCBuildConfiguration;
			buildSettings = {
				BUNDLE_LOADER = "$(TEST_HOST)";
				INFOPLIST_FILE = TestUILabelTests/Info.plist;
				LD_RUNPATH_SEARCH_PATHS = "$(inherited) @executable_path/Frameworks @loader_path/Frameworks";
				PRODUCT_BUNDLE_IDENTIFIER = com.apple.TestUILabelTests;
				PRODUCT_NAME = "$(TARGET_NAME)";
				TEST_HOST = "$(BUILT_PRODUCTS_DIR)/TestUILabel.app/TestUILabel";
			};
			name = Debug;
		};
		4E3D88091C0835380005DC36 /* Release */ = {
			isa = XCBuildConfiguration;
			buildSettings = {
				BUNDLE_LOADER = "$(TEST_HOST)";
				INFOPLIST_FILE = TestUILabelTests/Info.plist;
				LD_RUNPATH_SEARCH_PATHS = "$(inherited) @executable_path/Frameworks @loader_path/Frameworks";
				PRODUCT_BUNDLE_IDENTIFIER = com.apple.TestUILabelTests;
				PRODUCT_NAME = "$(TARGET_NAME)";
				TEST_HOST = "$(BUILT_PRODUCTS_DIR)/TestUILabel.app/TestUILabel";
			};
			name = Release;
		};
		4E3D880B1C0835380005DC36 /* Debug */ = {
			isa = XCBuildConfiguration;
			buildSettings = {
				INFOPLIST_FILE = TestUILabelUITests/Info.plist;
				LD_RUNPATH_SEARCH_PATHS = "$(inherited) @executable_path/Frameworks @loader_path/Frameworks";
				PRODUCT_BUNDLE_IDENTIFIER = com.apple.TestUILabelUITests;
				PRODUCT_NAME = "$(TARGET_NAME)";
				TEST_TARGET_NAME = TestUILabel;
				USES_XCTRUNNER = YES;
			};
			name = Debug;
		};
		4E3D880C1C0835380005DC36 /* Release */ = {
			isa = XCBuildConfiguration;
			buildSettings = {
				INFOPLIST_FILE = TestUILabelUITests/Info.plist;
				LD_RUNPATH_SEARCH_PATHS = "$(inherited) @executable_path/Frameworks @loader_path/Frameworks";
				PRODUCT_BUNDLE_IDENTIFIER = com.apple.TestUILabelUITests;
				PRODUCT_NAME = "$(TARGET_NAME)";
				TEST_TARGET_NAME = TestUILabel;
				USES_XCTRUNNER = YES;
			};
			name = Release;
		};
/* End XCBuildConfiguration section */

/* Begin XCConfigurationList section */
		4E3D87D71C0835380005DC36 /* Build configuration list for PBXProject "TestUILabel" */ = {
			isa = XCConfigurationList;
			buildConfigurations = (
				4E3D88021C0835380005DC36 /* Debug */,
				4E3D88031C0835380005DC36 /* Release */,
			);
			defaultConfigurationIsVisible = 0;
			defaultConfigurationName = Release;
		};
		4E3D88041C0835380005DC36 /* Build configuration list for PBXNativeTarget "TestUILabel" */ = {
			isa = XCConfigurationList;
			buildConfigurations = (
				4E3D88051C0835380005DC36 /* Debug */,
				4E3D88061C0835380005DC36 /* Release */,
			);
			defaultConfigurationIsVisible = 0;
		};
		4E3D88071C0835380005DC36 /* Build configuration list for PBXNativeTarget "TestUILabelTests" */ = {
			isa = XCConfigurationList;
			buildConfigurations = (
				4E3D88081C0835380005DC36 /* Debug */,
				4E3D88091C0835380005DC36 /* Release */,
			);
			defaultConfigurationIsVisible = 0;
		};
		4E3D880A1C0835380005DC36 /* Build configuration list for PBXNativeTarget "TestUILabelUITests" */ = {
			isa = XCConfigurationList;
			buildConfigurations = (
				4E3D880B1C0835380005DC36 /* Debug */,
				4E3D880C1C0835380005DC36 /* Release */,
			);
			defaultConfigurationIsVisible = 0;
		};
/* End XCConfigurationList section */
	};
	rootObject = 4E3D87D41C0835380005DC36 /* Project object */;
}
