// !$*UTF8*$!
{
	archiveVersion = 1;
	classes = {
	};
	objectVersion = 46;
	objects = {

/* Begin PBXBuildFile section */
		4E82576D1C23E6CE006EDFF9 /* AppDelegate.swift in Sources */ = {isa = PBXBuildFile; fileRef = 4E82576C1C23E6CE006EDFF9 /* AppDelegate.swift */; };
		4E82576F1C23E6CE006EDFF9 /* ViewController.swift in Sources */ = {isa = PBXBuildFile; fileRef = 4E82576E1C23E6CE006EDFF9 /* ViewController.swift */; };
		4E8257721C23E6CE006EDFF9 /* Main.storyboard in Resources */ = {isa = PBXBuildFile; fileRef = 4E8257701C23E6CE006EDFF9 /* Main.storyboard */; };
		4E8257741C23E6CE006EDFF9 /* Assets.xcassets in Resources */ = {isa = PBXBuildFile; fileRef = 4E8257731C23E6CE006EDFF9 /* Assets.xcassets */; };
		4E8257771C23E6CE006EDFF9 /* LaunchScreen.storyboard in Resources */ = {isa = PBXBuildFile; fileRef = 4E8257751C23E6CE006EDFF9 /* LaunchScreen.storyboard */; };
		4E8257821C23E6CE006EDFF9 /* TestRotateGestureTests.swift in Sources */ = {isa = PBXBuildFile; fileRef = 4E8257811C23E6CE006EDFF9 /* TestRotateGestureTests.swift */; };
		4E82578D1C23E6CE006EDFF9 /* TestRotateGestureUITests.swift in Sources */ = {isa = PBXBuildFile; fileRef = 4E82578C1C23E6CE006EDFF9 /* TestRotateGestureUITests.swift */; };
/* End PBXBuildFile section */

/* Begin PBXContainerItemProxy section */
		4E82577E1C23E6CE006EDFF9 /* PBXContainerItemProxy */ = {
			isa = PBXContainerItemProxy;
			containerPortal = 4E8257611C23E6CE006EDFF9 /* Project object */;
			proxyType = 1;
			remoteGlobalIDString = 4E8257681C23E6CE006EDFF9;
			remoteInfo = TestRotateGesture;
		};
		4E8257891C23E6CE006EDFF9 /* PBXContainerItemProxy */ = {
			isa = PBXContainerItemProxy;
			containerPortal = 4E8257611C23E6CE006EDFF9 /* Project object */;
			proxyType = 1;
			remoteGlobalIDString = 4E8257681C23E6CE006EDFF9;
			remoteInfo = TestRotateGesture;
		};
/* End PBXContainerItemProxy section */

/* Begin PBXFileReference section */
		4E8257691C23E6CE006EDFF9 /* TestRotateGesture.app */ = {isa = PBXFileReference; explicitFileType = wrapper.application; includeInIndex = 0; path = TestRotateGesture.app; sourceTree = BUILT_PRODUCTS_DIR; };
		4E82576C1C23E6CE006EDFF9 /* AppDelegate.swift */ = {isa = PBXFileReference; lastKnownFileType = sourcecode.swift; path = AppDelegate.swift; sourceTree = "<group>"; };
		4E82576E1C23E6CE006EDFF9 /* ViewController.swift */ = {isa = PBXFileReference; lastKnownFileType = sourcecode.swift; path = ViewController.swift; sourceTree = "<group>"; };
		4E8257711C23E6CE006EDFF9 /* Base */ = {isa = PBXFileReference; lastKnownFileType = file.storyboard; name = Base; path = Base.lproj/Main.storyboard; sourceTree = "<group>"; };
		4E8257731C23E6CE006EDFF9 /* Assets.xcassets */ = {isa = PBXFileReference; lastKnownFileType = folder.assetcatalog; path = Assets.xcassets; sourceTree = "<group>"; };
		4E8257761C23E6CE006EDFF9 /* Base */ = {isa = PBXFileReference; lastKnownFileType = file.storyboard; name = Base; path = Base.lproj/LaunchScreen.storyboard; sourceTree = "<group>"; };
		4E8257781C23E6CE006EDFF9 /* Info.plist */ = {isa = PBXFileReference; lastKnownFileType = text.plist.xml; path = Info.plist; sourceTree = "<group>"; };
		4E82577D1C23E6CE006EDFF9 /* TestRotateGestureTests.xctest */ = {isa = PBXFileReference; explicitFileType = wrapper.cfbundle; includeInIndex = 0; path = TestRotateGestureTests.xctest; sourceTree = BUILT_PRODUCTS_DIR; };
		4E8257811C23E6CE006EDFF9 /* TestRotateGestureTests.swift */ = {isa = PBXFileReference; lastKnownFileType = sourcecode.swift; path = TestRotateGestureTests.swift; sourceTree = "<group>"; };
		4E8257831C23E6CE006EDFF9 /* Info.plist */ = {isa = PBXFileReference; lastKnownFileType = text.plist.xml; path = Info.plist; sourceTree = "<group>"; };
		4E8257881C23E6CE006EDFF9 /* TestRotateGestureUITests.xctest */ = {isa = PBXFileReference; explicitFileType = wrapper.cfbundle; includeInIndex = 0; path = TestRotateGestureUITests.xctest; sourceTree = BUILT_PRODUCTS_DIR; };
		4E82578C1C23E6CE006EDFF9 /* TestRotateGestureUITests.swift */ = {isa = PBXFileReference; lastKnownFileType = sourcecode.swift; path = TestRotateGestureUITests.swift; sourceTree = "<group>"; };
		4E82578E1C23E6CE006EDFF9 /* Info.plist */ = {isa = PBXFileReference; lastKnownFileType = text.plist.xml; path = Info.plist; sourceTree = "<group>"; };
/* End PBXFileReference section */

/* Begin PBXFrameworksBuildPhase section */
		4E8257661C23E6CE006EDFF9 /* Frameworks */ = {
			isa = PBXFrameworksBuildPhase;
			buildActionMask = 2147483647;
			files = (
			);
			runOnlyForDeploymentPostprocessing = 0;
		};
		4E82577A1C23E6CE006EDFF9 /* Frameworks */ = {
			isa = PBXFrameworksBuildPhase;
			buildActionMask = 2147483647;
			files = (
			);
			runOnlyForDeploymentPostprocessing = 0;
		};
		4E8257851C23E6CE006EDFF9 /* Frameworks */ = {
			isa = PBXFrameworksBuildPhase;
			buildActionMask = 2147483647;
			files = (
			);
			runOnlyForDeploymentPostprocessing = 0;
		};
/* End PBXFrameworksBuildPhase section */

/* Begin PBXGroup section */
		4E8257601C23E6CE006EDFF9 = {
			isa = PBXGroup;
			children = (
				4E82576B1C23E6CE006EDFF9 /* TestRotateGesture */,
				4E8257801C23E6CE006EDFF9 /* TestRotateGestureTests */,
				4E82578B1C23E6CE006EDFF9 /* TestRotateGestureUITests */,
				4E82576A1C23E6CE006EDFF9 /* Products */,
			);
			sourceTree = "<group>";
		};
		4E82576A1C23E6CE006EDFF9 /* Products */ = {
			isa = PBXGroup;
			children = (
				4E8257691C23E6CE006EDFF9 /* TestRotateGesture.app */,
				4E82577D1C23E6CE006EDFF9 /* TestRotateGestureTests.xctest */,
				4E8257881C23E6CE006EDFF9 /* TestRotateGestureUITests.xctest */,
			);
			name = Products;
			sourceTree = "<group>";
		};
		4E82576B1C23E6CE006EDFF9 /* TestRotateGesture */ = {
			isa = PBXGroup;
			children = (
				4E82576C1C23E6CE006EDFF9 /* AppDelegate.swift */,
				4E82576E1C23E6CE006EDFF9 /* ViewController.swift */,
				4E8257701C23E6CE006EDFF9 /* Main.storyboard */,
				4E8257731C23E6CE006EDFF9 /* Assets.xcassets */,
				4E8257751C23E6CE006EDFF9 /* LaunchScreen.storyboard */,
				4E8257781C23E6CE006EDFF9 /* Info.plist */,
			);
			path = TestRotateGesture;
			sourceTree = "<group>";
		};
		4E8257801C23E6CE006EDFF9 /* TestRotateGestureTests */ = {
			isa = PBXGroup;
			children = (
				4E8257811C23E6CE006EDFF9 /* TestRotateGestureTests.swift */,
				4E8257831C23E6CE006EDFF9 /* Info.plist */,
			);
			path = TestRotateGestureTests;
			sourceTree = "<group>";
		};
		4E82578B1C23E6CE006EDFF9 /* TestRotateGestureUITests */ = {
			isa = PBXGroup;
			children = (
				4E82578C1C23E6CE006EDFF9 /* TestRotateGestureUITests.swift */,
				4E82578E1C23E6CE006EDFF9 /* Info.plist */,
			);
			path = TestRotateGestureUITests;
			sourceTree = "<group>";
		};
/* End PBXGroup section */

/* Begin PBXNativeTarget section */
		4E8257681C23E6CE006EDFF9 /* TestRotateGesture */ = {
			isa = PBXNativeTarget;
			buildConfigurationList = 4E8257911C23E6CE006EDFF9 /* Build configuration list for PBXNativeTarget "TestRotateGesture" */;
			buildPhases = (
				4E8257651C23E6CE006EDFF9 /* Sources */,
				4E8257661C23E6CE006EDFF9 /* Frameworks */,
				4E8257671C23E6CE006EDFF9 /* Resources */,
			);
			buildRules = (
			);
			dependencies = (
			);
			name = TestRotateGesture;
			productName = TestRotateGesture;
			productReference = 4E8257691C23E6CE006EDFF9 /* TestRotateGesture.app */;
			productType = "com.apple.product-type.application";
		};
		4E82577C1C23E6CE006EDFF9 /* TestRotateGestureTests */ = {
			isa = PBXNativeTarget;
			buildConfigurationList = 4E8257941C23E6CE006EDFF9 /* Build configuration list for PBXNativeTarget "TestRotateGestureTests" */;
			buildPhases = (
				4E8257791C23E6CE006EDFF9 /* Sources */,
				4E82577A1C23E6CE006EDFF9 /* Frameworks */,
				4E82577B1C23E6CE006EDFF9 /* Resources */,
			);
			buildRules = (
			);
			dependencies = (
				4E82577F1C23E6CE006EDFF9 /* PBXTargetDependency */,
			);
			name = TestRotateGestureTests;
			productName = TestRotateGestureTests;
			productReference = 4E82577D1C23E6CE006EDFF9 /* TestRotateGestureTests.xctest */;
			productType = "com.apple.product-type.bundle.unit-test";
		};
		4E8257871C23E6CE006EDFF9 /* TestRotateGestureUITests */ = {
			isa = PBXNativeTarget;
			buildConfigurationList = 4E8257971C23E6CE006EDFF9 /* Build configuration list for PBXNativeTarget "TestRotateGestureUITests" */;
			buildPhases = (
				4E8257841C23E6CE006EDFF9 /* Sources */,
				4E8257851C23E6CE006EDFF9 /* Frameworks */,
				4E8257861C23E6CE006EDFF9 /* Resources */,
			);
			buildRules = (
			);
			dependencies = (
				4E82578A1C23E6CE006EDFF9 /* PBXTargetDependency */,
			);
			name = TestRotateGestureUITests;
			productName = TestRotateGestureUITests;
			productReference = 4E8257881C23E6CE006EDFF9 /* TestRotateGestureUITests.xctest */;
			productType = "com.apple.product-type.bundle.ui-testing";
		};
/* End PBXNativeTarget section */

/* Begin PBXProject section */
		4E8257611C23E6CE006EDFF9 /* Project object */ = {
			isa = PBXProject;
			attributes = {
				LastSwiftUpdateCheck = 0720;
				LastUpgradeCheck = 0720;
				ORGANIZATIONNAME = apple;
				TargetAttributes = {
					4E8257681C23E6CE006EDFF9 = {
						CreatedOnToolsVersion = 7.2;
					};
					4E82577C1C23E6CE006EDFF9 = {
						CreatedOnToolsVersion = 7.2;
						TestTargetID = 4E8257681C23E6CE006EDFF9;
					};
					4E8257871C23E6CE006EDFF9 = {
						CreatedOnToolsVersion = 7.2;
						TestTargetID = 4E8257681C23E6CE006EDFF9;
					};
				};
			};
			buildConfigurationList = 4E8257641C23E6CE006EDFF9 /* Build configuration list for PBXProject "TestRotateGesture" */;
			compatibilityVersion = "Xcode 3.2";
			developmentRegion = English;
			hasScannedForEncodings = 0;
			knownRegions = (
				en,
				Base,
			);
			mainGroup = 4E8257601C23E6CE006EDFF9;
			productRefGroup = 4E82576A1C23E6CE006EDFF9 /* Products */;
			projectDirPath = "";
			projectRoot = "";
			targets = (
				4E8257681C23E6CE006EDFF9 /* TestRotateGesture */,
				4E82577C1C23E6CE006EDFF9 /* TestRotateGestureTests */,
				4E8257871C23E6CE006EDFF9 /* TestRotateGestureUITests */,
			);
		};
/* End PBXProject section */

/* Begin PBXResourcesBuildPhase section */
		4E8257671C23E6CE006EDFF9 /* Resources */ = {
			isa = PBXResourcesBuildPhase;
			buildActionMask = 2147483647;
			files = (
				4E8257771C23E6CE006EDFF9 /* LaunchScreen.storyboard in Resources */,
				4E8257741C23E6CE006EDFF9 /* Assets.xcassets in Resources */,
				4E8257721C23E6CE006EDFF9 /* Main.storyboard in Resources */,
			);
			runOnlyForDeploymentPostprocessing = 0;
		};
		4E82577B1C23E6CE006EDFF9 /* Resources */ = {
			isa = PBXResourcesBuildPhase;
			buildActionMask = 2147483647;
			files = (
			);
			runOnlyForDeploymentPostprocessing = 0;
		};
		4E8257861C23E6CE006EDFF9 /* Resources */ = {
			isa = PBXResourcesBuildPhase;
			buildActionMask = 2147483647;
			files = (
			);
			runOnlyForDeploymentPostprocessing = 0;
		};
/* End PBXResourcesBuildPhase section */

/* Begin PBXSourcesBuildPhase section */
		4E8257651C23E6CE006EDFF9 /* Sources */ = {
			isa = PBXSourcesBuildPhase;
			buildActionMask = 2147483647;
			files = (
				4E82576F1C23E6CE006EDFF9 /* ViewController.swift in Sources */,
				4E82576D1C23E6CE006EDFF9 /* AppDelegate.swift in Sources */,
			);
			runOnlyForDeploymentPostprocessing = 0;
		};
		4E8257791C23E6CE006EDFF9 /* Sources */ = {
			isa = PBXSourcesBuildPhase;
			buildActionMask = 2147483647;
			files = (
				4E8257821C23E6CE006EDFF9 /* TestRotateGestureTests.swift in Sources */,
			);
			runOnlyForDeploymentPostprocessing = 0;
		};
		4E8257841C23E6CE006EDFF9 /* Sources */ = {
			isa = PBXSourcesBuildPhase;
			buildActionMask = 2147483647;
			files = (
				4E82578D1C23E6CE006EDFF9 /* TestRotateGestureUITests.swift in Sources */,
			);
			runOnlyForDeploymentPostprocessing = 0;
		};
/* End PBXSourcesBuildPhase section */

/* Begin PBXTargetDependency section */
		4E82577F1C23E6CE006EDFF9 /* PBXTargetDependency */ = {
			isa = PBXTargetDependency;
			target = 4E8257681C23E6CE006EDFF9 /* TestRotateGesture */;
			targetProxy = 4E82577E1C23E6CE006EDFF9 /* PBXContainerItemProxy */;
		};
		4E82578A1C23E6CE006EDFF9 /* PBXTargetDependency */ = {
			isa = PBXTargetDependency;
			target = 4E8257681C23E6CE006EDFF9 /* TestRotateGesture */;
			targetProxy = 4E8257891C23E6CE006EDFF9 /* PBXContainerItemProxy */;
		};
/* End PBXTargetDependency section */

/* Begin PBXVariantGroup section */
		4E8257701C23E6CE006EDFF9 /* Main.storyboard */ = {
			isa = PBXVariantGroup;
			children = (
				4E8257711C23E6CE006EDFF9 /* Base */,
			);
			name = Main.storyboard;
			sourceTree = "<group>";
		};
		4E8257751C23E6CE006EDFF9 /* LaunchScreen.storyboard */ = {
			isa = PBXVariantGroup;
			children = (
				4E8257761C23E6CE006EDFF9 /* Base */,
			);
			name = LaunchScreen.storyboard;
			sourceTree = "<group>";
		};
/* End PBXVariantGroup section */

/* Begin XCBuildConfiguration section */
		4E82578F1C23E6CE006EDFF9 /* Debug */ = {
			isa = XCBuildConfiguration;
			buildSettings = {
				ALWAYS_SEARCH_USER_PATHS = NO;
				CLANG_CXX_LANGUAGE_STANDARD = "gnu++0x";
				CLANG_CXX_LIBRARY = "libc++";
				CLANG_ENABLE_MODULES = YES;
				CLANG_ENABLE_OBJC_ARC = YES;
				CLANG_WARN_BOOL_CONVERSION = YES;
				CLANG_WARN_CONSTANT_CONVERSION = YES;
				CLANG_WARN_DIRECT_OBJC_ISA_USAGE = YES_ERROR;
				CLANG_WARN_EMPTY_BODY = YES;
				CLANG_WARN_ENUM_CONVERSION = YES;
				CLANG_WARN_INT_CONVERSION = YES;
				CLANG_WARN_OBJC_ROOT_CLASS = YES_ERROR;
				CLANG_WARN_UNREACHABLE_CODE = YES;
				CLANG_WARN__DUPLICATE_METHOD_MATCH = YES;
				"CODE_SIGN_IDENTITY[sdk=iphoneos*]" = "iPhone Developer";
				COPY_PHASE_STRIP = NO;
				DEBUG_INFORMATION_FORMAT = dwarf;
				ENABLE_STRICT_OBJC_MSGSEND = YES;
				ENABLE_TESTABILITY = YES;
				GCC_C_LANGUAGE_STANDARD = gnu99;
				GCC_DYNAMIC_NO_PIC = NO;
				GCC_NO_COMMON_BLOCKS = YES;
				GCC_OPTIMIZATION_LEVEL = 0;
				GCC_PREPROCESSOR_DEFINITIONS = (
					"DEBUG=1",
					"$(inherited)",
				);
				GCC_WARN_64_TO_32_BIT_CONVERSION = YES;
				GCC_WARN_ABOUT_RETURN_TYPE = YES_ERROR;
				GCC_WARN_UNDECLARED_SELECTOR = YES;
				GCC_WARN_UNINITIALIZED_AUTOS = YES_AGGRESSIVE;
				GCC_WARN_UNUSED_FUNCTION = YES;
				GCC_WARN_UNUSED_VARIABLE = YES;
				IPHONEOS_DEPLOYMENT_TARGET = 9.2;
				MTL_ENABLE_DEBUG_INFO = YES;
				ONLY_ACTIVE_ARCH = YES;
				SDKROOT = iphoneos;
				SWIFT_OPTIMIZATION_LEVEL = "-Onone";
			};
			name = Debug;
		};
		4E8257901C23E6CE006EDFF9 /* Release */ = {
			isa = XCBuildConfiguration;
			buildSettings = {
				ALWAYS_SEARCH_USER_PATHS = NO;
				CLANG_CXX_LANGUAGE_STANDARD = "gnu++0x";
				CLANG_CXX_LIBRARY = "libc++";
				CLANG_ENABLE_MODULES = YES;
				CLANG_ENABLE_OBJC_ARC = YES;
				CLANG_WARN_BOOL_CONVERSION = YES;
				CLANG_WARN_CONSTANT_CONVERSION = YES;
				CLANG_WARN_DIRECT_OBJC_ISA_USAGE = YES_ERROR;
				CLANG_WARN_EMPTY_BODY = YES;
				CLANG_WARN_ENUM_CONVERSION = YES;
				CLANG_WARN_INT_CONVERSION = YES;
				CLANG_WARN_OBJC_ROOT_CLASS = YES_ERROR;
				CLANG_WARN_UNREACHABLE_CODE = YES;
				CLANG_WARN__DUPLICATE_METHOD_MATCH = YES;
				"CODE_SIGN_IDENTITY[sdk=iphoneos*]" = "iPhone Developer";
				COPY_PHASE_STRIP = NO;
				DEBUG_INFORMATION_FORMAT = "dwarf-with-dsym";
				ENABLE_NS_ASSERTIONS = NO;
				ENABLE_STRICT_OBJC_MSGSEND = YES;
				GCC_C_LANGUAGE_STANDARD = gnu99;
				GCC_NO_COMMON_BLOCKS = YES;
				GCC_WARN_64_TO_32_BIT_CONVERSION = YES;
				GCC_WARN_ABOUT_RETURN_TYPE = YES_ERROR;
				GCC_WARN_UNDECLARED_SELECTOR = YES;
				GCC_WARN_UNINITIALIZED_AUTOS = YES_AGGRESSIVE;
				GCC_WARN_UNUSED_FUNCTION = YES;
				GCC_WARN_UNUSED_VARIABLE = YES;
				IPHONEOS_DEPLOYMENT_TARGET = 9.2;
				MTL_ENABLE_DEBUG_INFO = NO;
				SDKROOT = iphoneos;
				VALIDATE_PRODUCT = YES;
			};
			name = Release;
		};
		4E8257921C23E6CE006EDFF9 /* Debug */ = {
			isa = XCBuildConfiguration;
			buildSettings = {
				ASSETCATALOG_COMPILER_APPICON_NAME = AppIcon;
				INFOPLIST_FILE = TestRotateGesture/Info.plist;
				LD_RUNPATH_SEARCH_PATHS = "$(inherited) @executable_path/Frameworks";
				PRODUCT_BUNDLE_IDENTIFIER = com.apple.TestRotateGesture;
				PRODUCT_NAME = "$(TARGET_NAME)";
			};
			name = Debug;
		};
		4E8257931C23E6CE006EDFF9 /* Release */ = {
			isa = XCBuildConfiguration;
			buildSettings = {
				ASSETCATALOG_COMPILER_APPICON_NAME = AppIcon;
				INFOPLIST_FILE = TestRotateGesture/Info.plist;
				LD_RUNPATH_SEARCH_PATHS = "$(inherited) @executable_path/Frameworks";
				PRODUCT_BUNDLE_IDENTIFIER = com.apple.TestRotateGesture;
				PRODUCT_NAME = "$(TARGET_NAME)";
			};
			name = Release;
		};
		4E8257951C23E6CE006EDFF9 /* Debug */ = {
			isa = XCBuildConfiguration;
			buildSettings = {
				BUNDLE_LOADER = "$(TEST_HOST)";
				INFOPLIST_FILE = TestRotateGestureTests/Info.plist;
				LD_RUNPATH_SEARCH_PATHS = "$(inherited) @executable_path/Frameworks @loader_path/Frameworks";
				PRODUCT_BUNDLE_IDENTIFIER = com.apple.TestRotateGestureTests;
				PRODUCT_NAME = "$(TARGET_NAME)";
				TEST_HOST = "$(BUILT_PRODUCTS_DIR)/TestRotateGesture.app/TestRotateGesture";
			};
			name = Debug;
		};
		4E8257961C23E6CE006EDFF9 /* Release */ = {
			isa = XCBuildConfiguration;
			buildSettings = {
				BUNDLE_LOADER = "$(TEST_HOST)";
				INFOPLIST_FILE = TestRotateGestureTests/Info.plist;
				LD_RUNPATH_SEARCH_PATHS = "$(inherited) @executable_path/Frameworks @loader_path/Frameworks";
				PRODUCT_BUNDLE_IDENTIFIER = com.apple.TestRotateGestureTests;
				PRODUCT_NAME = "$(TARGET_NAME)";
				TEST_HOST = "$(BUILT_PRODUCTS_DIR)/TestRotateGesture.app/TestRotateGesture";
			};
			name = Release;
		};
		4E8257981C23E6CE006EDFF9 /* Debug */ = {
			isa = XCBuildConfiguration;
			buildSettings = {
				INFOPLIST_FILE = TestRotateGestureUITests/Info.plist;
				LD_RUNPATH_SEARCH_PATHS = "$(inherited) @executable_path/Frameworks @loader_path/Frameworks";
				PRODUCT_BUNDLE_IDENTIFIER = com.apple.TestRotateGestureUITests;
				PRODUCT_NAME = "$(TARGET_NAME)";
				TEST_TARGET_NAME = TestRotateGesture;
				USES_XCTRUNNER = YES;
			};
			name = Debug;
		};
		4E8257991C23E6CE006EDFF9 /* Release */ = {
			isa = XCBuildConfiguration;
			buildSettings = {
				INFOPLIST_FILE = TestRotateGestureUITests/Info.plist;
				LD_RUNPATH_SEARCH_PATHS = "$(inherited) @executable_path/Frameworks @loader_path/Frameworks";
				PRODUCT_BUNDLE_IDENTIFIER = com.apple.TestRotateGestureUITests;
				PRODUCT_NAME = "$(TARGET_NAME)";
				TEST_TARGET_NAME = TestRotateGesture;
				USES_XCTRUNNER = YES;
			};
			name = Release;
		};
/* End XCBuildConfiguration section */

/* Begin XCConfigurationList section */
		4E8257641C23E6CE006EDFF9 /* Build configuration list for PBXProject "TestRotateGesture" */ = {
			isa = XCConfigurationList;
			buildConfigurations = (
				4E82578F1C23E6CE006EDFF9 /* Debug */,
				4E8257901C23E6CE006EDFF9 /* Release */,
			);
			defaultConfigurationIsVisible = 0;
			defaultConfigurationName = Release;
		};
		4E8257911C23E6CE006EDFF9 /* Build configuration list for PBXNativeTarget "TestRotateGesture" */ = {
			isa = XCConfigurationList;
			buildConfigurations = (
				4E8257921C23E6CE006EDFF9 /* Debug */,
				4E8257931C23E6CE006EDFF9 /* Release */,
			);
			defaultConfigurationIsVisible = 0;
		};
		4E8257941C23E6CE006EDFF9 /* Build configuration list for PBXNativeTarget "TestRotateGestureTests" */ = {
			isa = XCConfigurationList;
			buildConfigurations = (
				4E8257951C23E6CE006EDFF9 /* Debug */,
				4E8257961C23E6CE006EDFF9 /* Release */,
			);
			defaultConfigurationIsVisible = 0;
		};
		4E8257971C23E6CE006EDFF9 /* Build configuration list for PBXNativeTarget "TestRotateGestureUITests" */ = {
			isa = XCConfigurationList;
			buildConfigurations = (
				4E8257981C23E6CE006EDFF9 /* Debug */,
				4E8257991C23E6CE006EDFF9 /* Release */,
			);
			defaultConfigurationIsVisible = 0;
		};
/* End XCConfigurationList section */
	};
	rootObject = 4E8257611C23E6CE006EDFF9 /* Project object */;
}
